<?xml version="1.0" encoding="utf-8"?>
<Project ToolsVersion="4.0" xmlns="http://schemas.microsoft.com/developer/msbuild/2003">
  <ItemGroup>
    <Filter Include="Source Files">
      <UniqueIdentifier>{4FC737F1-C7A5-4376-A066-2A32D752A2FF}</UniqueIdentifier>
      <Extensions>cpp;c;cc;cxx;def;odl;idl;hpj;bat;asm;asmx</Extensions>
    </Filter>
    <Filter Include="Header Files">
      <UniqueIdentifier>{93995380-89BD-4b04-88EB-625FBE52EBFB}</UniqueIdentifier>
      <Extensions>h;hh;hpp;hxx;hm;inl;inc;xsd</Extensions>
    </Filter>
    <Filter Include="Resource Files">
      <UniqueIdentifier>{67DA6AB6-F800-4c08-8B7A-83BB121AAD01}</UniqueIdentifier>
      <Extensions>rc;ico;cur;bmp;dlg;rc2;rct;bin;rgs;gif;jpg;jpeg;jpe;resx;tiff;tif;png;wav;mfcribbon-ms</Extensions>
    </Filter>
    <Filter Include="Form Files">
      <UniqueIdentifier>{99349809-55BA-4b9d-BF79-8FDBB0286EB3}</UniqueIdentifier>
      <Extensions>ui</Extensions>
    </Filter>
    <Filter Include="Resource Files">
      <UniqueIdentifier>{D9D6E242-F8AF-46E4-B9FD-80ECBC20BA3E}</UniqueIdentifier>
      <Extensions>qrc;*</Extensions>
      <ParseFiles>false</ParseFiles>
    </Filter>
  </ItemGroup>
  <ItemGroup>
    <ClCompile Include="src\Database\Database.cpp">
      <Filter>Source Files</Filter>
    </ClCompile>
    <ClCompile Include="src\Database\DbAmbList.cpp">
      <Filter>Source Files</Filter>
    </ClCompile>
    <ClCompile Include="src\Database\DbDoctor.cpp">
      <Filter>Source Files</Filter>
    </ClCompile>
    <ClCompile Include="src\Database\DbInvoice.cpp">
      <Filter>Source Files</Filter>
    </ClCompile>
    <ClCompile Include="src\Database\DbBrowser.cpp">
      <Filter>Source Files</Filter>
    </ClCompile>
    <ClCompile Include="src\Database\DbNotes.cpp">
      <Filter>Source Files</Filter>
    </ClCompile>
    <ClCompile Include="src\Database\DbPatient.cpp">
      <Filter>Source Files</Filter>
    </ClCompile>
    <ClCompile Include="src\Database\DbPatientSummary.cpp">
      <Filter>Source Files</Filter>
    </ClCompile>
    <ClCompile Include="src\Database\DbPerio.cpp">
      <Filter>Source Files</Filter>
    </ClCompile>
    <ClCompile Include="src\Database\DbPractice.cpp">
      <Filter>Source Files</Filter>
    </ClCompile>
    <ClCompile Include="src\Database\DbProcedure.cpp">
      <Filter>Source Files</Filter>
    </ClCompile>
    <ClCompile Include="src\Model\Dental\Diagnosis.cpp">
      <Filter>Source Files</Filter>
    </ClCompile>
    <ClCompile Include="src\Model\Dental\MKB.cpp">
      <Filter>Source Files</Filter>
    </ClCompile>
    <ClCompile Include="src\Model\Dental\NhifProcedures.cpp">
      <Filter>Source Files</Filter>
    </ClCompile>
    <ClCompile Include="src\Model\Dental\NhifSheetData.cpp">
      <Filter>Source Files</Filter>
    </ClCompile>
    <ClCompile Include="src\Model\Dental\PackageCounter.cpp">
      <Filter>Source Files</Filter>
    </ClCompile>
    <ClCompile Include="src\Model\Dental\PerioStatistic.cpp">
      <Filter>Source Files</Filter>
    </ClCompile>
    <ClCompile Include="src\Model\Dental\PerioToothData.cpp">
      <Filter>Source Files</Filter>
    </ClCompile>
    <ClCompile Include="src\Model\Dental\Procedure.cpp">
      <Filter>Source Files</Filter>
    </ClCompile>
    <ClCompile Include="src\Model\Dental\ProcedureContainer.cpp">
      <Filter>Source Files</Filter>
    </ClCompile>
    <ClCompile Include="src\Model\Dental\TimeFrame.cpp">
      <Filter>Source Files</Filter>
    </ClCompile>
    <ClCompile Include="src\Model\Dental\Tooth.cpp">
      <Filter>Source Files</Filter>
    </ClCompile>
    <ClCompile Include="src\Model\Dental\ToothContainer.cpp">
      <Filter>Source Files</Filter>
    </ClCompile>
    <ClCompile Include="src\Model\Dental\ToothUtils.cpp">
      <Filter>Source Files</Filter>
    </ClCompile>
    <ClCompile Include="src\Model\Financial\BusinessOperation.cpp">
      <Filter>Source Files</Filter>
    </ClCompile>
    <ClCompile Include="src\Model\Financial\Invoice.cpp">
      <Filter>Source Files</Filter>
    </ClCompile>
    <ClCompile Include="src\Model\Financial\Issuer.cpp">
      <Filter>Source Files</Filter>
    </ClCompile>
    <ClCompile Include="src\Model\Financial\NhifInvoiceData.cpp">
      <Filter>Source Files</Filter>
    </ClCompile>
    <ClCompile Include="src\Model\Financial\Recipient.cpp">
      <Filter>Source Files</Filter>
    </ClCompile>
    <ClCompile Include="src\Model\Validators\AmbListValidator.cpp">
      <Filter>Source Files</Filter>
    </ClCompile>
    <ClCompile Include="src\Model\Validators\BulstatValidator.cpp">
      <Filter>Source Files</Filter>
    </ClCompile>
    <ClCompile Include="src\Model\Validators\CommonValidators.cpp">
      <Filter>Source Files</Filter>
    </ClCompile>
    <ClCompile Include="src\Model\Validators\DateValidator.cpp">
      <Filter>Source Files</Filter>
    </ClCompile>
    <ClCompile Include="src\Model\Validators\LpkValidator.cpp">
      <Filter>Source Files</Filter>
    </ClCompile>
    <ClCompile Include="src\Model\Validators\NameValidator.cpp">
      <Filter>Source Files</Filter>
    </ClCompile>
    <ClCompile Include="src\Model\Validators\NzokContractValidator.cpp">
      <Filter>Source Files</Filter>
    </ClCompile>
    <ClCompile Include="src\Model\Validators\PatientValidators.cpp">
      <Filter>Source Files</Filter>
    </ClCompile>
    <ClCompile Include="src\Model\Validators\ProcedureDateValidator.cpp">
      <Filter>Source Files</Filter>
    </ClCompile>
    <ClCompile Include="src\Model\Validators\ProcedureValidators.cpp">
      <Filter>Source Files</Filter>
    </ClCompile>
    <ClCompile Include="src\Model\Validators\RziValidator.cpp">
      <Filter>Source Files</Filter>
    </ClCompile>
    <ClCompile Include="src\Model\Date.cpp">
      <Filter>Source Files</Filter>
    </ClCompile>
    <ClCompile Include="src\Model\Ekatte.cpp">
      <Filter>Source Files</Filter>
    </ClCompile>
    <ClCompile Include="src\Model\InsuranceStatus.cpp">
      <Filter>Source Files</Filter>
    </ClCompile>
    <ClCompile Include="src\Model\Parser.cpp">
      <Filter>Source Files</Filter>
    </ClCompile>
    <ClCompile Include="src\Model\Patient.cpp">
      <Filter>Source Files</Filter>
    </ClCompile>
    <ClCompile Include="src\Model\Time.cpp">
      <Filter>Source Files</Filter>
    </ClCompile>
    <ClCompile Include="src\Model\User.cpp">
      <Filter>Source Files</Filter>
    </ClCompile>
    <ClCompile Include="src\Model\xml.cpp">
      <Filter>Source Files</Filter>
    </ClCompile>
    <ClCompile Include="src\Network\HIS\GetNumenclature.cpp">
      <Filter>Source Files</Filter>
    </ClCompile>
    <ClCompile Include="src\Network\HIS\HisService.cpp">
      <Filter>Source Files</Filter>
    </ClCompile>
    <ClCompile Include="src\Network\HIS\HisToken.cpp">
      <Filter>Source Files</Filter>
    </ClCompile>
    <ClCompile Include="src\Network\NRA\NraStatusService.cpp">
      <Filter>Source Files</Filter>
    </ClCompile>
    <ClCompile Include="src\Network\PIS\DentalActivitiesService.cpp">
      <Filter>Source Files</Filter>
    </ClCompile>
    <ClCompile Include="src\Network\PIS\DiagnosisService.cpp">
      <Filter>Source Files</Filter>
    </ClCompile>
    <ClCompile Include="src\Network\PIS\GetHirbnoService.cpp">
      <Filter>Source Files</Filter>
    </ClCompile>
    <ClCompile Include="src\Network\PIS\GetMonthNotifListService.cpp">
      <Filter>Source Files</Filter>
    </ClCompile>
    <ClCompile Include="src\Network\PIS\GetMonthNotifService.cpp">
      <Filter>Source Files</Filter>
    </ClCompile>
    <ClCompile Include="src\Network\PIS\PisService.cpp">
      <Filter>Source Files</Filter>
    </ClCompile>
    <ClCompile Include="src\Network\PIS\SendFileService.cpp">
      <Filter>Source Files</Filter>
    </ClCompile>
    <ClCompile Include="src\Network\AbstractReplyHandler.cpp">
      <Filter>Source Files</Filter>
    </ClCompile>
    <ClCompile Include="src\Network\Base64Convert.cpp">
      <Filter>Source Files</Filter>
    </ClCompile>
    <ClCompile Include="src\Network\NetworkManager.cpp">
      <Filter>Source Files</Filter>
    </ClCompile>
    <ClCompile Include="src\Network\PKCS11.cpp">
      <Filter>Source Files</Filter>
    </ClCompile>
    <ClCompile Include="src\Network\XmlSigner.cpp">
      <Filter>Source Files</Filter>
    </ClCompile>
    <ClCompile Include="src\Presenter\ProcedureCreator.cpp">
      <Filter>Source Files</Filter>
    </ClCompile>
    <ClCompile Include="src\Presenter\PracticeDialogPresenter.cpp">
      <Filter>Source Files</Filter>
    </ClCompile>
    <ClCompile Include="src\Presenter\ButtonSurfaceMatrix.cpp">
      <Filter>Source Files</Filter>
    </ClCompile>
    <ClCompile Include="src\Presenter\CheckModel.cpp">
      <Filter>Source Files</Filter>
    </ClCompile>
    <ClCompile Include="src\Presenter\DetailedStatusPresenter.cpp">
      <Filter>Source Files</Filter>
    </ClCompile>
    <ClCompile Include="src\Presenter\DoctorDialogPresenter.cpp">
      <Filter>Source Files</Filter>
    </ClCompile>
    <ClCompile Include="src\Presenter\FinancialPresenter.cpp">
      <Filter>Source Files</Filter>
    </ClCompile>
    <ClCompile Include="src\Presenter\ListPresenter.cpp">
      <Filter>Source Files</Filter>
    </ClCompile>
    <ClCompile Include="src\Presenter\BrowserPresenter.cpp">
      <Filter>Source Files</Filter>
    </ClCompile>
    <ClCompile Include="src\Presenter\LoginPresenter.cpp">
      <Filter>Source Files</Filter>
    </ClCompile>
    <ClCompile Include="src\Presenter\MainPresenter.cpp">
      <Filter>Source Files</Filter>
    </ClCompile>
    <ClCompile Include="src\Presenter\MonthNotifPresenter.cpp">
      <Filter>Source Files</Filter>
    </ClCompile>
    <ClCompile Include="src\Presenter\PatientDialogPresenter.cpp">
      <Filter>Source Files</Filter>
    </ClCompile>
    <ClCompile Include="src\Presenter\PatientSummaryPresenter.cpp">
      <Filter>Source Files</Filter>
    </ClCompile>
    <ClCompile Include="src\Presenter\PerioPresenter.cpp">
      <Filter>Source Files</Filter>
    </ClCompile>
    <ClCompile Include="src\Presenter\PracticeSettingsPresenter.cpp">
      <Filter>Source Files</Filter>
    </ClCompile>
    <ClCompile Include="src\Presenter\ProcedureDialogPresenter.cpp">
      <Filter>Source Files</Filter>
    </ClCompile>
    <ClCompile Include="src\Presenter\ProcedureEditorPresenter.cpp">
      <Filter>Source Files</Filter>
    </ClCompile>
    <ClCompile Include="src\Presenter\ReportPresenter.cpp">
      <Filter>Source Files</Filter>
    </ClCompile>
    <ClCompile Include="src\Presenter\SettingsMainPresenter.cpp">
      <Filter>Source Files</Filter>
    </ClCompile>
    <ClCompile Include="src\Presenter\SurfacePanelPresenter.cpp">
      <Filter>Source Files</Filter>
    </ClCompile>
    <ClCompile Include="src\Presenter\TabPresenter.cpp">
      <Filter>Source Files</Filter>
    </ClCompile>
    <ClCompile Include="src\DbUpdates\DbUpdates.cpp">
      <Filter>Source Files</Filter>
    </ClCompile>
    <ClCompile Include="src\DbUpdates\Updater.cpp">
      <Filter>Source Files</Filter>
    </ClCompile>
    <ClCompile Include="src\View\SubWidgets\ContextMenu.cpp">
      <Filter>Source Files</Filter>
    </ClCompile>
    <ClCompile Include="src\View\Graphics\ControlPanelPolygon.cpp">
      <Filter>Source Files</Filter>
    </ClCompile>
    <ClCompile Include="src\View\Graphics\CPTooth.cpp">
      <Filter>Source Files</Filter>
    </ClCompile>
    <ClCompile Include="src\View\Graphics\GraphicsView.cpp">
      <Filter>Source Files</Filter>
    </ClCompile>
    <ClCompile Include="src\View\Graphics\HexagonGraphicsItem.cpp">
      <Filter>Source Files</Filter>
    </ClCompile>
    <ClCompile Include="src\View\Graphics\PerioChartItem.cpp">
      <Filter>Source Files</Filter>
    </ClCompile>
    <ClCompile Include="src\View\Graphics\PerioGraphicsButton.cpp">
      <Filter>Source Files</Filter>
    </ClCompile>
    <ClCompile Include="src\View\Graphics\PerioScene.cpp">
      <Filter>Source Files</Filter>
    </ClCompile>
    <ClCompile Include="src\View\Graphics\SelectionBox.cpp">
      <Filter>Source Files</Filter>
    </ClCompile>
    <ClCompile Include="src\View\Graphics\SpriteRect.cpp">
      <Filter>Source Files</Filter>
    </ClCompile>
    <ClCompile Include="src\View\Graphics\SpriteSheets.cpp">
      <Filter>Source Files</Filter>
    </ClCompile>
    <ClCompile Include="src\View\Graphics\TeethBuccalScene.cpp">
      <Filter>Source Files</Filter>
    </ClCompile>
    <ClCompile Include="src\View\Graphics\TeethLingualScene.cpp">
      <Filter>Source Files</Filter>
    </ClCompile>
    <ClCompile Include="src\View\Graphics\TeethViewScene.cpp">
      <Filter>Source Files</Filter>
    </ClCompile>
    <ClCompile Include="src\View\Graphics\ToothGraphicsItem.cpp">
      <Filter>Source Files</Filter>
    </ClCompile>
    <ClCompile Include="src\View\Graphics\ToothPainter.cpp">
      <Filter>Source Files</Filter>
    </ClCompile>
    <ClCompile Include="src\View\Interfaces\AbstractDateEdit.cpp">
      <Filter>Source Files</Filter>
    </ClCompile>
    <ClCompile Include="src\View\Interfaces\AbstractLineEdit.cpp">
      <Filter>Source Files</Filter>
    </ClCompile>
    <ClCompile Include="src\View\Interfaces\AbstractUIElement.cpp">
      <Filter>Source Files</Filter>
    </ClCompile>
    <ClCompile Include="src\View\Interfaces\ITabView.cpp">
      <Filter>Source Files</Filter>
    </ClCompile>
    <ClCompile Include="src\View\TableModels\BusinessOperationModel.cpp">
      <Filter>Source Files</Filter>
    </ClCompile>
    <ClCompile Include="src\View\TableModels\MonthNotifTableModel.cpp">
      <Filter>Source Files</Filter>
    </ClCompile>
    <ClCompile Include="src\View\TableModels\ProcedureSelectModel.cpp">
      <Filter>Source Files</Filter>
    </ClCompile>
    <ClCompile Include="src\View\TableModels\ProcedureTableModel.cpp">
      <Filter>Source Files</Filter>
    </ClCompile>
    <ClCompile Include="src\View\TableModels\ProcedureTemplateModel.cpp">
      <Filter>Source Files</Filter>
    </ClCompile>
    <ClCompile Include="src\View\TableModels\QProcedure.cpp">
      <Filter>Source Files</Filter>
    </ClCompile>
    <ClCompile Include="src\View\SubWidgets\ProcedureInput.cpp">
      <Filter>Source Files</Filter>
    </ClCompile>
    <ClCompile Include="src\View\SubWidgets\ControlPanel.cpp">
      <Filter>Source Files</Filter>
    </ClCompile>
    <ClCompile Include="src\View\SubWidgets\PerioStatisticView.cpp">
      <Filter>Source Files</Filter>
    </ClCompile>
    <ClCompile Include="src\View\SubWidgets\RangeWidget.cpp">
      <Filter>Source Files</Filter>
    </ClCompile>
    <ClCompile Include="src\View\SubWidgets\SurfacePanel.cpp">
      <Filter>Source Files</Filter>
    </ClCompile>
    <ClCompile Include="src\View\SubWidgets\SurfaceSelector.cpp">
      <Filter>Source Files</Filter>
    </ClCompile>
    <ClCompile Include="src\View\SubWidgets\TabTitle.cpp">
      <Filter>Source Files</Filter>
    </ClCompile>
    <ClCompile Include="src\View\SubWidgets\VitaWidget.cpp">
      <Filter>Source Files</Filter>
    </ClCompile>
    <ClCompile Include="src\View\uiComponents\AutoCompleteLineEdit.cpp">
      <Filter>Source Files</Filter>
    </ClCompile>
    <ClCompile Include="src\View\uiComponents\ComboBox.cpp">
      <Filter>Source Files</Filter>
    </ClCompile>
    <ClCompile Include="src\View\uiComponents\CustomDateEdit.cpp">
      <Filter>Source Files</Filter>
    </ClCompile>
    <ClCompile Include="src\View\uiComponents\DateEdit.cpp">
      <Filter>Source Files</Filter>
    </ClCompile>
    <ClCompile Include="src\View\uiComponents\FinancialTileButton.cpp">
      <Filter>Source Files</Filter>
    </ClCompile>
    <ClCompile Include="src\View\uiComponents\FurcationWidget.cpp">
      <Filter>Source Files</Filter>
    </ClCompile>
    <ClCompile Include="src\View\uiComponents\HalfRoundedButton.cpp">
      <Filter>Source Files</Filter>
    </ClCompile>
    <ClCompile Include="src\View\uiComponents\IconButton.cpp">
      <Filter>Source Files</Filter>
    </ClCompile>
    <ClCompile Include="src\View\uiComponents\LeadingZeroSpinBox.cpp">
      <Filter>Source Files</Filter>
    </ClCompile>
    <ClCompile Include="src\View\uiComponents\LineEdit.cpp">
      <Filter>Source Files</Filter>
    </ClCompile>
    <ClCompile Include="src\View\uiComponents\ListTable.cpp">
      <Filter>Source Files</Filter>
    </ClCompile>
    <ClCompile Include="src\View\uiComponents\NameEdit.cpp">
      <Filter>Source Files</Filter>
    </ClCompile>
    <ClCompile Include="src\View\uiComponents\PerioButton.cpp">
      <Filter>Source Files</Filter>
    </ClCompile>
    <ClCompile Include="src\View\uiComponents\PerioSpinBox.cpp">
      <Filter>Source Files</Filter>
    </ClCompile>
    <ClCompile Include="src\View\uiComponents\PerioStateButton.cpp">
      <Filter>Source Files</Filter>
    </ClCompile>
    <ClCompile Include="src\View\uiComponents\PerioTable.cpp">
      <Filter>Source Files</Filter>
    </ClCompile>
    <ClCompile Include="src\View\uiComponents\PixmapLabel.cpp">
      <Filter>Source Files</Filter>
    </ClCompile>
    <ClCompile Include="src\View\uiComponents\TableView.cpp">
      <Filter>Source Files</Filter>
    </ClCompile>
    <ClCompile Include="src\View\uiComponents\SpinBox.cpp">
      <Filter>Source Files</Filter>
    </ClCompile>
    <ClCompile Include="src\View\uiComponents\StatusButton.cpp">
      <Filter>Source Files</Filter>
    </ClCompile>
    <ClCompile Include="src\View\uiComponents\TextEdit.cpp">
      <Filter>Source Files</Filter>
    </ClCompile>
    <ClCompile Include="src\View\uiComponents\TileButton.cpp">
      <Filter>Source Files</Filter>
    </ClCompile>
    <ClCompile Include="src\View\uiComponents\ToothButton.cpp">
      <Filter>Source Files</Filter>
    </ClCompile>
    <ClCompile Include="src\View\uiComponents\UserButton.cpp">
      <Filter>Source Files</Filter>
    </ClCompile>
    <ClCompile Include="src\View\Widgets\PracticeDialog.cpp">
      <Filter>Source Files</Filter>
    </ClCompile>
    <ClCompile Include="src\View\Widgets\BrowserDialog.cpp">
      <Filter>Source Files</Filter>
    </ClCompile>
    <ClCompile Include="src\View\Widgets\BusinessOperationDialog.cpp">
      <Filter>Source Files</Filter>
    </ClCompile>
    <ClCompile Include="src\View\Widgets\DetailedStatus.cpp">
      <Filter>Source Files</Filter>
    </ClCompile>
    <ClCompile Include="src\View\Widgets\DoctorSettingsDialog.cpp">
      <Filter>Source Files</Filter>
    </ClCompile>
    <ClCompile Include="src\View\Widgets\FinancialView.cpp">
      <Filter>Source Files</Filter>
    </ClCompile>
    <ClCompile Include="src\View\Widgets\TableViewDialog.cpp">
      <Filter>Source Files</Filter>
    </ClCompile>
    <ClCompile Include="src\View\Widgets\ListView.cpp">
      <Filter>Source Files</Filter>
    </ClCompile>
    <ClCompile Include="src\View\Widgets\LoginView.cpp">
      <Filter>Source Files</Filter>
    </ClCompile>
    <ClCompile Include="src\View\Widgets\MonthNotifView.cpp">
      <Filter>Source Files</Filter>
    </ClCompile>
    <ClCompile Include="src\View\Widgets\PatientFormDialog.cpp">
      <Filter>Source Files</Filter>
    </ClCompile>
    <ClCompile Include="src\View\Widgets\PatientSummary.cpp">
      <Filter>Source Files</Filter>
    </ClCompile>
    <ClCompile Include="src\View\Widgets\PerioStatusView.cpp">
      <Filter>Source Files</Filter>
    </ClCompile>
    <ClCompile Include="src\View\Widgets\PerioView.cpp">
      <Filter>Source Files</Filter>
    </ClCompile>
    <ClCompile Include="src\View\Widgets\PinPromptDialog.cpp">
      <Filter>Source Files</Filter>
    </ClCompile>
    <ClCompile Include="src\View\Widgets\PisDialog.cpp">
      <Filter>Source Files</Filter>
    </ClCompile>
    <ClCompile Include="src\View\Widgets\ProcedureHistoryDialog.cpp">
      <Filter>Source Files</Filter>
    </ClCompile>
    <ClCompile Include="src\View\Widgets\PracticeListDialog.cpp">
      <Filter>Source Files</Filter>
    </ClCompile>
    <ClCompile Include="src\View\Widgets\PracticeSettings.cpp">
      <Filter>Source Files</Filter>
    </ClCompile>
    <ClCompile Include="src\View\Widgets\ProcedureDialog.cpp">
      <Filter>Source Files</Filter>
    </ClCompile>
    <ClCompile Include="src\View\Widgets\ProcedureEditDialog.cpp">
      <Filter>Source Files</Filter>
    </ClCompile>
    <ClCompile Include="src\View\Widgets\ProcedurePrintSelectDialog.cpp">
      <Filter>Source Files</Filter>
    </ClCompile>
    <ClCompile Include="src\View\Widgets\RecipientEditView.cpp">
      <Filter>Source Files</Filter>
    </ClCompile>
    <ClCompile Include="src\View\Widgets\MultilineDialog.cpp">
      <Filter>Source Files</Filter>
    </ClCompile>
    <ClCompile Include="src\View\Widgets\ReportView.cpp">
      <Filter>Source Files</Filter>
    </ClCompile>
    <ClCompile Include="src\View\Widgets\SaveDialog.cpp">
      <Filter>Source Files</Filter>
    </ClCompile>
    <ClCompile Include="src\View\Widgets\SettingsDialog.cpp">
      <Filter>Source Files</Filter>
    </ClCompile>
    <ClCompile Include="src\View\Widgets\TabView.cpp">
      <Filter>Source Files</Filter>
    </ClCompile>
    <ClCompile Include="src\View\Widgets\DinoDent.cpp">
      <Filter>Source Files</Filter>
    </ClCompile>
    <ClCompile Include="src\View\Widgets\UpdateDialog.cpp">
      <Filter>Source Files</Filter>
    </ClCompile>
    <ClCompile Include="src\View\GlobalFunctions.cpp">
      <Filter>Source Files</Filter>
    </ClCompile>
    <ClCompile Include="src\View\ModalDialogBuilder.cpp">
      <Filter>Source Files</Filter>
    </ClCompile>
    <ClCompile Include="src\View\Printer.cpp">
      <Filter>Source Files</Filter>
    </ClCompile>
    <ClCompile Include="src\View\Theme.cpp">
      <Filter>Source Files</Filter>
    </ClCompile>
    <ClCompile Include="src\main.cpp">
      <Filter>Source Files</Filter>
    </ClCompile>
    <ClCompile Include="src\Resources.cpp">
      <Filter>Source Files</Filter>
    </ClCompile>
    <ClCompile Include="include\sqLite3\shell.c">
      <Filter>Source Files</Filter>
    </ClCompile>
    <ClCompile Include="include\sqLite3\sqlite3.c">
      <Filter>Source Files</Filter>
    </ClCompile>
    <ClCompile Include="include\TinyXML\tinystr.cpp">
      <Filter>Source Files</Filter>
    </ClCompile>
    <ClCompile Include="include\TinyXML\tinyxml.cpp">
      <Filter>Source Files</Filter>
    </ClCompile>
    <ClCompile Include="include\TinyXML\tinyxmlerror.cpp">
      <Filter>Source Files</Filter>
    </ClCompile>
    <ClCompile Include="include\TinyXML\tinyxmlparser.cpp">
      <Filter>Source Files</Filter>
    </ClCompile>
    <ClCompile Include="src\Model\Prescription\Prescription.cpp">
      <Filter>Source Files</Filter>
    </ClCompile>
    <ClCompile Include="src\Model\Prescription\Medication.cpp">
      <Filter>Source Files</Filter>
    </ClCompile>
    <ClCompile Include="src\Model\Prescription\Dosage.cpp">
      <Filter>Source Files</Filter>
    </ClCompile>
    <ClCompile Include="src\Network\HIS\UpdateMedications.cpp">
      <Filter>Source Files</Filter>
    </ClCompile>
    <ClCompile Include="src\Presenter\PrescriptionPresenter.cpp">
      <Filter>Source Files</Filter>
    </ClCompile>
    <ClCompile Include="src\View\Widgets\PrescriptionView.cpp">
      <Filter>Source Files</Filter>
    </ClCompile>
    <ClCompile Include="src\View\Widgets\MedicationDialog.cpp">
      <Filter>Source Files</Filter>
    </ClCompile>
    <ClCompile Include="src\View\Widgets\DosageDialog.cpp">
      <Filter>Source Files</Filter>
    </ClCompile>
    <ClCompile Include="src\Presenter\MedicationPresenter.cpp">
      <Filter>Source Files</Filter>
    </ClCompile>
    <ClCompile Include="src\Presenter\DosagePresenter.cpp">
      <Filter>Source Files</Filter>
    </ClCompile>
    <ClCompile Include="src\Model\Prescription\TimeLapse.cpp">
      <Filter>Source Files</Filter>
    </ClCompile>
    <ClCompile Include="src\Model\Prescription\DoseQuantity.cpp">
      <Filter>Source Files</Filter>
    </ClCompile>
    <ClCompile Include="src\Model\Prescription\Route.cpp">
      <Filter>Source Files</Filter>
    </ClCompile>
    <ClCompile Include="src\Model\Validators\PrescriptionValidators.cpp">
      <Filter>Source Files</Filter>
    </ClCompile>
    <ClCompile Include="src\Model\Prescription\WhenToTake.cpp">
      <Filter>Source Files</Filter>
    </ClCompile>
    <ClCompile Include="src\View\TableModels\MedicationTableModel.cpp">
      <Filter>Source Files</Filter>
    </ClCompile>
    <ClCompile Include="src\Database\DbPrescription.cpp">
      <Filter>Source Files</Filter>
    </ClCompile>
    <ClCompile Include="src\Model\FreeFunctions.cpp">
      <Filter>Source Files</Filter>
    </ClCompile>
    <ClCompile Include="src\Network\HIS\EPrescription.cpp">
      <Filter>Source Files</Filter>
    </ClCompile>
    <ClCompile Include="src\View\Widgets\InputDialog.cpp">
      <Filter>Source Files</Filter>
    </ClCompile>
    <ClCompile Include="src\View\uiComponents\HoverButton.cpp">
      <Filter>Source Files</Filter>
    </ClCompile>
    <ClCompile Include="src\Presenter\TabInstance.cpp">
      <Filter>Source Files</Filter>
    </ClCompile>
    <ClCompile Include="src\Presenter\PatientInfoPresenter.cpp">
      <Filter>Source Files</Filter>
    </ClCompile>
    <ClCompile Include="src\View\SubWidgets\PatientTileInfo.cpp">
      <Filter>Source Files</Filter>
    </ClCompile>
    <ClCompile Include="src\Database\DbUpdateStatus.cpp">
      <Filter>Source Files</Filter>
    </ClCompile>
    <ClCompile Include="src\Network\PIS\ReportFilesService.cpp">
      <Filter>Source Files</Filter>
    </ClCompile>
    <ClCompile Include="src\View\Widgets\ReportFilesView.cpp">
      <Filter>Source Files</Filter>
    </ClCompile>
    <ClCompile Include="src\View\TableModels\ReportFilesModel.cpp">
      <Filter>Source Files</Filter>
    </ClCompile>
    <ClCompile Include="src\Presenter\ReportFilesPresenter.cpp">
      <Filter>Source Files</Filter>
    </ClCompile>
    <ClCompile Include="src\View\Widgets\InvoicePrintDialog.cpp">
      <Filter>Source Files</Filter>
    </ClCompile>
    <ClCompile Include="src\View\Widgets\PracticeSelectorView.cpp">
      <Filter>Source Files</Filter>
    </ClCompile>
    <ClCompile Include="src\Presenter\PracticeManagerPresenter.cpp">
      <Filter>Source Files</Filter>
    </ClCompile>
    <ClCompile Include="src\GlobalSettings.cpp">
      <Filter>Source Files</Filter>
    </ClCompile>
    <ClCompile Include="src\Network\UpdateService\UpdateService.cpp">
      <Filter>Source Files</Filter>
    </ClCompile>
    <ClCompile Include="src\View\Widgets\UpdateDownloader.cpp">
      <Filter>Source Files</Filter>
    </ClCompile>
    <ClCompile Include="src\Model\Referrals\Referral.cpp">
      <Filter>Source Files</Filter>
    </ClCompile>
    <ClCompile Include="src\Model\Referrals\RefNum.cpp">
      <Filter>Source Files</Filter>
    </ClCompile>
    <ClCompile Include="src\View\Widgets\ReferralDialog.cpp">
      <Filter>Source Files</Filter>
    </ClCompile>
    <ClCompile Include="src\Presenter\ReferralPresenter.cpp">
      <Filter>Source Files</Filter>
    </ClCompile>
    <ClCompile Include="src\View\TableModels\MKBModel.cpp">
      <Filter>Source Files</Filter>
    </ClCompile>
    <ClCompile Include="src\Database\DbReferral.cpp">
      <Filter>Source Files</Filter>
    </ClCompile>
    <ClCompile Include="src\View\SubWidgets\ReferralTile.cpp">
      <Filter>Source Files</Filter>
    </ClCompile>
    <ClCompile Include="src\View\Widgets\ButtonDialog.cpp">
      <Filter>Source Files</Filter>
    </ClCompile>
    <ClCompile Include="src\View\Graphics\Zodiac.cpp">
      <Filter>Source Files</Filter>
    </ClCompile>
    <ClCompile Include="src\View\uiComponents\RightClickButton.cpp">
      <Filter>Source Files</Filter>
    </ClCompile>
    <ClCompile Include="src\Database\DbStatistics.cpp">
      <Filter>Source Files</Filter>
    </ClCompile>
    <ClCompile Include="src\View\Widgets\StatisticDialogView.cpp">
      <Filter>Source Files</Filter>
    </ClCompile>
    <ClCompile Include="src\Presenter\StatisticDialogPresenter.cpp">
      <Filter>Source Files</Filter>
    </ClCompile>
    <ClCompile Include="src\View\TableModels\StatisticTableModel.cpp">
      <Filter>Source Files</Filter>
    </ClCompile>
    <ClCompile Include="src\View\uiComponents\StatusMultiButton.cpp">
      <Filter>Source Files</Filter>
    </ClCompile>
    <ClCompile Include="src\Model\Specialty.cpp">
      <Filter>Source Files</Filter>
    </ClCompile>
    <ClCompile Include="src\View\TableModels\SpecialtyTableModel.cpp">
      <Filter>Source Files</Filter>
    </ClCompile>
    <ClCompile Include="src\Network\HIS\EDental.cpp">
      <Filter>Source Files</Filter>
    </ClCompile>
    <ClCompile Include="src\View\uiComponents\CustomDateTimeEdit.cpp">
      <Filter>Source Files</Filter>
    </ClCompile>
    <ClCompile Include="src\Model\Dental\ProcedureCode.cpp">
      <Filter>Source Files</Filter>
    </ClCompile>
    <ClCompile Include="src\View\TableModels\ProcedureCodeModel.cpp">
      <Filter>Source Files</Filter>
    </ClCompile>
    <ClCompile Include="src\Network\HIS\EReferral.cpp">
      <Filter>Source Files</Filter>
    </ClCompile>
    <ClCompile Include="src\View\Widgets\UpdatePromptDialog.cpp">
      <Filter>Source Files</Filter>
    </ClCompile>
    <ClCompile Include="src\View\Widgets\MedicalStatusDialog.cpp">
      <Filter>Source Files</Filter>
    </ClCompile>
    <ClCompile Include="src\View\SubWidgets\MedicalStatusWidget.cpp">
      <Filter>Source Files</Filter>
    </ClCompile>
    <ClCompile Include="src\View\SubWidgets\DsnMenu.cpp">
      <Filter>Source Files</Filter>
    </ClCompile>
    <ClCompile Include="src\View\Graphics\PaintHint.cpp">
      <Filter>Source Files</Filter>
    </ClCompile>
    <ClCompile Include="src\Model\Dental\ToothIndex.cpp">
      <Filter>Source Files</Filter>
    </ClCompile>
    <ClCompile Include="src\View\uiComponents\CustomButton.cpp">
      <Filter>Source Files</Filter>
    </ClCompile>
    <ClCompile Include="src\View\Widgets\AboutDialog.cpp">
      <Filter>Source Files</Filter>
    </ClCompile>
    <ClCompile Include="src\DbUpdates\Update10.cpp">
      <Filter>Source Files</Filter>
    </ClCompile>
    <ClCompile Include="src\Presenter\ProcedureHistoryPresenter.cpp">
      <Filter>Source Files</Filter>
    </ClCompile>
    <ClCompile Include="src\Network\NRA\NssiPentionService.cpp">
      <Filter>Source Files</Filter>
    </ClCompile>
    <ClCompile Include="src\DbUpdates\Update11.cpp">
      <Filter>Source Files</Filter>
    </ClCompile>
    <ClCompile Include="src\View\Widgets\WelcomeWidget.cpp">
      <Filter>Source Files</Filter>
    </ClCompile>
    <ClCompile Include="src\View\uiComponents\ShortcutTile.cpp">
      <Filter>Source Files</Filter>
    </ClCompile>
    <ClCompile Include="src\View\uiComponents\TextBrowser.cpp">
      <Filter>Source Files</Filter>
    </ClCompile>
    <ClCompile Include="src\View\Widgets\FiscalReceiptDialog.cpp">
      <Filter>Source Files</Filter>
    </ClCompile>
    <ClCompile Include="src\Database\DbFiscalReceipt.cpp">
      <Filter>Source Files</Filter>
    </ClCompile>
    <ClCompile Include="src\Presenter\FiscalReceiptPresenter.cpp">
      <Filter>Source Files</Filter>
    </ClCompile>
    <ClCompile Include="src\View\Widgets\FiscalReportView.cpp">
      <Filter>Source Files</Filter>
    </ClCompile>
    <ClCompile Include="src\Presenter\FiscalReportPresenter.cpp">
      <Filter>Source Files</Filter>
    </ClCompile>
    <ClCompile Include="src\View\TableModels\FiscalReceiptTableModel.cpp">
      <Filter>Source Files</Filter>
    </ClCompile>
    <ClCompile Include="src\DbUpdates\Update12_18.cpp">
      <Filter>Source Files</Filter>
    </ClCompile>
    <ClCompile Include="src\Network\HIS\HISHistoryAlgorithms.cpp">
      <Filter>Source Files</Filter>
    </ClCompile>
    <ClCompile Include="src\Network\Telemetry.cpp">
      <Filter>Source Files</Filter>
    </ClCompile>
    <ClCompile Include="src\Presenter\RecipientPresenter.cpp">
      <Filter>Source Files</Filter>
    </ClCompile>
    <ClCompile Include="src\Model\Validators\RecipientIdValidator.cpp">
      <Filter>Source Files</Filter>
    </ClCompile>
    <ClCompile Include="src\Model\Country.cpp">
      <Filter>Source Files</Filter>
    </ClCompile>
    <ClCompile Include="src\Database\DbTelemetry.cpp">
      <Filter>Source Files</Filter>
    </ClCompile>
    <ClCompile Include="src\View\Widgets\MedicalNoticeDialog.cpp">
      <Filter>Source Files</Filter>
    </ClCompile>
    <ClCompile Include="src\View\uiComponents\BigPushButton.cpp">
      <Filter>Source Files</Filter>
    </ClCompile>
    <ClCompile Include="src\Network\HIS\EMedicalNotice.cpp">
      <Filter>Source Files</Filter>
    </ClCompile>
    <ClCompile Include="src\View\SubWidgets\MedicalNoticeTile.cpp">
      <Filter>Source Files</Filter>
    </ClCompile>
    <ClCompile Include="src\Database\DbMedicalNotice.cpp">
      <Filter>Source Files</Filter>
    </ClCompile>
    <ClCompile Include="src\View\Widgets\SplashScreen.cpp">
      <Filter>Source Files</Filter>
    </ClCompile>
    <ClCompile Include="src\Tests\CrudTest.cpp">
      <Filter>Source Files</Filter>
    </ClCompile>
    <ClCompile Include="src\Model\Dental\SupernumeralPrint.cpp">
      <Filter>Source Files</Filter>
    </ClCompile>
    <ClCompile Include="src\Network\HIS\EAllergy.cpp">
      <Filter>Source Files</Filter>
    </ClCompile>
    <ClCompile Include="src\Model\Allergy.cpp">
      <Filter>Source Files</Filter>
    </ClCompile>
    <ClCompile Include="src\View\Widgets\AllergyDialog.cpp">
      <Filter>Source Files</Filter>
    </ClCompile>
    <ClCompile Include="src\Presenter\MedicalStatusPresenter.cpp">
      <Filter>Source Files</Filter>
    </ClCompile>
    <ClCompile Include="src\Network\PIS\GetFileService.cpp">
      <Filter>Source Files</Filter>
    </ClCompile>
    <ClCompile Include="src\Network\PIS\PisReportParser.cpp">
      <Filter>Source Files</Filter>
    </ClCompile>
    <ClCompile Include="src\Presenter\PisImportPresenter.cpp">
      <Filter>Source Files</Filter>
    </ClCompile>
    <ClCompile Include="src\View\Widgets\PisImportView.cpp">
      <Filter>Source Files</Filter>
    </ClCompile>
    <ClCompile Include="src\Network\HIS\EHospitalization.cpp">
      <Filter>Source Files</Filter>
    </ClCompile>
    <ClCompile Include="src\View\TableModels\HospitalizationTableModel.cpp">
      <Filter>Source Files</Filter>
    </ClCompile>
    <ClCompile Include="src\DbUpdates\Update19.cpp">
      <Filter>Source Files</Filter>
    </ClCompile>
    <ClCompile Include="src\View\TableModels\PlainTableModel.cpp">
      <Filter>Source Files</Filter>
    </ClCompile>
    <ClCompile Include="src\Model\PlainTable.cpp">
      <Filter>Source Files</Filter>
    </ClCompile>
    <ClCompile Include="src\DbUpdates\Update20.cpp">
      <Filter>Source Files</Filter>
    </ClCompile>
    <ClCompile Include="include\json\jsoncpp.cpp">
      <Filter>Source Files</Filter>
    </ClCompile>
  </ItemGroup>
  <ItemGroup>
    <ClInclude Include="src\Database\Database.h">
      <Filter>Header Files</Filter>
    </ClInclude>
    <ClInclude Include="src\Database\DbAmbList.h">
      <Filter>Header Files</Filter>
    </ClInclude>
    <ClInclude Include="src\Database\DbDoctor.h">
      <Filter>Header Files</Filter>
    </ClInclude>
    <ClInclude Include="src\Database\DbInvoice.h">
      <Filter>Header Files</Filter>
    </ClInclude>
    <ClInclude Include="src\Database\DbBrowser.h">
      <Filter>Header Files</Filter>
    </ClInclude>
    <ClInclude Include="src\Database\DbNotes.h">
      <Filter>Header Files</Filter>
    </ClInclude>
    <ClInclude Include="src\Database\DbPatient.h">
      <Filter>Header Files</Filter>
    </ClInclude>
    <ClInclude Include="src\Database\DbPatientSummary.h">
      <Filter>Header Files</Filter>
    </ClInclude>
    <ClInclude Include="src\Database\DbPerio.h">
      <Filter>Header Files</Filter>
    </ClInclude>
    <ClInclude Include="src\Database\DbPractice.h">
      <Filter>Header Files</Filter>
    </ClInclude>
    <ClInclude Include="src\Database\DbProcedure.h">
      <Filter>Header Files</Filter>
    </ClInclude>
    <ClInclude Include="src\Model\Dental\AmbList.h">
      <Filter>Header Files</Filter>
    </ClInclude>
    <ClInclude Include="src\Model\Dental\BridgeAlgorithms.h">
      <Filter>Header Files</Filter>
    </ClInclude>
    <ClInclude Include="src\Model\Dental\Diagnosis.h">
      <Filter>Header Files</Filter>
    </ClInclude>
    <ClInclude Include="src\Model\Dental\Dental.h">
      <Filter>Header Files</Filter>
    </ClInclude>
    <ClInclude Include="src\Model\Dental\MKB.h">
      <Filter>Header Files</Filter>
    </ClInclude>
    <ClInclude Include="src\Model\Dental\MonthNotifRow.h">
      <Filter>Header Files</Filter>
    </ClInclude>
    <ClInclude Include="src\Model\Dental\NhifMaps.h">
      <Filter>Header Files</Filter>
    </ClInclude>
    <ClInclude Include="src\Model\Dental\NhifProcedures.h">
      <Filter>Header Files</Filter>
    </ClInclude>
    <ClInclude Include="src\Model\Dental\NhifSheetData.h">
      <Filter>Header Files</Filter>
    </ClInclude>
    <ClInclude Include="src\Model\Dental\PackageCounter.h">
      <Filter>Header Files</Filter>
    </ClInclude>
    <ClInclude Include="src\Model\Dental\PerioStatistic.h">
      <Filter>Header Files</Filter>
    </ClInclude>
    <ClInclude Include="src\Model\Dental\PerioStatus.h">
      <Filter>Header Files</Filter>
    </ClInclude>
    <ClInclude Include="src\Model\Dental\PerioToothData.h">
      <Filter>Header Files</Filter>
    </ClInclude>
    <ClInclude Include="src\Model\Dental\Procedure.h">
      <Filter>Header Files</Filter>
    </ClInclude>
    <ClInclude Include="src\Model\Dental\ProcedureContainer.h">
      <Filter>Header Files</Filter>
    </ClInclude>
    <ClInclude Include="src\Model\Dental\TimeFrame.h">
      <Filter>Header Files</Filter>
    </ClInclude>
    <ClInclude Include="src\Model\Dental\Tooth.h">
      <Filter>Header Files</Filter>
    </ClInclude>
    <ClInclude Include="src\Model\Dental\ToothContainer.h">
      <Filter>Header Files</Filter>
    </ClInclude>
    <ClInclude Include="src\Model\Dental\ToothUtils.h">
      <Filter>Header Files</Filter>
    </ClInclude>
    <ClInclude Include="src\Model\Financial\BusinessOperation.h">
      <Filter>Header Files</Filter>
    </ClInclude>
    <ClInclude Include="src\Model\Financial\FinancialEnums.h">
      <Filter>Header Files</Filter>
    </ClInclude>
    <ClInclude Include="src\Model\Financial\Invoice.h">
      <Filter>Header Files</Filter>
    </ClInclude>
    <ClInclude Include="src\Model\Financial\Issuer.h">
      <Filter>Header Files</Filter>
    </ClInclude>
    <ClInclude Include="src\Model\Financial\MonthNotifRow.h">
      <Filter>Header Files</Filter>
    </ClInclude>
    <ClInclude Include="src\Model\Financial\NhifInvoiceData.h">
      <Filter>Header Files</Filter>
    </ClInclude>
    <ClInclude Include="src\Model\Financial\Recipient.h">
      <Filter>Header Files</Filter>
    </ClInclude>
    <ClInclude Include="src\Model\Validators\AbstractValidator.h">
      <Filter>Header Files</Filter>
    </ClInclude>
    <ClInclude Include="src\Model\Validators\AmbListValidator.h">
      <Filter>Header Files</Filter>
    </ClInclude>
    <ClInclude Include="src\Model\Validators\BulstatValidator.h">
      <Filter>Header Files</Filter>
    </ClInclude>
    <ClInclude Include="src\Model\Validators\CommonValidators.h">
      <Filter>Header Files</Filter>
    </ClInclude>
    <ClInclude Include="src\Model\Validators\DateValidator.h">
      <Filter>Header Files</Filter>
    </ClInclude>
    <ClInclude Include="src\Model\Validators\LpkValidator.h">
      <Filter>Header Files</Filter>
    </ClInclude>
    <ClInclude Include="src\Model\Validators\NameValidator.h">
      <Filter>Header Files</Filter>
    </ClInclude>
    <ClInclude Include="src\Model\Validators\NzokContractValidator.h">
      <Filter>Header Files</Filter>
    </ClInclude>
    <ClInclude Include="src\Model\Validators\PatientValidators.h">
      <Filter>Header Files</Filter>
    </ClInclude>
    <ClInclude Include="src\Model\Validators\ProcedureDateValidator.h">
      <Filter>Header Files</Filter>
    </ClInclude>
    <ClInclude Include="src\Model\Validators\ProcedureValidators.h">
      <Filter>Header Files</Filter>
    </ClInclude>
    <ClInclude Include="src\Model\Validators\RziValidaor.h">
      <Filter>Header Files</Filter>
    </ClInclude>
    <ClInclude Include="src\Model\Date.h">
      <Filter>Header Files</Filter>
    </ClInclude>
    <ClInclude Include="src\Model\Ekatte.h">
      <Filter>Header Files</Filter>
    </ClInclude>
    <ClInclude Include="src\Model\FreeFunctions.h">
      <Filter>Header Files</Filter>
    </ClInclude>
    <ClInclude Include="src\Model\InsuranceStatus.h">
      <Filter>Header Files</Filter>
    </ClInclude>
    <ClInclude Include="src\Model\Parser.h">
      <Filter>Header Files</Filter>
    </ClInclude>
    <ClInclude Include="src\Model\Settings.h">
      <Filter>Header Files</Filter>
    </ClInclude>
    <ClInclude Include="src\Model\TableRows.h">
      <Filter>Header Files</Filter>
    </ClInclude>
    <ClInclude Include="src\Model\TableStructs.h">
      <Filter>Header Files</Filter>
    </ClInclude>
    <ClInclude Include="src\Model\Time.h">
      <Filter>Header Files</Filter>
    </ClInclude>
    <ClInclude Include="src\Model\User.h">
      <Filter>Header Files</Filter>
    </ClInclude>
    <ClInclude Include="src\Model\UserStructs.h">
      <Filter>Header Files</Filter>
    </ClInclude>
    <ClInclude Include="src\Model\xml.h">
      <Filter>Header Files</Filter>
    </ClInclude>
    <ClInclude Include="src\Network\HIS\GetNumenclature.h">
      <Filter>Header Files</Filter>
    </ClInclude>
    <ClInclude Include="src\Network\HIS\HisService.h">
      <Filter>Header Files</Filter>
    </ClInclude>
    <ClInclude Include="src\Network\HIS\HisToken.h">
      <Filter>Header Files</Filter>
    </ClInclude>
    <ClInclude Include="src\Network\NRA\NraStatusService.h">
      <Filter>Header Files</Filter>
    </ClInclude>
    <ClInclude Include="src\Network\PIS\DentalActivitiesService.h">
      <Filter>Header Files</Filter>
    </ClInclude>
    <ClInclude Include="src\Network\PIS\DiagnosisService.h">
      <Filter>Header Files</Filter>
    </ClInclude>
    <ClInclude Include="src\Network\PIS\GetHirbnoService.h">
      <Filter>Header Files</Filter>
    </ClInclude>
    <ClInclude Include="src\Network\PIS\GetMonthNotifListService.h">
      <Filter>Header Files</Filter>
    </ClInclude>
    <ClInclude Include="src\Network\PIS\GetMonthNotifService.h">
      <Filter>Header Files</Filter>
    </ClInclude>
    <ClInclude Include="src\Network\PIS\PisService.h">
      <Filter>Header Files</Filter>
    </ClInclude>
    <ClInclude Include="src\Network\PIS\SendFileService.h">
      <Filter>Header Files</Filter>
    </ClInclude>
    <ClInclude Include="src\Network\AbstractReplyHandler.h">
      <Filter>Header Files</Filter>
    </ClInclude>
    <ClInclude Include="src\Network\Base64Convert.h">
      <Filter>Header Files</Filter>
    </ClInclude>
    <ClInclude Include="src\Network\NetworkManager.h">
      <Filter>Header Files</Filter>
    </ClInclude>
    <ClInclude Include="src\Network\PKCS11.h">
      <Filter>Header Files</Filter>
    </ClInclude>
    <ClInclude Include="src\Network\XmlSigner.h">
      <Filter>Header Files</Filter>
    </ClInclude>
    <ClInclude Include="src\Presenter\ProcedureCreator.h">
      <Filter>Header Files</Filter>
    </ClInclude>
    <ClInclude Include="src\Presenter\PracticeDialogPresenter.h">
      <Filter>Header Files</Filter>
    </ClInclude>
    <ClInclude Include="src\Presenter\ButtonSurfaceMatrix.h">
      <Filter>Header Files</Filter>
    </ClInclude>
    <ClInclude Include="src\Presenter\CheckModel.h">
      <Filter>Header Files</Filter>
    </ClInclude>
    <ClInclude Include="src\Presenter\DetailedStatusPresenter.h">
      <Filter>Header Files</Filter>
    </ClInclude>
    <ClInclude Include="src\Presenter\DoctorDialogPresenter.h">
      <Filter>Header Files</Filter>
    </ClInclude>
    <ClInclude Include="src\Presenter\FinancialPresenter.h">
      <Filter>Header Files</Filter>
    </ClInclude>
    <ClInclude Include="src\Presenter\InputEnums.h">
      <Filter>Header Files</Filter>
    </ClInclude>
    <ClInclude Include="src\Presenter\ListPresenter.h">
      <Filter>Header Files</Filter>
    </ClInclude>
    <ClInclude Include="src\Presenter\BrowserPresenter.h">
      <Filter>Header Files</Filter>
    </ClInclude>
    <ClInclude Include="src\Presenter\LoginPresenter.h">
      <Filter>Header Files</Filter>
    </ClInclude>
    <ClInclude Include="src\Presenter\MainPresenter.h">
      <Filter>Header Files</Filter>
    </ClInclude>
    <ClInclude Include="src\Presenter\MonthNotifPresenter.h">
      <Filter>Header Files</Filter>
    </ClInclude>
    <ClInclude Include="src\Presenter\PatientDialogPresenter.h">
      <Filter>Header Files</Filter>
    </ClInclude>
    <ClInclude Include="src\Presenter\PatientSummaryPresenter.h">
      <Filter>Header Files</Filter>
    </ClInclude>
    <ClInclude Include="src\Presenter\PerioPresenter.h">
      <Filter>Header Files</Filter>
    </ClInclude>
    <ClInclude Include="src\Presenter\PracticeSettingsPresenter.h">
      <Filter>Header Files</Filter>
    </ClInclude>
    <ClInclude Include="src\Presenter\ProcedureDialogPresenter.h">
      <Filter>Header Files</Filter>
    </ClInclude>
    <ClInclude Include="src\Presenter\ProcedureEditorPresenter.h">
      <Filter>Header Files</Filter>
    </ClInclude>
    <ClInclude Include="src\Presenter\ReportPresenter.h">
      <Filter>Header Files</Filter>
    </ClInclude>
    <ClInclude Include="src\Presenter\SettingsMainPresenter.h">
      <Filter>Header Files</Filter>
    </ClInclude>
    <ClInclude Include="src\Presenter\SurfacePanelPresenter.h">
      <Filter>Header Files</Filter>
    </ClInclude>
    <ClInclude Include="src\Presenter\TabInstance.h">
      <Filter>Header Files</Filter>
    </ClInclude>
    <ClInclude Include="src\Presenter\TabPresenter.h">
      <Filter>Header Files</Filter>
    </ClInclude>
    <ClInclude Include="src\DbUpdates\DbUpdates.h">
      <Filter>Header Files</Filter>
    </ClInclude>
    <ClInclude Include="src\DbUpdates\Updater.h">
      <Filter>Header Files</Filter>
    </ClInclude>
    <ClInclude Include="src\View\Graphics\ControlPanelPolygon.h">
      <Filter>Header Files</Filter>
    </ClInclude>
    <ClInclude Include="src\View\Graphics\CPTooth.h">
      <Filter>Header Files</Filter>
    </ClInclude>
    <ClInclude Include="src\View\Graphics\HexagonGraphicsItem.h">
      <Filter>Header Files</Filter>
    </ClInclude>
    <ClInclude Include="src\View\Graphics\PaintHint.h">
      <Filter>Header Files</Filter>
    </ClInclude>
    <ClInclude Include="src\View\Graphics\PerioChartItem.h">
      <Filter>Header Files</Filter>
    </ClInclude>
    <ClInclude Include="src\View\Graphics\PerioGraphicsButton.h">
      <Filter>Header Files</Filter>
    </ClInclude>
    <ClInclude Include="src\View\Graphics\PerioScene.h">
      <Filter>Header Files</Filter>
    </ClInclude>
    <ClInclude Include="src\View\Graphics\SelectionBox.h">
      <Filter>Header Files</Filter>
    </ClInclude>
    <ClInclude Include="src\View\Graphics\SpriteRect.h">
      <Filter>Header Files</Filter>
    </ClInclude>
    <ClInclude Include="src\View\Graphics\SpriteSheets.h">
      <Filter>Header Files</Filter>
    </ClInclude>
    <ClInclude Include="src\View\Graphics\ToothGraphicsItem.h">
      <Filter>Header Files</Filter>
    </ClInclude>
    <ClInclude Include="src\View\Graphics\ToothPainter.h">
      <Filter>Header Files</Filter>
    </ClInclude>
    <ClInclude Include="src\View\Graphics\ToothSprite.h">
      <Filter>Header Files</Filter>
    </ClInclude>
    <ClInclude Include="src\View\Interfaces\AbstractComboBox.h">
      <Filter>Header Files</Filter>
    </ClInclude>
    <ClInclude Include="src\View\Interfaces\AbstractDateEdit.h">
      <Filter>Header Files</Filter>
    </ClInclude>
    <ClInclude Include="src\View\Interfaces\AbstractLabel.h">
      <Filter>Header Files</Filter>
    </ClInclude>
    <ClInclude Include="src\View\Interfaces\AbstractLineEdit.h">
      <Filter>Header Files</Filter>
    </ClInclude>
    <ClInclude Include="src\View\Interfaces\AbstractRangeEdit.h">
      <Filter>Header Files</Filter>
    </ClInclude>
    <ClInclude Include="src\View\Interfaces\AbstractSpinBox.h">
      <Filter>Header Files</Filter>
    </ClInclude>
    <ClInclude Include="src\View\Interfaces\AbstractSurfaceSelector.h">
      <Filter>Header Files</Filter>
    </ClInclude>
    <ClInclude Include="src\View\Interfaces\AbstractUIElement.h">
      <Filter>Header Files</Filter>
    </ClInclude>
    <ClInclude Include="src\View\Interfaces\IPracticeDialog.h">
      <Filter>Header Files</Filter>
    </ClInclude>
    <ClInclude Include="src\View\Interfaces\IAllergiesDialog.h">
      <Filter>Header Files</Filter>
    </ClInclude>
    <ClInclude Include="src\View\Interfaces\IProcedureInput.h">
      <Filter>Header Files</Filter>
    </ClInclude>
    <ClInclude Include="src\View\Interfaces\ICrownView.h">
      <Filter>Header Files</Filter>
    </ClInclude>
    <ClInclude Include="src\View\Interfaces\IDetailedStatusView.h">
      <Filter>Header Files</Filter>
    </ClInclude>
    <ClInclude Include="src\View\Interfaces\IDoctorSettingsDialog.h">
      <Filter>Header Files</Filter>
    </ClInclude>
    <ClInclude Include="src\View\Interfaces\IFinancialView.h">
      <Filter>Header Files</Filter>
    </ClInclude>
    <ClInclude Include="src\View\Interfaces\IImplantView.h">
      <Filter>Header Files</Filter>
    </ClInclude>
    <ClInclude Include="src\View\Interfaces\IBrowserDialog.h">
      <Filter>Header Files</Filter>
    </ClInclude>
    <ClInclude Include="src\View\Interfaces\IListView.h">
      <Filter>Header Files</Filter>
    </ClInclude>
    <ClInclude Include="src\View\Interfaces\ILoginView.h">
      <Filter>Header Files</Filter>
    </ClInclude>
    <ClInclude Include="src\View\Interfaces\IMainView.h">
      <Filter>Header Files</Filter>
    </ClInclude>
    <ClInclude Include="src\View\Interfaces\IMonthNotifView.h">
      <Filter>Header Files</Filter>
    </ClInclude>
    <ClInclude Include="src\View\Interfaces\IObturationView.h">
      <Filter>Header Files</Filter>
    </ClInclude>
    <ClInclude Include="src\View\Interfaces\IPacticeSettings.h">
      <Filter>Header Files</Filter>
    </ClInclude>
    <ClInclude Include="src\View\Interfaces\IPatientDialog.h">
      <Filter>Header Files</Filter>
    </ClInclude>
    <ClInclude Include="src\View\Interfaces\IPatientSummaryView.h">
      <Filter>Header Files</Filter>
    </ClInclude>
    <ClInclude Include="src\View\Interfaces\IPerioView.h">
      <Filter>Header Files</Filter>
    </ClInclude>
    <ClInclude Include="src\View\Interfaces\IPracticeDoctorSettings.h">
      <Filter>Header Files</Filter>
    </ClInclude>
    <ClInclude Include="src\View\Interfaces\IProcedureDialog.h">
      <Filter>Header Files</Filter>
    </ClInclude>
    <ClInclude Include="src\View\Interfaces\IProcedureEditDialog.h">
      <Filter>Header Files</Filter>
    </ClInclude>
    <ClInclude Include="src\View\Interfaces\IReportView.h">
      <Filter>Header Files</Filter>
    </ClInclude>
    <ClInclude Include="src\View\Interfaces\ISettingsDialog.h">
      <Filter>Header Files</Filter>
    </ClInclude>
    <ClInclude Include="src\View\Interfaces\ISurfacePanel.h">
      <Filter>Header Files</Filter>
    </ClInclude>
    <ClInclude Include="src\View\Interfaces\ITabView.h">
      <Filter>Header Files</Filter>
    </ClInclude>
    <ClInclude Include="src\View\TableModels\BusinessOperationModel.h">
      <Filter>Header Files</Filter>
    </ClInclude>
    <ClInclude Include="src\View\TableModels\QProcedure.h">
      <Filter>Header Files</Filter>
    </ClInclude>
    <ClInclude Include="src\View\uiComponents\AutoCompleteLineEdit.h">
      <Filter>Header Files</Filter>
    </ClInclude>
    <ClInclude Include="src\View\uiComponents\FinancialTileButton.h">
      <Filter>Header Files</Filter>
    </ClInclude>
    <ClInclude Include="src\View\uiComponents\TileButton.h">
      <Filter>Header Files</Filter>
    </ClInclude>
    <ClInclude Include="src\View\Widgets\ReportDialogResult.h">
      <Filter>Header Files</Filter>
    </ClInclude>
    <ClInclude Include="src\View\Widgets\ToothUi.h">
      <Filter>Header Files</Filter>
    </ClInclude>
    <ClInclude Include="src\View\GlobalFunctions.h">
      <Filter>Header Files</Filter>
    </ClInclude>
    <ClInclude Include="src\View\ModalDialogBuilder.h">
      <Filter>Header Files</Filter>
    </ClInclude>
    <ClInclude Include="src\View\Printer.h">
      <Filter>Header Files</Filter>
    </ClInclude>
    <ClInclude Include="src\View\Theme.h">
      <Filter>Header Files</Filter>
    </ClInclude>
    <ClInclude Include="src\Resources.h">
      <Filter>Header Files</Filter>
    </ClInclude>
    <ClInclude Include="include\sqLite3\sqlite3.h">
      <Filter>Header Files</Filter>
    </ClInclude>
    <ClInclude Include="include\sqLite3\sqlite3ext.h">
      <Filter>Header Files</Filter>
    </ClInclude>
    <ClInclude Include="include\TinyXML\tinystr.h">
      <Filter>Header Files</Filter>
    </ClInclude>
    <ClInclude Include="include\TinyXML\tinyxml.h">
      <Filter>Header Files</Filter>
    </ClInclude>
    <ClInclude Include="src\Model\Prescription\Prescription.h">
      <Filter>Header Files</Filter>
    </ClInclude>
    <ClInclude Include="src\Model\Prescription\Medication.h">
      <Filter>Header Files</Filter>
    </ClInclude>
    <ClInclude Include="src\Model\Prescription\Dosage.h">
      <Filter>Header Files</Filter>
    </ClInclude>
    <ClInclude Include="src\Network\HIS\UpdateMedications.h">
      <Filter>Header Files</Filter>
    </ClInclude>
    <ClInclude Include="src\Presenter\PrescriptionPresenter.h">
      <Filter>Header Files</Filter>
    </ClInclude>
    <ClInclude Include="src\View\Interfaces\IPrescriptionView.h">
      <Filter>Header Files</Filter>
    </ClInclude>
    <ClInclude Include="src\View\Interfaces\IMedicationDialog.h">
      <Filter>Header Files</Filter>
    </ClInclude>
    <ClInclude Include="src\Presenter\MedicationPresenter.h">
      <Filter>Header Files</Filter>
    </ClInclude>
    <ClInclude Include="src\Presenter\DosagePresenter.h">
      <Filter>Header Files</Filter>
    </ClInclude>
    <ClInclude Include="src\View\Interfaces\IDosageDialog.h">
      <Filter>Header Files</Filter>
    </ClInclude>
    <ClInclude Include="src\Model\Prescription\TimeLapse.h">
      <Filter>Header Files</Filter>
    </ClInclude>
    <ClInclude Include="src\Model\Prescription\DoseQuantity.h">
      <Filter>Header Files</Filter>
    </ClInclude>
    <ClInclude Include="src\Model\Prescription\Route.h">
      <Filter>Header Files</Filter>
    </ClInclude>
    <ClInclude Include="src\Model\Validators\PrescriptionValidators.h">
      <Filter>Header Files</Filter>
    </ClInclude>
    <ClInclude Include="src\Model\Prescription\WhenToTake.h">
      <Filter>Header Files</Filter>
    </ClInclude>
    <ClInclude Include="src\View\TableModels\MedicationTableModel.h">
      <Filter>Header Files</Filter>
    </ClInclude>
    <ClInclude Include="src\Model\Prescription\Dispensation.h">
      <Filter>Header Files</Filter>
    </ClInclude>
    <ClInclude Include="src\Database\DbPrescription.h">
      <Filter>Header Files</Filter>
    </ClInclude>
    <ClInclude Include="src\Network\HIS\EPrescription.h">
      <Filter>Header Files</Filter>
    </ClInclude>
    <ClInclude Include="src\Presenter\PatientInfoPresenter.h">
      <Filter>Header Files</Filter>
    </ClInclude>
    <ClInclude Include="src\View\Interfaces\IPatientTileInfo.h">
      <Filter>Header Files</Filter>
    </ClInclude>
    <ClInclude Include="src\Database\DbUpdateStatus.h">
      <Filter>Header Files</Filter>
    </ClInclude>
    <ClInclude Include="src\Network\DynamicNumenclatures.h">
      <Filter>Header Files</Filter>
    </ClInclude>
    <ClInclude Include="src\Model\DynamicNum.h">
      <Filter>Header Files</Filter>
    </ClInclude>
    <ClInclude Include="src\Network\PIS\ReportFilesService.h">
      <Filter>Header Files</Filter>
    </ClInclude>
    <ClInclude Include="src\Model\Dental\ReportFile.h">
      <Filter>Header Files</Filter>
    </ClInclude>
    <ClInclude Include="src\View\Interfaces\IReportFilesView.h">
      <Filter>Header Files</Filter>
    </ClInclude>
    <ClInclude Include="src\Presenter\ReportFilesPresenter.h">
      <Filter>Header Files</Filter>
    </ClInclude>
    <ClInclude Include="src\View\uiComponents\MouseWheelGuard.h">
      <Filter>Header Files</Filter>
    </ClInclude>
    <ClInclude Include="resource.h">
      <Filter>Header Files</Filter>
    </ClInclude>
    <ClInclude Include="src\Presenter\PracticeManagerPresenter.h">
      <Filter>Header Files</Filter>
    </ClInclude>
    <ClInclude Include="src\View\Interfaces\IPracticeSelectorView.h">
      <Filter>Header Files</Filter>
    </ClInclude>
    <ClInclude Include="src\GlobalSettings.h">
      <Filter>Header Files</Filter>
    </ClInclude>
    <ClInclude Include="src\Network\UpdateService\UpdateService.h">
      <Filter>Header Files</Filter>
    </ClInclude>
    <ClInclude Include="src\Model\NumenclatureTemplate.h">
      <Filter>Header Files</Filter>
    </ClInclude>
    <ClInclude Include="src\Model\Referrals\Referral.h">
      <Filter>Header Files</Filter>
    </ClInclude>
    <ClInclude Include="src\Model\Referrals\RefNum.h">
      <Filter>Header Files</Filter>
    </ClInclude>
    <ClInclude Include="src\Model\Referrals\ReferralData.h">
      <Filter>Header Files</Filter>
    </ClInclude>
    <ClInclude Include="src\Presenter\ReferralPresenter.h">
      <Filter>Header Files</Filter>
    </ClInclude>
    <ClInclude Include="src\View\Interfaces\IReferralDialog.h">
      <Filter>Header Files</Filter>
    </ClInclude>
    <ClInclude Include="src\Database\DbReferral.h">
      <Filter>Header Files</Filter>
    </ClInclude>
    <ClInclude Include="src\Model\Referrals\NumberVariant.h">
      <Filter>Header Files</Filter>
    </ClInclude>
    <ClInclude Include="src\View\Graphics\Zodiac.h">
      <Filter>Header Files</Filter>
    </ClInclude>
    <ClInclude Include="src\Model\Dental\DentalStatistics.h">
      <Filter>Header Files</Filter>
    </ClInclude>
    <ClInclude Include="src\Database\DbStatistics.h">
      <Filter>Header Files</Filter>
    </ClInclude>
    <ClInclude Include="src\Presenter\StatisticDialogPresenter.h">
      <Filter>Header Files</Filter>
    </ClInclude>
    <ClInclude Include="src\View\Interfaces\IStatisticDialogView.h">
      <Filter>Header Files</Filter>
    </ClInclude>
    <ClInclude Include="src\Model\Specialty.h">
      <Filter>Header Files</Filter>
    </ClInclude>
    <ClInclude Include="src\Network\HIS\EDental.h">
      <Filter>Header Files</Filter>
    </ClInclude>
    <ClInclude Include="src\Model\Dental\ProcedureCode.h">
      <Filter>Header Files</Filter>
    </ClInclude>
    <ClInclude Include="src\Network\HIS\EReferral.h">
      <Filter>Header Files</Filter>
    </ClInclude>
    <ClInclude Include="src\Version.h">
      <Filter>Header Files</Filter>
    </ClInclude>
    <ClInclude Include="src\QtVersion.h">
      <Filter>Header Files</Filter>
    </ClInclude>
    <ClInclude Include="src\Model\MedicalStatuses.h">
      <Filter>Header Files</Filter>
    </ClInclude>
    <ClInclude Include="src\Model\Dental\ProcedureListElement.h">
      <Filter>Header Files</Filter>
    </ClInclude>
    <ClInclude Include="src\Model\Dental\ToothIndex.h">
      <Filter>Header Files</Filter>
    </ClInclude>
    <ClInclude Include="src\View\Widgets\GlobalWidgets.h">
      <Filter>Header Files</Filter>
    </ClInclude>
    <ClInclude Include="src\Presenter\ProcedureHistoryPresenter.h">
      <Filter>Header Files</Filter>
    </ClInclude>
    <ClInclude Include="src\View\Interfaces\IProcedureHistoryDialog.h">
      <Filter>Header Files</Filter>
    </ClInclude>
    <ClInclude Include="src\Network\NRA\NssiPentionService.h">
      <Filter>Header Files</Filter>
    </ClInclude>
    <ClInclude Include="src\View\uiComponents\ShortcutTile.h">
      <Filter>Header Files</Filter>
    </ClInclude>
    <ClInclude Include="src\Model\Patient.h">
      <Filter>Header Files</Filter>
    </ClInclude>
    <ClInclude Include="src\Model\Financial\FiscalReceipt.h">
      <Filter>Header Files</Filter>
    </ClInclude>
    <ClInclude Include="src\Database\DbFiscalReceipt.h">
      <Filter>Header Files</Filter>
    </ClInclude>
    <ClInclude Include="src\Presenter\FiscalReceiptPresenter.h">
      <Filter>Header Files</Filter>
    </ClInclude>
    <ClInclude Include="src\View\Interfaces\IFiscalReceiptDialog.h">
      <Filter>Header Files</Filter>
    </ClInclude>
    <ClInclude Include="src\Presenter\FiscalReportPresenter.h">
      <Filter>Header Files</Filter>
    </ClInclude>
    <ClInclude Include="src\View\Interfaces\IFiscalReportView.h">
      <Filter>Header Files</Filter>
    </ClInclude>
    <ClInclude Include="src\Network\HIS\HISHistoryAlgorithms.h">
      <Filter>Header Files</Filter>
    </ClInclude>
    <ClInclude Include="src\Network\Telemetry.h">
      <Filter>Header Files</Filter>
    </ClInclude>
    <ClInclude Include="src\Presenter\RecipientPresenter.h">
      <Filter>Header Files</Filter>
    </ClInclude>
    <ClInclude Include="src\Model\Validators\RecipientIdValidator.h">
      <Filter>Header Files</Filter>
    </ClInclude>
    <ClInclude Include="src\Model\Country.h">
      <Filter>Header Files</Filter>
    </ClInclude>
    <ClInclude Include="src\Model\Foreigner.h">
      <Filter>Header Files</Filter>
    </ClInclude>
    <ClInclude Include="src\Database\DbTelemetry.h">
      <Filter>Header Files</Filter>
    </ClInclude>
    <ClInclude Include="src\Model\MedicalNotice.h">
      <Filter>Header Files</Filter>
    </ClInclude>
    <ClInclude Include="src\Network\HIS\EMedicalNotice.h">
      <Filter>Header Files</Filter>
    </ClInclude>
    <ClInclude Include="src\Database\DbMedicalNotice.h">
      <Filter>Header Files</Filter>
    </ClInclude>
    <ClInclude Include="src\View\Widgets\SplashScreen.h">
      <Filter>Header Files</Filter>
    </ClInclude>
    <ClInclude Include="src\Tests\CrudTest.h">
      <Filter>Header Files</Filter>
    </ClInclude>
    <ClInclude Include="src\Model\Dental\SupernumeralPrint.h">
      <Filter>Header Files</Filter>
    </ClInclude>
    <ClInclude Include="src\Network\HIS\EAllergy.h">
      <Filter>Header Files</Filter>
    </ClInclude>
    <ClInclude Include="src\Model\Allergy.h">
      <Filter>Header Files</Filter>
    </ClInclude>
    <ClInclude Include="src\Presenter\MedicalStatusPresenter.h">
      <Filter>Header Files</Filter>
    </ClInclude>
    <ClInclude Include="src\Model\Dental\HisSnapshot.h">
      <Filter>Header Files</Filter>
    </ClInclude>
    <ClInclude Include="src\Network\PIS\GetFileService.h">
      <Filter>Header Files</Filter>
    </ClInclude>
    <ClInclude Include="src\Network\PIS\PisReportParser.h">
      <Filter>Header Files</Filter>
    </ClInclude>
    <ClInclude Include="src\Presenter\PisImportPresenter.h">
      <Filter>Header Files</Filter>
    </ClInclude>
    <ClInclude Include="src\Network\HIS\EHospitalization.h">
      <Filter>Header Files</Filter>
    </ClInclude>
    <ClInclude Include="src\Model\Hospitalization.h">
      <Filter>Header Files</Filter>
    </ClInclude>
    <ClInclude Include="src\Model\PlainTable.h">
      <Filter>Header Files</Filter>
    </ClInclude>
    <ClInclude Include="include\json\json.h">
      <Filter>Header Files</Filter>
    </ClInclude>
    <ClInclude Include="include\json\json-forwards.h">
      <Filter>Header Files</Filter>
    </ClInclude>
  </ItemGroup>
  <ItemGroup>
    <QtMoc Include="src\View\SubWidgets\ContextMenu.h">
      <Filter>Header Files</Filter>
    </QtMoc>
    <QtMoc Include="src\View\Graphics\GraphicsView.h">
      <Filter>Header Files</Filter>
    </QtMoc>
    <QtMoc Include="src\View\Graphics\TeethBuccalScene.h">
      <Filter>Header Files</Filter>
    </QtMoc>
    <QtMoc Include="src\View\Graphics\TeethLingualScene.h">
      <Filter>Header Files</Filter>
    </QtMoc>
    <QtMoc Include="src\View\Graphics\TeethViewScene.h">
      <Filter>Header Files</Filter>
    </QtMoc>
    <QtMoc Include="src\View\TableModels\MonthNotifTableModel.h">
      <Filter>Header Files</Filter>
    </QtMoc>
    <QtMoc Include="src\View\TableModels\ProcedureSelectModel.h">
      <Filter>Header Files</Filter>
    </QtMoc>
    <QtMoc Include="src\View\TableModels\ProcedureTableModel.h">
      <Filter>Header Files</Filter>
    </QtMoc>
    <QtMoc Include="src\View\TableModels\ProcedureTemplateModel.h">
      <Filter>Header Files</Filter>
    </QtMoc>
    <QtMoc Include="src\View\SubWidgets\ProcedureInput.h">
      <Filter>Header Files</Filter>
    </QtMoc>
    <QtMoc Include="src\View\SubWidgets\ControlPanel.h">
      <Filter>Header Files</Filter>
    </QtMoc>
    <QtMoc Include="src\View\SubWidgets\PerioStatisticView.h">
      <Filter>Header Files</Filter>
    </QtMoc>
    <QtMoc Include="src\View\SubWidgets\RangeWidget.h">
      <Filter>Header Files</Filter>
    </QtMoc>
    <QtMoc Include="src\View\SubWidgets\SurfacePanel.h">
      <Filter>Header Files</Filter>
    </QtMoc>
    <QtMoc Include="src\View\SubWidgets\SurfaceSelector.h">
      <Filter>Header Files</Filter>
    </QtMoc>
    <QtMoc Include="src\View\SubWidgets\TabTitle.h">
      <Filter>Header Files</Filter>
    </QtMoc>
    <QtMoc Include="src\View\SubWidgets\VitaWidget.h">
      <Filter>Header Files</Filter>
    </QtMoc>
    <QtMoc Include="src\View\uiComponents\ComboBox.h">
      <Filter>Header Files</Filter>
    </QtMoc>
    <QtMoc Include="src\View\uiComponents\CustomDateEdit.h">
      <Filter>Header Files</Filter>
    </QtMoc>
    <QtMoc Include="src\View\uiComponents\DateEdit.h">
      <Filter>Header Files</Filter>
    </QtMoc>
    <QtMoc Include="src\View\uiComponents\FurcationWidget.h">
      <Filter>Header Files</Filter>
    </QtMoc>
    <QtMoc Include="src\View\uiComponents\HalfRoundedButton.h">
      <Filter>Header Files</Filter>
    </QtMoc>
    <QtMoc Include="src\View\uiComponents\IconButton.h">
      <Filter>Header Files</Filter>
    </QtMoc>
    <QtMoc Include="src\View\uiComponents\LeadingZeroSpinBox.h">
      <Filter>Header Files</Filter>
    </QtMoc>
    <QtMoc Include="src\View\uiComponents\LineEdit.h">
      <Filter>Header Files</Filter>
    </QtMoc>
    <QtMoc Include="src\View\uiComponents\ListTable.h">
      <Filter>Header Files</Filter>
    </QtMoc>
    <QtMoc Include="src\View\uiComponents\NameEdit.h">
      <Filter>Header Files</Filter>
    </QtMoc>
    <QtMoc Include="src\View\uiComponents\PerioButton.h">
      <Filter>Header Files</Filter>
    </QtMoc>
    <QtMoc Include="src\View\uiComponents\PerioSpinBox.h">
      <Filter>Header Files</Filter>
    </QtMoc>
    <QtMoc Include="src\View\uiComponents\PerioStateButton.h">
      <Filter>Header Files</Filter>
    </QtMoc>
    <QtMoc Include="src\View\uiComponents\PerioTable.h">
      <Filter>Header Files</Filter>
    </QtMoc>
    <QtMoc Include="src\View\uiComponents\PixmapLabel.h">
      <Filter>Header Files</Filter>
    </QtMoc>
    <QtMoc Include="src\View\uiComponents\TableView.h">
      <Filter>Header Files</Filter>
    </QtMoc>
    <QtMoc Include="src\View\uiComponents\SpinBox.h">
      <Filter>Header Files</Filter>
    </QtMoc>
    <QtMoc Include="src\View\uiComponents\TextEdit.h">
      <Filter>Header Files</Filter>
    </QtMoc>
    <QtMoc Include="src\View\uiComponents\ToothButton.h">
      <Filter>Header Files</Filter>
    </QtMoc>
    <QtMoc Include="src\View\uiComponents\UserButton.h">
      <Filter>Header Files</Filter>
    </QtMoc>
    <QtMoc Include="src\View\Widgets\PracticeDialog.h">
      <Filter>Header Files</Filter>
    </QtMoc>
    <QtMoc Include="src\View\Widgets\BrowserDialog.h">
      <Filter>Header Files</Filter>
    </QtMoc>
    <QtMoc Include="src\View\Widgets\BusinessOperationDialog.h">
      <Filter>Header Files</Filter>
    </QtMoc>
    <QtMoc Include="src\View\Widgets\DetailedStatus.h">
      <Filter>Header Files</Filter>
    </QtMoc>
    <QtMoc Include="src\View\Widgets\DoctorSettingsDialog.h">
      <Filter>Header Files</Filter>
    </QtMoc>
    <QtMoc Include="src\View\Widgets\FinancialView.h">
      <Filter>Header Files</Filter>
    </QtMoc>
    <QtMoc Include="src\View\Widgets\TableViewDialog.h">
      <Filter>Header Files</Filter>
    </QtMoc>
    <QtMoc Include="src\View\Widgets\ListView.h">
      <Filter>Header Files</Filter>
    </QtMoc>
    <QtMoc Include="src\View\Widgets\LoginView.h">
      <Filter>Header Files</Filter>
    </QtMoc>
    <QtMoc Include="src\View\Widgets\MonthNotifView.h">
      <Filter>Header Files</Filter>
    </QtMoc>
    <QtMoc Include="src\View\Widgets\PatientFormDialog.h">
      <Filter>Header Files</Filter>
    </QtMoc>
    <QtMoc Include="src\View\Widgets\PatientSummary.h">
      <Filter>Header Files</Filter>
    </QtMoc>
    <QtMoc Include="src\View\Widgets\PerioStatusView.h">
      <Filter>Header Files</Filter>
    </QtMoc>
    <QtMoc Include="src\View\Widgets\PerioView.h">
      <Filter>Header Files</Filter>
    </QtMoc>
    <QtMoc Include="src\View\Widgets\PinPromptDialog.h">
      <Filter>Header Files</Filter>
    </QtMoc>
    <QtMoc Include="src\View\Widgets\ProcedureHistoryDialog.h">
      <Filter>Header Files</Filter>
    </QtMoc>
    <QtMoc Include="src\View\Widgets\PracticeListDialog.h">
      <Filter>Header Files</Filter>
    </QtMoc>
    <QtMoc Include="src\View\Widgets\PracticeSettings.h">
      <Filter>Header Files</Filter>
    </QtMoc>
    <QtMoc Include="src\View\Widgets\ProcedureDialog.h">
      <Filter>Header Files</Filter>
    </QtMoc>
    <QtMoc Include="src\View\Widgets\ProcedureEditDialog.h">
      <Filter>Header Files</Filter>
    </QtMoc>
    <QtMoc Include="src\View\Widgets\ProcedurePrintSelectDialog.h">
      <Filter>Header Files</Filter>
    </QtMoc>
    <QtMoc Include="src\View\Widgets\RecipientEditView.h">
      <Filter>Header Files</Filter>
    </QtMoc>
    <QtMoc Include="src\View\Widgets\MultilineDialog.h">
      <Filter>Header Files</Filter>
    </QtMoc>
    <QtMoc Include="src\View\Widgets\ReportView.h">
      <Filter>Header Files</Filter>
    </QtMoc>
    <QtMoc Include="src\View\Widgets\SaveDialog.h">
      <Filter>Header Files</Filter>
    </QtMoc>
    <QtMoc Include="src\View\Widgets\SettingsDialog.h">
      <Filter>Header Files</Filter>
    </QtMoc>
    <QtMoc Include="src\View\Widgets\TabView.h">
      <Filter>Header Files</Filter>
    </QtMoc>
    <QtMoc Include="src\View\Widgets\DinoDent.h">
      <Filter>Header Files</Filter>
    </QtMoc>
    <QtMoc Include="src\View\Widgets\UpdateDialog.h">
      <Filter>Header Files</Filter>
    </QtMoc>
    <QtMoc Include="src\View\Widgets\PrescriptionView.h">
      <Filter>Header Files</Filter>
    </QtMoc>
    <QtMoc Include="src\View\Widgets\MedicationDialog.h">
      <Filter>Header Files</Filter>
    </QtMoc>
    <QtMoc Include="src\View\Widgets\DosageDialog.h">
      <Filter>Header Files</Filter>
    </QtMoc>
    <QtMoc Include="src\View\Widgets\InputDialog.h">
      <Filter>Header Files</Filter>
    </QtMoc>
    <QtMoc Include="src\View\uiComponents\HoverButton.h">
      <Filter>Header Files</Filter>
    </QtMoc>
    <QtMoc Include="src\View\SubWidgets\PatientTileInfo.h">
      <Filter>Header Files</Filter>
    </QtMoc>
    <QtMoc Include="src\View\Widgets\ReportFilesView.h">
      <Filter>Header Files</Filter>
    </QtMoc>
    <QtMoc Include="src\View\TableModels\ReportFilesModel.h">
      <Filter>Header Files</Filter>
    </QtMoc>
    <QtMoc Include="src\View\Widgets\InvoicePrintDialog.h">
      <Filter>Header Files</Filter>
    </QtMoc>
    <QtMoc Include="src\View\Widgets\PracticeSelectorView.h">
      <Filter>Header Files</Filter>
    </QtMoc>
    <QtMoc Include="src\View\Widgets\UpdateDownloader.h">
      <Filter>Header Files</Filter>
    </QtMoc>
    <QtMoc Include="src\View\Widgets\ReferralDialog.h">
      <Filter>Header Files</Filter>
    </QtMoc>
    <QtMoc Include="src\View\TableModels\MKBModel.h">
      <Filter>Header Files</Filter>
    </QtMoc>
    <QtMoc Include="src\View\SubWidgets\ReferralTile.h">
      <Filter>Header Files</Filter>
    </QtMoc>
    <QtMoc Include="src\View\Widgets\ButtonDialog.h">
      <Filter>Header Files</Filter>
    </QtMoc>
    <QtMoc Include="src\View\uiComponents\RightClickButton.h">
      <Filter>Header Files</Filter>
    </QtMoc>
    <QtMoc Include="src\View\Widgets\StatisticDialogView.h">
      <Filter>Header Files</Filter>
    </QtMoc>
    <QtMoc Include="src\View\TableModels\StatisticTableModel.h">
      <Filter>Header Files</Filter>
    </QtMoc>
    <QtMoc Include="src\View\uiComponents\StatusMultiButton.h">
      <Filter>Header Files</Filter>
    </QtMoc>
    <QtMoc Include="src\View\TableModels\SpecialtyTableModel.h">
      <Filter>Header Files</Filter>
    </QtMoc>
    <QtMoc Include="src\View\uiComponents\CustomDateTimeEdit.h">
      <Filter>Header Files</Filter>
    </QtMoc>
    <QtMoc Include="src\View\TableModels\ProcedureCodeModel.h">
      <Filter>Header Files</Filter>
    </QtMoc>
    <QtMoc Include="src\View\Widgets\UpdatePromptDialog.h">
      <Filter>Header Files</Filter>
    </QtMoc>
    <QtMoc Include="src\View\Widgets\MedicalStatusDialog.h">
      <Filter>Header Files</Filter>
    </QtMoc>
    <QtMoc Include="src\View\SubWidgets\MedicalStatusWidget.h">
      <Filter>Header Files</Filter>
    </QtMoc>
    <QtMoc Include="src\View\uiComponents\StatusButton.h">
      <Filter>Header Files</Filter>
    </QtMoc>
    <QtMoc Include="src\View\SubWidgets\DsnMenu.h">
      <Filter>Header Files</Filter>
    </QtMoc>
    <QtMoc Include="src\View\uiComponents\CustomButton.h">
      <Filter>Header Files</Filter>
    </QtMoc>
    <QtMoc Include="src\View\Widgets\AboutDialog.h">
      <Filter>Header Files</Filter>
    </QtMoc>
    <QtMoc Include="src\View\Widgets\WelcomeWidget.h">
      <Filter>Header Files</Filter>
    </QtMoc>
    <QtMoc Include="src\View\uiComponents\TextBrowser.h">
      <Filter>Header Files</Filter>
    </QtMoc>
    <QtMoc Include="src\View\Widgets\FiscalReceiptDialog.h">
      <Filter>Header Files</Filter>
    </QtMoc>
    <QtMoc Include="src\View\Widgets\FiscalReportView.h">
      <Filter>Header Files</Filter>
    </QtMoc>
    <QtMoc Include="src\View\Widgets\PisDialog.h">
      <Filter>Header Files</Filter>
    </QtMoc>
    <QtMoc Include="src\View\TableModels\FiscalReceiptTableModel.h">
      <Filter>Header Files</Filter>
    </QtMoc>
    <QtMoc Include="src\View\Widgets\MedicalNoticeDialog.h">
      <Filter>Header Files</Filter>
    </QtMoc>
    <QtMoc Include="src\View\uiComponents\BigPushButton.h">
      <Filter>Header Files</Filter>
    </QtMoc>
    <QtMoc Include="src\View\SubWidgets\MedicalNoticeTile.h">
      <Filter>Header Files</Filter>
    </QtMoc>
    <QtMoc Include="src\View\Widgets\AllergyDialog.h">
      <Filter>Header Files</Filter>
    </QtMoc>
    <QtMoc Include="src\View\Widgets\PisImportView.h">
      <Filter>Header Files</Filter>
    </QtMoc>
    <QtMoc Include="src\View\TableModels\HospitalizationTableModel.h">
      <Filter>Header Files</Filter>
    </QtMoc>
    <QtMoc Include="src\View\TableModels\PlainTableModel.h">
      <Filter>Header Files</Filter>
    </QtMoc>
  </ItemGroup>
  <ItemGroup>
    <QtUic Include="src\View\Widgets\PracticeDialog.ui">
      <Filter>Form Files</Filter>
    </QtUic>
    <QtUic Include="src\View\Widgets\BrowserDialog.ui">
      <Filter>Form Files</Filter>
    </QtUic>
    <QtUic Include="src\View\Widgets\BusinessOperationDialog.ui">
      <Filter>Form Files</Filter>
    </QtUic>
    <QtUic Include="src\View\Widgets\DetailedStatus.ui">
      <Filter>Form Files</Filter>
    </QtUic>
    <QtUic Include="src\View\Widgets\DoctorSettingsDialog.ui">
      <Filter>Form Files</Filter>
    </QtUic>
    <QtUic Include="src\View\Widgets\FinancialView.ui">
      <Filter>Form Files</Filter>
    </QtUic>
    <QtUic Include="src\View\Widgets\TableViewDialog.ui">
      <Filter>Form Files</Filter>
    </QtUic>
    <QtUic Include="src\View\Widgets\ListView.ui">
      <Filter>Form Files</Filter>
    </QtUic>
    <QtUic Include="src\View\Widgets\LoginView.ui">
      <Filter>Form Files</Filter>
    </QtUic>
    <QtUic Include="src\View\Widgets\MonthNotifView.ui">
      <Filter>Form Files</Filter>
    </QtUic>
    <QtUic Include="src\View\Widgets\PatientFormDialog.ui">
      <Filter>Form Files</Filter>
    </QtUic>
    <QtUic Include="src\View\Widgets\PatientSummary.ui">
      <Filter>Form Files</Filter>
    </QtUic>
    <QtUic Include="src\View\Widgets\PerioStatusView.ui">
      <Filter>Form Files</Filter>
    </QtUic>
    <QtUic Include="src\View\Widgets\PerioView.ui">
      <Filter>Form Files</Filter>
    </QtUic>
    <QtUic Include="src\View\Widgets\PinPromptDialog.ui">
      <Filter>Form Files</Filter>
    </QtUic>
    <QtUic Include="src\View\Widgets\PisDialog.ui">
      <Filter>Form Files</Filter>
    </QtUic>
    <QtUic Include="src\View\Widgets\ProcedureHistoryDialog.ui">
      <Filter>Form Files</Filter>
    </QtUic>
    <QtUic Include="src\View\Widgets\PracticeListDialog.ui">
      <Filter>Form Files</Filter>
    </QtUic>
    <QtUic Include="src\View\Widgets\PracticeSettings.ui">
      <Filter>Form Files</Filter>
    </QtUic>
    <QtUic Include="src\View\Widgets\ProcedureDialog.ui">
      <Filter>Form Files</Filter>
    </QtUic>
    <QtUic Include="src\View\Widgets\ProcedureEditDialog.ui">
      <Filter>Form Files</Filter>
    </QtUic>
    <QtUic Include="src\View\Widgets\ProcedurePrintSelectDialog.ui">
      <Filter>Form Files</Filter>
    </QtUic>
    <QtUic Include="src\View\Widgets\RecipientEditView.ui">
      <Filter>Form Files</Filter>
    </QtUic>
    <QtUic Include="src\View\Widgets\MultilineDialog.ui">
      <Filter>Form Files</Filter>
    </QtUic>
    <QtUic Include="src\View\Widgets\ReportView.ui">
      <Filter>Form Files</Filter>
    </QtUic>
    <QtUic Include="src\View\Widgets\SettingsDialog.ui">
      <Filter>Form Files</Filter>
    </QtUic>
    <QtUic Include="src\View\Widgets\TabView.ui">
      <Filter>Form Files</Filter>
    </QtUic>
    <QtUic Include="src\View\Widgets\DinoDent.ui">
      <Filter>Form Files</Filter>
    </QtUic>
    <QtUic Include="src\View\Widgets\UpdateDialog.ui">
      <Filter>Form Files</Filter>
    </QtUic>
    <QtUic Include="src\View\SubWidgets\ProcedureInput.ui">
      <Filter>Form Files</Filter>
    </QtUic>
    <QtUic Include="src\View\SubWidgets\ControlPanel.ui">
      <Filter>Form Files</Filter>
    </QtUic>
    <QtUic Include="src\View\SubWidgets\PerioStatisticView.ui">
      <Filter>Form Files</Filter>
    </QtUic>
    <QtUic Include="src\View\SubWidgets\RangeWidget.ui">
      <Filter>Form Files</Filter>
    </QtUic>
    <QtUic Include="src\View\SubWidgets\SurfacePanel.ui">
      <Filter>Form Files</Filter>
    </QtUic>
    <QtUic Include="src\View\SubWidgets\SurfaceSelector.ui">
      <Filter>Form Files</Filter>
    </QtUic>
    <QtUic Include="src\View\SubWidgets\TabTitle.ui">
      <Filter>Form Files</Filter>
    </QtUic>
    <QtUic Include="src\View\SubWidgets\VitaWidget.ui">
      <Filter>Form Files</Filter>
    </QtUic>
    <QtUic Include="src\View\Widgets\PrescriptionView.ui">
      <Filter>Form Files</Filter>
    </QtUic>
    <QtUic Include="src\View\Widgets\MedicationDialog.ui">
      <Filter>Form Files</Filter>
    </QtUic>
    <QtUic Include="src\View\Widgets\DosageDialog.ui">
      <Filter>Form Files</Filter>
    </QtUic>
    <QtUic Include="src\View\Widgets\InputDialog.ui">
      <Filter>Form Files</Filter>
    </QtUic>
    <QtUic Include="src\View\SubWidgets\PatientTileInfo.ui">
      <Filter>Form Files</Filter>
    </QtUic>
    <QtUic Include="src\View\Widgets\ReportFilesView.ui">
      <Filter>Form Files</Filter>
    </QtUic>
    <QtUic Include="src\View\Widgets\InvoicePrintDialog.ui">
      <Filter>Form Files</Filter>
    </QtUic>
    <QtUic Include="src\View\Widgets\PracticeSelectorView.ui">
      <Filter>Form Files</Filter>
    </QtUic>
    <QtUic Include="src\View\Widgets\UpdateDownloader.ui">
      <Filter>Form Files</Filter>
    </QtUic>
    <QtUic Include="src\View\Widgets\ReferralDialog.ui">
      <Filter>Form Files</Filter>
    </QtUic>
    <QtUic Include="src\View\SubWidgets\ReferralTile.ui">
      <Filter>Form Files</Filter>
    </QtUic>
    <QtUic Include="src\View\Widgets\ButtonDialog.ui">
      <Filter>Form Files</Filter>
    </QtUic>
    <QtUic Include="src\View\Widgets\StatisticDialogView.ui">
      <Filter>Form Files</Filter>
    </QtUic>
    <QtUic Include="src\View\Widgets\UpdatePromptDialog.ui">
      <Filter>Form Files</Filter>
    </QtUic>
    <QtUic Include="src\View\Widgets\MedicalStatusDialog.ui">
      <Filter>Form Files</Filter>
    </QtUic>
    <QtUic Include="src\View\SubWidgets\MedicalStatusWidget.ui">
      <Filter>Form Files</Filter>
    </QtUic>
    <QtUic Include="src\View\Widgets\AboutDialog.ui">
      <Filter>Form Files</Filter>
    </QtUic>
    <QtUic Include="src\View\Widgets\WelcomeWidget.ui">
      <Filter>Form Files</Filter>
    </QtUic>
    <QtUic Include="src\View\Widgets\FiscalReceiptDialog.ui">
      <Filter>Form Files</Filter>
    </QtUic>
    <QtUic Include="src\View\Widgets\FiscalReportView.ui">
      <Filter>Form Files</Filter>
    </QtUic>
    <QtUic Include="src\View\Widgets\MedicalNoticeDialog.ui">
      <Filter>Form Files</Filter>
    </QtUic>
    <QtUic Include="src\View\SubWidgets\MedicalNoticeTile.ui">
      <Filter>Form Files</Filter>
    </QtUic>
    <QtUic Include="src\View\Widgets\AllergyDialog.ui">
      <Filter>Form Files</Filter>
    </QtUic>
    <QtUic Include="src\View\Widgets\PisImportView.ui">
      <Filter>Form Files</Filter>
    </QtUic>
  </ItemGroup>
  <ItemGroup>
    <QtRcc Include="resources\Resource.qrc" />
  </ItemGroup>
  <ItemGroup>
    <Text Include="CMakeLists.txt" />
  </ItemGroup>
  <ItemGroup>
    <None Include="INSTALL.md" />
    <None Include="README.md" />
  </ItemGroup>
  <ItemGroup>
    <ResourceCompile Include="Resource.rc">
      <Filter>Resource Files</Filter>
    </ResourceCompile>
  </ItemGroup>
  <ItemGroup>
    <Image Include="resources\DinoDent.ico">
      <Filter>Resource Files</Filter>
    </Image>
  </ItemGroup>
</Project>