<?xml version="1.0" encoding="utf-8"?>
<Project ToolsVersion="4.0" xmlns="http://schemas.microsoft.com/developer/msbuild/2003">
  <ItemGroup>
    <Filter Include="Source Files">
      <UniqueIdentifier>{4FC737F1-C7A5-4376-A066-2A32D752A2FF}</UniqueIdentifier>
      <Extensions>cpp;c;cc;cxx;def;odl;idl;hpj;bat;asm;asmx</Extensions>
    </Filter>
    <Filter Include="Header Files">
      <UniqueIdentifier>{93995380-89BD-4b04-88EB-625FBE52EBFB}</UniqueIdentifier>
      <Extensions>h;hh;hpp;hxx;hm;inl;inc;xsd</Extensions>
    </Filter>
    <Filter Include="Resource Files">
      <UniqueIdentifier>{67DA6AB6-F800-4c08-8B7A-83BB121AAD01}</UniqueIdentifier>
      <Extensions>rc;ico;cur;bmp;dlg;rc2;rct;bin;rgs;gif;jpg;jpeg;jpe;resx;tiff;tif;png;wav;mfcribbon-ms</Extensions>
    </Filter>
    <Filter Include="Form Files">
      <UniqueIdentifier>{99349809-55BA-4b9d-BF79-8FDBB0286EB3}</UniqueIdentifier>
      <Extensions>ui</Extensions>
    </Filter>
    <Filter Include="Resource Files">
      <UniqueIdentifier>{D9D6E242-F8AF-46E4-B9FD-80ECBC20BA3E}</UniqueIdentifier>
      <Extensions>qrc;*</Extensions>
      <ParseFiles>false</ParseFiles>
    </Filter>
  </ItemGroup>
  <ItemGroup>
    <ClCompile Include="src\View\Torque.cpp">
      <Filter>Source Files</Filter>
    </ClCompile>
    <ClCompile Include="src\Presenter\MainPresenter.cpp">
      <Filter>Source Files</Filter>
    </ClCompile>
    <ClCompile Include="src\Database\Database.cpp">
      <Filter>Source Files</Filter>
    </ClCompile>
    <ClCompile Include="src\Presenter\PatientDialog\PatientDialogPresenter.cpp">
      <Filter>Source Files</Filter>
    </ClCompile>
    <ClCompile Include="src\View\PatientDialog\PatientFormDialog.cpp">
      <Filter>Source Files</Filter>
    </ClCompile>
    <ClCompile Include="src\Model\Date.cpp">
      <Filter>Source Files</Filter>
    </ClCompile>
    <ClCompile Include="src\Database\DbPatient.cpp">
      <Filter>Source Files</Filter>
    </ClCompile>
    <ClCompile Include="src\main.cpp">
      <Filter>Source Files</Filter>
    </ClCompile>
    <ClCompile Include="src\View\ListView\ListView.cpp">
      <Filter>Source Files</Filter>
    </ClCompile>
    <ClCompile Include="src\View\uiComponents\qt_derived\Widgets\TileButton.cpp">
      <Filter>Source Files</Filter>
    </ClCompile>
    <ClCompile Include="src\Presenter\AllergiesDialog\AllergiesDialogPresenter.cpp">
      <Filter>Source Files</Filter>
    </ClCompile>
    <ClCompile Include="src\View\AllergiesDialog\AllergiesDialog.cpp">
      <Filter>Source Files</Filter>
    </ClCompile>
    <ClCompile Include="src\View\saveAsDialog\SaveAsDialog.cpp">
      <Filter>Source Files</Filter>
    </ClCompile>
    <ClCompile Include="src\Database\DbAmbList.cpp">
      <Filter>Source Files</Filter>
    </ClCompile>
    <ClCompile Include="src\View\saveDialog\SaveDialog.cpp">
      <Filter>Source Files</Filter>
    </ClCompile>
    <ClCompile Include="src\Model\CityCode.cpp">
      <Filter>Source Files</Filter>
    </ClCompile>
    <ClCompile Include="src\View\ListView\ControlPanel\ControlPanel.cpp">
      <Filter>Source Files</Filter>
    </ClCompile>
    <ClCompile Include="src\View\ListView\ControlPanel\StatusButton.cpp">
      <Filter>Source Files</Filter>
    </ClCompile>
    <ClCompile Include="src\View\ToothPaintDevices\SpriteRect.cpp">
      <Filter>Source Files</Filter>
    </ClCompile>
    <ClCompile Include="src\View\ListView\TeethView\ContextMenu.cpp">
      <Filter>Source Files</Filter>
    </ClCompile>
    <ClCompile Include="src\View\ListView\TeethView\SelectionBox.cpp">
      <Filter>Source Files</Filter>
    </ClCompile>
    <ClCompile Include="src\View\ListView\TeethView\TeethViewScene.cpp">
      <Filter>Source Files</Filter>
    </ClCompile>
    <ClCompile Include="src\View\ListView\TeethView\ToothGraphicsItem.cpp">
      <Filter>Source Files</Filter>
    </ClCompile>
    <ClCompile Include="src\Presenter\ListPresenter\SurfacePanel\SurfacePanelPresenter.cpp">
      <Filter>Source Files</Filter>
    </ClCompile>
    <ClCompile Include="src\Presenter\ListPresenter\SurfacePanel\ButtonSurfaceMatrix.cpp">
      <Filter>Source Files</Filter>
    </ClCompile>
    <ClCompile Include="src\Presenter\ListPresenter\ListPresenter.cpp">
      <Filter>Source Files</Filter>
    </ClCompile>
    <ClCompile Include="src\View\ProcedureDialog\ProcedureDialog.cpp">
      <Filter>Source Files</Filter>
    </ClCompile>
    <ClCompile Include="src\Presenter\ProcedureDialog\ProcedureDialogPresenter.cpp">
      <Filter>Source Files</Filter>
    </ClCompile>
    <ClCompile Include="src\View\ProcedureDisplayModel\ProcedureTemplateModel.cpp">
      <Filter>Source Files</Filter>
    </ClCompile>
    <ClCompile Include="src\Model\Tooth\ToothUtils.cpp">
      <Filter>Source Files</Filter>
    </ClCompile>
    <ClCompile Include="src\Model\Tooth\Tooth.cpp">
      <Filter>Source Files</Filter>
    </ClCompile>
    <ClCompile Include="src\View\uiComponents\AbstractLineEdit.cpp">
      <Filter>Source Files</Filter>
    </ClCompile>
    <ClCompile Include="src\View\uiComponents\qt_derived\CityLineEdit.cpp">
      <Filter>Source Files</Filter>
    </ClCompile>
    <ClCompile Include="src\View\uiComponents\qt_derived\ComboBox.cpp">
      <Filter>Source Files</Filter>
    </ClCompile>
    <ClCompile Include="src\View\uiComponents\qt_derived\DateEdit.cpp">
      <Filter>Source Files</Filter>
    </ClCompile>
    <ClCompile Include="src\View\uiComponents\qt_derived\LineEdit.cpp">
      <Filter>Source Files</Filter>
    </ClCompile>
    <ClCompile Include="src\Model\Validator\PatientValidators.cpp">
      <Filter>Source Files</Filter>
    </ClCompile>
    <ClCompile Include="src\Model\Validator\ProcedureValidators.cpp">
      <Filter>Source Files</Filter>
    </ClCompile>
    <ClCompile Include="src\View\uiComponents\AbstractUIElement.cpp">
      <Filter>Source Files</Filter>
    </ClCompile>
    <ClCompile Include="src\View\uiComponents\qt_derived\Widgets\RangeWidget.cpp">
      <Filter>Source Files</Filter>
    </ClCompile>
    <ClCompile Include="src\View\uiComponents\qt_derived\TextEdit.cpp">
      <Filter>Source Files</Filter>
    </ClCompile>
    <ClCompile Include="src\View\uiComponents\qt_derived\Widgets\SurfaceSelector.cpp">
      <Filter>Source Files</Filter>
    </ClCompile>
    <ClCompile Include="src\View\ProcedureDisplayModel\ProcedureTable.cpp">
      <Filter>Source Files</Filter>
    </ClCompile>
    <ClCompile Include="src\View\ProcedureDisplayModel\ProcedureTableModel.cpp">
      <Filter>Source Files</Filter>
    </ClCompile>
    <ClCompile Include="src\View\uiComponents\qt_derived\SpinBox.cpp">
      <Filter>Source Files</Filter>
    </ClCompile>
    <ClCompile Include="src\View\ListView\TeethView\GraphicsView.cpp">
      <Filter>Source Files</Filter>
    </ClCompile>
    <ClCompile Include="src\Database\DbProcedure.cpp">
      <Filter>Source Files</Filter>
    </ClCompile>
    <ClCompile Include="src\Presenter\ListPresenter\ToothHintCreator.cpp">
      <Filter>Source Files</Filter>
    </ClCompile>
    <ClCompile Include="src\View\uiComponents\qt_derived\Widgets\VitaWidget.cpp">
      <Filter>Source Files</Filter>
    </ClCompile>
    <ClCompile Include="src\View\ProcedureDialog\CommonFields\CommonFields.cpp">
      <Filter>Source Files</Filter>
    </ClCompile>
    <ClCompile Include="src\View\ProcedureDialog\ProcedureFields\ObturationView.cpp">
      <Filter>Source Files</Filter>
    </ClCompile>
    <ClCompile Include="src\View\ProcedureDialog\ProcedureFields\CrownView.cpp">
      <Filter>Source Files</Filter>
    </ClCompile>
    <ClCompile Include="src\Presenter\ProcedureDialog\SubPresenters\ObturationPresenter.cpp">
      <Filter>Source Files</Filter>
    </ClCompile>
    <ClCompile Include="src\Presenter\ProcedureDialog\SubPresenters\CrownPresenter.cpp">
      <Filter>Source Files</Filter>
    </ClCompile>
    <ClCompile Include="src\Presenter\ProcedureDialog\SubPresenters\AbstractSubPresenter.cpp">
      <Filter>Source Files</Filter>
    </ClCompile>
    <ClCompile Include="src\Presenter\ProcedureDialog\SubPresenters\ExtractionPresenter.cpp">
      <Filter>Source Files</Filter>
    </ClCompile>
    <ClCompile Include="src\Presenter\ProcedureDialog\SubPresenters\EndoPresenter.cpp">
      <Filter>Source Files</Filter>
    </ClCompile>
    <ClCompile Include="src\Presenter\ProcedureDialog\SubPresenters\ImplantPresenter.cpp">
      <Filter>Source Files</Filter>
    </ClCompile>
    <ClCompile Include="src\Model\Procedure\MasterNZOK.cpp">
      <Filter>Source Files</Filter>
    </ClCompile>
    <ClCompile Include="src\Model\Patient.cpp">
      <Filter>Source Files</Filter>
    </ClCompile>
    <ClCompile Include="src\Presenter\TabPresenter\TabPresenter.cpp">
      <Filter>Source Files</Filter>
    </ClCompile>
    <ClCompile Include="src\View\ModalDialogBuilder.cpp">
      <Filter>Source Files</Filter>
    </ClCompile>
    <ClCompile Include="src\View\uiComponents\qt_derived\Widgets\ImplantView.cpp">
      <Filter>Source Files</Filter>
    </ClCompile>
    <ClCompile Include="src\View\uiComponents\qt_derived\NameEdit.cpp">
      <Filter>Source Files</Filter>
    </ClCompile>
    <ClCompile Include="src\View\ProcedureEditDialog\ProcedureEditDialog.cpp">
      <Filter>Source Files</Filter>
    </ClCompile>
    <ClCompile Include="src\Presenter\ProcedureDialog\ProcedureEditorPresenter.cpp">
      <Filter>Source Files</Filter>
    </ClCompile>
    <ClCompile Include="src\Model\Validator\DateValidator.cpp">
      <Filter>Source Files</Filter>
    </ClCompile>
    <ClCompile Include="src\View\uiComponents\AbstractDateEdit.cpp">
      <Filter>Source Files</Filter>
    </ClCompile>
    <ClCompile Include="src\Model\Validator\CommonValidators.cpp">
      <Filter>Source Files</Filter>
    </ClCompile>
    <ClCompile Include="src\Model\Validator\NameValidator.cpp">
      <Filter>Source Files</Filter>
    </ClCompile>
    <ClCompile Include="src\View\TabView\TabView.cpp">
      <Filter>Source Files</Filter>
    </ClCompile>
    <ClCompile Include="src\Model\Validator\ProcedureDateValidator.cpp">
      <Filter>Source Files</Filter>
    </ClCompile>
    <ClCompile Include="src\View\GlobalFunctions.cpp">
      <Filter>Source Files</Filter>
    </ClCompile>
    <ClCompile Include="src\View\AmbListSelector\AmbListSelector.cpp">
      <Filter>Source Files</Filter>
    </ClCompile>
    <ClCompile Include="src\Presenter\ListSelector\ListSelectorPresenter.cpp">
      <Filter>Source Files</Filter>
    </ClCompile>
    <ClCompile Include="src\View\AmbListSelector\Models\AmbListTableModel.cpp">
      <Filter>Source Files</Filter>
    </ClCompile>
    <ClCompile Include="src\View\AmbListSelector\ListTable.cpp">
      <Filter>Source Files</Filter>
    </ClCompile>
    <ClCompile Include="src\Model\AmbListValidator.cpp">
      <Filter>Source Files</Filter>
    </ClCompile>
    <ClCompile Include="src\Model\Procedure\PackageCounter.cpp">
      <Filter>Source Files</Filter>
    </ClCompile>
    <ClCompile Include="src\Model\Tooth\ToothContainer.cpp">
      <Filter>Source Files</Filter>
    </ClCompile>
    <ClCompile Include="src\Presenter\ListPresenter\CheckState.cpp">
      <Filter>Source Files</Filter>
    </ClCompile>
    <ClCompile Include="src\Model\Procedure\Procedure.cpp">
      <Filter>Source Files</Filter>
    </ClCompile>
    <ClCompile Include="src\View\DetailsView\DetailedStatus.cpp">
      <Filter>Source Files</Filter>
    </ClCompile>
    <ClCompile Include="src\View\uiComponents\qt_derived\Widgets\PathologyWidget.cpp">
      <Filter>Source Files</Filter>
    </ClCompile>
    <ClCompile Include="src\View\uiComponents\qt_derived\Widgets\CrownWidget.cpp">
      <Filter>Source Files</Filter>
    </ClCompile>
    <ClCompile Include="src\View\uiComponents\qt_derived\Widgets\ObturationWidget.cpp">
      <Filter>Source Files</Filter>
    </ClCompile>
    <ClCompile Include="src\View\uiComponents\qt_derived\Widgets\DentistMadeWidget.cpp">
      <Filter>Source Files</Filter>
    </ClCompile>
    <ClCompile Include="src\Model\Tooth\DiagnosisContainer.cpp">
      <Filter>Source Files</Filter>
    </ClCompile>
    <ClCompile Include="src\Presenter\DetailsPresenter\DetailedStatusPresenter.cpp">
      <Filter>Source Files</Filter>
    </ClCompile>
    <ClCompile Include="src\View\ProcedureDisplayModel\QProcedure.cpp">
      <Filter>Source Files</Filter>
    </ClCompile>
    <ClCompile Include="src\View\uiComponents\qt_derived\PixmapLabel.cpp">
      <Filter>Source Files</Filter>
    </ClCompile>
    <ClCompile Include="src\Database\DbNotes.cpp">
      <Filter>Source Files</Filter>
    </ClCompile>
    <ClCompile Include="src\Model\User\User.cpp">
      <Filter>Source Files</Filter>
    </ClCompile>
    <ClCompile Include="src\View\PerioView\PerioView.cpp">
      <Filter>Source Files</Filter>
    </ClCompile>
    <ClCompile Include="src\View\PerioView\Widgets\PerioStateButton.cpp">
      <Filter>Source Files</Filter>
    </ClCompile>
    <ClCompile Include="src\View\PerioView\Widgets\PerioButton.cpp">
      <Filter>Source Files</Filter>
    </ClCompile>
    <ClCompile Include="src\View\PerioView\Widgets\PerioSpinBox.cpp">
      <Filter>Source Files</Filter>
    </ClCompile>
    <ClCompile Include="src\View\PerioView\PerioGraphics\PerioChartItem.cpp">
      <Filter>Source Files</Filter>
    </ClCompile>
    <ClCompile Include="src\View\PerioView\PerioGraphics\PerioScene.cpp">
      <Filter>Source Files</Filter>
    </ClCompile>
    <ClCompile Include="src\Presenter\PerioPresenter\PerioPresenter.cpp">
      <Filter>Source Files</Filter>
    </ClCompile>
    <ClCompile Include="src\Database\DbPerio.cpp">
      <Filter>Source Files</Filter>
    </ClCompile>
    <ClCompile Include="src\View\PerioView\Widgets\FurcationWidget.cpp">
      <Filter>Source Files</Filter>
    </ClCompile>
    <ClCompile Include="src\View\PerioView\Widgets\PerioStatusView.cpp">
      <Filter>Source Files</Filter>
    </ClCompile>
    <ClCompile Include="src\View\PerioView\PerioGraphics\PerioGraphicsButton.cpp">
      <Filter>Source Files</Filter>
    </ClCompile>
    <ClCompile Include="src\View\ToothPaintDevices\ToothPainter.cpp">
      <Filter>Source Files</Filter>
    </ClCompile>
    <ClCompile Include="src\View\ToothPaintDevices\SpriteSheets.cpp">
      <Filter>Source Files</Filter>
    </ClCompile>
    <ClCompile Include="src\Model\PerioToothData.cpp">
      <Filter>Source Files</Filter>
    </ClCompile>
    <ClCompile Include="src\Model\PerioStatistic.cpp">
      <Filter>Source Files</Filter>
    </ClCompile>
    <ClCompile Include="src\View\PerioView\Widgets\PerioTable.cpp">
      <Filter>Source Files</Filter>
    </ClCompile>
    <ClCompile Include="src\View\PerioView\PerioGraphics\HexagonGraphicsItem.cpp">
      <Filter>Source Files</Filter>
    </ClCompile>
    <ClCompile Include="src\Model\Parser\Parser.cpp">
      <Filter>Source Files</Filter>
    </ClCompile>
    <ClCompile Include="src\View\LoginView\LoginView.cpp">
      <Filter>Source Files</Filter>
    </ClCompile>
    <ClCompile Include="src\Presenter\LoginPresenter\LoginPresenter.cpp">
      <Filter>Source Files</Filter>
    </ClCompile>
    <ClCompile Include="src\View\Printer\Printer.cpp">
      <Filter>Source Files</Filter>
    </ClCompile>
    <ClCompile Include="src\View\ProcedureDialog\ProcedureFields\FiberSplintView.cpp">
      <Filter>Source Files</Filter>
    </ClCompile>
    <ClCompile Include="src\Presenter\ProcedureDialog\SubPresenters\FiberSplintPresenter.cpp">
      <Filter>Source Files</Filter>
    </ClCompile>
    <ClCompile Include="src\Presenter\ProcedureDialog\SubPresenters\ToothProcedurePresenter.cpp">
      <Filter>Source Files</Filter>
    </ClCompile>
    <ClCompile Include="src\Presenter\PatientSummaryPresenter\PatientSummaryPresenter.cpp">
      <Filter>Source Files</Filter>
    </ClCompile>
    <ClCompile Include="src\View\PatientSummaryView\PatientSummary.cpp">
      <Filter>Source Files</Filter>
    </ClCompile>
    <ClCompile Include="src\Database\DbListOpener.cpp">
      <Filter>Source Files</Filter>
    </ClCompile>
    <ClCompile Include="src\View\AmbListSelector\Models\PatientTableModel.cpp">
      <Filter>Source Files</Filter>
    </ClCompile>
    <ClCompile Include="src\View\AmbListSelector\Models\PerioTableModel.cpp">
      <Filter>Source Files</Filter>
    </ClCompile>
    <ClCompile Include="src\Database\DbPatientSummary.cpp">
      <Filter>Source Files</Filter>
    </ClCompile>
    <ClCompile Include="src\View\LoginView\PracticeListDialog.cpp">
      <Filter>Source Files</Filter>
    </ClCompile>
    <ClCompile Include="src\Model\XML\xml.cpp">
      <Filter>Source Files</Filter>
    </ClCompile>
    <ClCompile Include="src\View\ReportDialog\ReportDialog.cpp">
      <Filter>Source Files</Filter>
    </ClCompile>
    <ClCompile Include="src\View\uiComponents\qt_derived\IconButton.cpp">
      <Filter>Source Files</Filter>
    </ClCompile>
    <ClCompile Include="src\View\DoctorSettingsDialog\DoctorSettingsDialog.cpp">
      <Filter>Source Files</Filter>
    </ClCompile>
    <ClCompile Include="src\Presenter\DoctorDialogPresenter\DoctorDialogPresenter.cpp">
      <Filter>Source Files</Filter>
    </ClCompile>
    <ClCompile Include="src\Model\Validator\LpkValidator.cpp">
      <Filter>Source Files</Filter>
    </ClCompile>
    <ClCompile Include="src\Model\Financial\Invoice.cpp">
      <Filter>Source Files</Filter>
    </ClCompile>
    <ClCompile Include="src\View\FinancialView\BusinessOperationModel.cpp">
      <Filter>Source Files</Filter>
    </ClCompile>
    <ClCompile Include="src\View\Printer\ProcedurePrintSelectDialog.cpp">
      <Filter>Source Files</Filter>
    </ClCompile>
    <ClCompile Include="src\View\ProcedureDisplayModel\ProcedureSelectModel.cpp">
      <Filter>Source Files</Filter>
    </ClCompile>
    <ClCompile Include="src\View\ReportDialog\ReportErrorDialog\ReportErrorDialog.cpp">
      <Filter>Source Files</Filter>
    </ClCompile>
    <ClCompile Include="src\View\SettingsDialog\SettingsDialog.cpp">
      <Filter>Source Files</Filter>
    </ClCompile>
    <ClCompile Include="src\View\SettingsDialog\PracticeSettings\PracticeSettings.cpp">
      <Filter>Source Files</Filter>
    </ClCompile>
    <ClCompile Include="src\View\SettingsDialog\PriceListSettings\PriceListSettings.cpp">
      <Filter>Source Files</Filter>
    </ClCompile>
    <ClCompile Include="src\View\SettingsDialog\ProcedureTemplateDialog\ProcedureTemplateDialog.cpp">
      <Filter>Source Files</Filter>
    </ClCompile>
    <ClCompile Include="src\Presenter\SettingsPresenter\PriceListSettingsPresenter.cpp">
      <Filter>Source Files</Filter>
    </ClCompile>
    <ClCompile Include="src\Presenter\SettingsPresenter\PracticeSettingsPresenter.cpp">
      <Filter>Source Files</Filter>
    </ClCompile>
    <ClCompile Include="src\Model\Validator\RziValidator.cpp">
      <Filter>Source Files</Filter>
    </ClCompile>
    <ClCompile Include="src\Model\Validator\RziValidaor.cpp">
      <Filter>Source Files</Filter>
    </ClCompile>
    <ClCompile Include="src\Model\Validator\NzokContractValidator.cpp">
      <Filter>Source Files</Filter>
    </ClCompile>
    <ClCompile Include="src\Presenter\SettingsPresenter\SettingsMainPresenter.cpp">
      <Filter>Source Files</Filter>
    </ClCompile>
    <ClCompile Include="src\Model\Validator\BulstatValidator.cpp">
      <Filter>Source Files</Filter>
    </ClCompile>
    <ClCompile Include="src\View\SettingsDialog\PracticeDoctorSettings\PracticeDoctorSettings.cpp">
      <Filter>Source Files</Filter>
    </ClCompile>
    <ClCompile Include="src\Presenter\SettingsPresenter\PracticeDoctorSettingsPresenter.cpp">
      <Filter>Source Files</Filter>
    </ClCompile>
    <ClCompile Include="src\View\SettingsDialog\PracticeDoctorSettings\IPracticeDoctorSettings.cpp">
      <Filter>Source Files</Filter>
    </ClCompile>
    <ClCompile Include="src\View\AddPracticeDialog\AddPracticeDialog.cpp">
      <Filter>Source Files</Filter>
    </ClCompile>
    <ClCompile Include="src\Presenter\AddPracticePresenter\AddPracticePresenter.cpp">
      <Filter>Source Files</Filter>
    </ClCompile>
    <ClCompile Include="src\View\Theme.cpp">
      <Filter>Source Files</Filter>
    </ClCompile>
    <ClCompile Include="src\View\ListView\SurfacePanel\ControlPanelPolygon.cpp">
      <Filter>Source Files</Filter>
    </ClCompile>
    <ClCompile Include="src\View\ListView\SurfacePanel\CPTooth.cpp">
      <Filter>Source Files</Filter>
    </ClCompile>
    <ClCompile Include="src\View\ListView\SurfacePanel\SurfacePanel.cpp">
      <Filter>Source Files</Filter>
    </ClCompile>
    <ClCompile Include="src\View\TabView\TabTitle.cpp">
      <Filter>Source Files</Filter>
    </ClCompile>
    <ClCompile Include="src\Database\DbDoctor.cpp">
      <Filter>Source Files</Filter>
    </ClCompile>
    <ClCompile Include="src\Database\DbPractice.cpp">
      <Filter>Source Files</Filter>
    </ClCompile>
    <ClCompile Include="src\Model\Financial\NzokInvoiceData.cpp">
      <Filter>Source Files</Filter>
    </ClCompile>
    <ClCompile Include="src\Model\Financial\Recipient.cpp">
      <Filter>Source Files</Filter>
    </ClCompile>
    <ClCompile Include="src\Model\Financial\Issuer.cpp">
      <Filter>Source Files</Filter>
    </ClCompile>
    <ClCompile Include="src\Presenter\FinancialPresenter\FinancialPresenter.cpp">
      <Filter>Source Files</Filter>
    </ClCompile>
    <ClCompile Include="src\View\FinancialView\FinancialView.cpp">
      <Filter>Source Files</Filter>
    </ClCompile>
    <ClCompile Include="src\View\FinancialView\FinancialTileButton.cpp">
      <Filter>Source Files</Filter>
    </ClCompile>
    <ClCompile Include="src\View\TabView\ITabView.cpp">
      <Filter>Source Files</Filter>
    </ClCompile>
    <ClCompile Include="src\Database\DbInvoice.cpp">
      <Filter>Source Files</Filter>
    </ClCompile>
    <ClCompile Include="src\View\AmbListSelector\Models\FinancialTableModel.cpp">
      <Filter>Source Files</Filter>
    </ClCompile>
    <ClCompile Include="src\View\FinancialView\BusinessOpEditDialog\BusinessOpEditDialog.cpp">
      <Filter>Source Files</Filter>
    </ClCompile>
    <ClCompile Include="src\Model\Financial\BusinessOperation.cpp">
      <Filter>Source Files</Filter>
    </ClCompile>
    <ClCompile Include="src\View\FinancialView\BusinessOpAddDialog\BusinessOpAddDialog.cpp">
      <Filter>Source Files</Filter>
    </ClCompile>
    <ClCompile Include="src\View\PatientSummaryView\TeethView\TeethBuccalScene.cpp">
      <Filter>Source Files</Filter>
    </ClCompile>
    <ClCompile Include="src\View\PatientSummaryView\TeethView\TeethLingualScene.cpp">
      <Filter>Source Files</Filter>
    </ClCompile>
    <ClCompile Include="src\View\PerioView\Widgets\ToothButton.cpp">
      <Filter>Source Files</Filter>
    </ClCompile>
    <ClCompile Include="src\View\uiComponents\qt_derived\HalfRoundedButton.cpp">
      <Filter>Source Files</Filter>
    </ClCompile>
    <ClCompile Include="src\View\SaveAsDateDialog\SaveAsDateDialog.cpp">
      <Filter>Source Files</Filter>
    </ClCompile>
    <ClCompile Include="src\View\uiComponents\qt_derived\LeadingZeroSpinBox.cpp">
      <Filter>Source Files</Filter>
    </ClCompile>
    <ClCompile Include="src\Network\Base64Convert.cpp">
      <Filter>Source Files</Filter>
    </ClCompile>
    <ClCompile Include="src\Network\Network.cpp">
      <Filter>Source Files</Filter>
    </ClCompile>
    <ClCompile Include="src\Network\PKCS11.cpp">
      <Filter>Source Files</Filter>
    </ClCompile>
    <ClCompile Include="src\Network\PISServ.cpp">
      <Filter>Source Files</Filter>
    </ClCompile>
    <ClCompile Include="include\JsonCpp\jsoncpp.cpp">
      <Filter>Source Files</Filter>
    </ClCompile>
    <ClCompile Include="include\TinyXML\tinystr.cpp">
      <Filter>Source Files</Filter>
    </ClCompile>
    <ClCompile Include="include\TinyXML\tinyxml.cpp">
      <Filter>Source Files</Filter>
    </ClCompile>
    <ClCompile Include="include\TinyXML\tinyxmlerror.cpp">
      <Filter>Source Files</Filter>
    </ClCompile>
    <ClCompile Include="include\TinyXML\tinyxmlparser.cpp">
      <Filter>Source Files</Filter>
    </ClCompile>
    <ClCompile Include="include\sqLite\shell.c">
      <Filter>Source Files</Filter>
    </ClCompile>
    <ClCompile Include="include\sqLite\sqlite3.c">
      <Filter>Source Files</Filter>
    </ClCompile>
    <ClCompile Include="src\Network\XmlSigner.cpp">
      <Filter>Source Files</Filter>
    </ClCompile>
    <ClCompile Include="src\Network\ReplyHandlers\HirbnoReplyHandler.cpp">
      <Filter>Source Files</Filter>
    </ClCompile>
    <ClCompile Include="src\Network\ReplyHandlers\DentalActivitiesHandler.cpp">
      <Filter>Source Files</Filter>
    </ClCompile>
    <ClCompile Include="src\View\PISHistoryDialog\PISHistoryDialog.cpp">
      <Filter>Source Files</Filter>
    </ClCompile>
    <ClCompile Include="src\Network\ReplyHandlers\NotifListHandler.cpp">
      <Filter>Source Files</Filter>
    </ClCompile>
    <ClCompile Include="src\View\MonthNotifDialog\MonthNotifDialog.cpp">
      <Filter>Source Files</Filter>
    </ClCompile>
    <ClCompile Include="src\View\MonthNotifDialog\MonthNotifTableModel.cpp">
      <Filter>Source Files</Filter>
    </ClCompile>
    <ClCompile Include="src\Network\ReplyHandlers\AbstractReplyHandler.cpp">
      <Filter>Source Files</Filter>
    </ClCompile>
    <ClCompile Include="src\Presenter\MonthNotifLoader.cpp">
      <Filter>Source Files</Filter>
    </ClCompile>
    <ClCompile Include="src\Network\ReplyHandlers\MonthNotifDataHandler.cpp">
      <Filter>Source Files</Filter>
    </ClCompile>
    <ClCompile Include="src\View\PinPromptDialog\PinPromptDialog.cpp">
      <Filter>Source Files</Filter>
    </ClCompile>
    <ClCompile Include="src\Presenter\ReportDialogPresenter\ReportDialogPresenter.cpp">
      <Filter>Source Files</Filter>
    </ClCompile>
    <ClCompile Include="src\Network\ReplyHandlers\NraReplyHandler.cpp">
      <Filter>Source Files</Filter>
    </ClCompile>
    <ClCompile Include="src\Model\InsuranceStatus.cpp">
      <Filter>Source Files</Filter>
    </ClCompile>
    <ClCompile Include="src\Network\ReplyHandlers\FileSentHandler.cpp">
      <Filter>Source Files</Filter>
    </ClCompile>
    <ClCompile Include="src\View\SettingsDialog\GeneralSettings\GeneralSettings.cpp">
      <Filter>Source Files</Filter>
    </ClCompile>
    <ClCompile Include="src\View\uiComponents\qt_derived\UserButton.cpp">
      <Filter>Source Files</Filter>
    </ClCompile>
    <ClCompile Include="src\View\ListView\TeethView\DsnToothGraphicsItem.cpp">
      <Filter>Source Files</Filter>
    </ClCompile>
    <ClCompile Include="src\Model\KSMP.cpp">
      <Filter>Source Files</Filter>
    </ClCompile>
    <ClCompile Include="src\View\KSMPDialog\KSMPDialog.cpp">
      <Filter>Source Files</Filter>
    </ClCompile>
    <ClCompile Include="src\View\ProcedureDisplayModel\KSMPModel.cpp">
      <Filter>Source Files</Filter>
    </ClCompile>
    <ClCompile Include="src\Presenter\ProcedureDialog\SubPresenters\EditorPresenter.cpp">
      <Filter>Source Files</Filter>
    </ClCompile>
    <ClCompile Include="src\Presenter\ProcedureDialog\SubPresenters\BridgeHelper.cpp">
      <Filter>Source Files</Filter>
    </ClCompile>
    <ClCompile Include="src\View\PerioView\Widgets\PerioStatisticView.cpp">
      <Filter>Source Files</Filter>
    </ClCompile>
    <ClCompile Include="src\Model\TimeFrame.cpp">
      <Filter>Source Files</Filter>
    </ClCompile>
  </ItemGroup>
  <ItemGroup>
    <QtMoc Include="src\View\Torque.h">
      <Filter>Header Files</Filter>
    </QtMoc>
    <QtMoc Include="src\View\PatientDialog\PatientFormDialog.h">
      <Filter>Header Files</Filter>
    </QtMoc>
    <QtMoc Include="src\View\ListView\ListView.h">
      <Filter>Header Files</Filter>
    </QtMoc>
    <QtMoc Include="src\View\AllergiesDialog\AllergiesDialog.h">
      <Filter>Header Files</Filter>
    </QtMoc>
    <QtMoc Include="src\View\saveAsDialog\SaveAsDialog.h">
      <Filter>Header Files</Filter>
    </QtMoc>
    <QtMoc Include="src\View\saveDialog\SaveDialog.h">
      <Filter>Header Files</Filter>
    </QtMoc>
    <QtMoc Include="src\View\ListView\ControlPanel\ControlPanel.h">
      <Filter>Header Files</Filter>
    </QtMoc>
    <QtMoc Include="src\View\ListView\ControlPanel\StatusButton.h">
      <Filter>Header Files</Filter>
    </QtMoc>
    <QtMoc Include="src\View\ListView\TeethView\ContextMenu.h">
      <Filter>Header Files</Filter>
    </QtMoc>
    <QtMoc Include="src\View\ListView\TeethView\TeethViewScene.h">
      <Filter>Header Files</Filter>
    </QtMoc>
    <QtMoc Include="src\View\ProcedureDialog\ProcedureDialog.h">
      <Filter>Header Files</Filter>
    </QtMoc>
    <QtMoc Include="src\View\ProcedureDisplayModel\ProcedureTemplateModel.h">
      <Filter>Header Files</Filter>
    </QtMoc>
    <QtMoc Include="src\View\uiComponents\qt_derived\ComboBox.h">
      <Filter>Header Files</Filter>
    </QtMoc>
    <QtMoc Include="src\View\uiComponents\qt_derived\DateEdit.h">
      <Filter>Header Files</Filter>
    </QtMoc>
    <QtMoc Include="src\View\uiComponents\qt_derived\LineEdit.h">
      <Filter>Header Files</Filter>
    </QtMoc>
    <QtMoc Include="src\View\uiComponents\qt_derived\Widgets\RangeWidget.h">
      <Filter>Header Files</Filter>
    </QtMoc>
    <QtMoc Include="src\View\uiComponents\qt_derived\TextEdit.h">
      <Filter>Header Files</Filter>
    </QtMoc>
    <QtMoc Include="src\View\uiComponents\qt_derived\Widgets\SurfaceSelector.h">
      <Filter>Header Files</Filter>
    </QtMoc>
    <QtMoc Include="src\View\ProcedureDisplayModel\ProcedureTable.h">
      <Filter>Header Files</Filter>
    </QtMoc>
    <QtMoc Include="src\View\ProcedureDisplayModel\ProcedureTableModel.h">
      <Filter>Header Files</Filter>
    </QtMoc>
    <QtMoc Include="src\View\uiComponents\qt_derived\SpinBox.h">
      <Filter>Header Files</Filter>
    </QtMoc>
    <QtMoc Include="src\View\ListView\TeethView\GraphicsView.h">
      <Filter>Header Files</Filter>
    </QtMoc>
    <QtMoc Include="src\View\uiComponents\qt_derived\Widgets\VitaWidget.h">
      <Filter>Header Files</Filter>
    </QtMoc>
    <QtMoc Include="src\View\ProcedureDialog\CommonFields\CommonFields.h">
      <Filter>Header Files</Filter>
    </QtMoc>
    <QtMoc Include="src\View\ProcedureDialog\ProcedureFields\ObturationView.h">
      <Filter>Header Files</Filter>
    </QtMoc>
    <QtMoc Include="src\View\ProcedureDialog\ProcedureFields\CrownView.h">
      <Filter>Header Files</Filter>
    </QtMoc>
    <QtMoc Include="src\View\uiComponents\qt_derived\Widgets\ImplantView.h">
      <Filter>Header Files</Filter>
    </QtMoc>
    <QtMoc Include="src\View\uiComponents\qt_derived\NameEdit.h">
      <Filter>Header Files</Filter>
    </QtMoc>
    <QtMoc Include="src\View\ProcedureEditDialog\ProcedureEditDialog.h">
      <Filter>Header Files</Filter>
    </QtMoc>
    <QtMoc Include="src\View\TabView\TabView.h">
      <Filter>Header Files</Filter>
    </QtMoc>
    <QtMoc Include="src\View\AmbListSelector\AmbListSelector.h">
      <Filter>Header Files</Filter>
    </QtMoc>
    <QtMoc Include="src\View\AmbListSelector\Models\AmbListTableModel.h">
      <Filter>Header Files</Filter>
    </QtMoc>
    <QtMoc Include="src\View\AmbListSelector\ListTable.h">
      <Filter>Header Files</Filter>
    </QtMoc>
    <QtMoc Include="src\View\DetailsView\DetailedStatus.h">
      <Filter>Header Files</Filter>
    </QtMoc>
    <QtMoc Include="src\View\uiComponents\qt_derived\Widgets\PathologyWidget.h">
      <Filter>Header Files</Filter>
    </QtMoc>
    <QtMoc Include="src\View\uiComponents\qt_derived\Widgets\CrownWidget.h">
      <Filter>Header Files</Filter>
    </QtMoc>
    <QtMoc Include="src\View\uiComponents\qt_derived\Widgets\ObturationWidget.h">
      <Filter>Header Files</Filter>
    </QtMoc>
    <QtMoc Include="src\View\uiComponents\qt_derived\Widgets\DentistMadeWidget.h">
      <Filter>Header Files</Filter>
    </QtMoc>
    <QtMoc Include="src\View\uiComponents\qt_derived\PixmapLabel.h">
      <Filter>Header Files</Filter>
    </QtMoc>
    <QtMoc Include="src\View\PerioView\PerioView.h">
      <Filter>Header Files</Filter>
    </QtMoc>
    <QtMoc Include="src\View\PerioView\Widgets\PerioStateButton.h">
      <Filter>Header Files</Filter>
    </QtMoc>
    <QtMoc Include="src\View\PerioView\Widgets\PerioButton.h">
      <Filter>Header Files</Filter>
    </QtMoc>
    <QtMoc Include="src\View\PerioView\Widgets\PerioSpinBox.h">
      <Filter>Header Files</Filter>
    </QtMoc>
    <QtMoc Include="src\View\PerioView\Widgets\FurcationWidget.h">
      <Filter>Header Files</Filter>
    </QtMoc>
    <QtMoc Include="src\View\PerioView\Widgets\PerioStatusView.h">
      <Filter>Header Files</Filter>
    </QtMoc>
    <QtMoc Include="src\View\PerioView\Widgets\PerioTable.h">
      <Filter>Header Files</Filter>
    </QtMoc>
    <QtMoc Include="src\View\LoginView\LoginView.h">
      <Filter>Header Files</Filter>
    </QtMoc>
    <QtMoc Include="src\View\ProcedureDialog\ProcedureFields\FiberSplintView.h">
      <Filter>Header Files</Filter>
    </QtMoc>
    <QtMoc Include="src\View\PatientSummaryView\PatientSummary.h">
      <Filter>Header Files</Filter>
    </QtMoc>
    <QtMoc Include="src\View\AmbListSelector\Models\PatientTableModel.h">
      <Filter>Header Files</Filter>
    </QtMoc>
    <QtMoc Include="src\View\AmbListSelector\Models\PerioTableModel.h">
      <Filter>Header Files</Filter>
    </QtMoc>
    <QtMoc Include="src\View\LoginView\PracticeListDialog.h">
      <Filter>Header Files</Filter>
    </QtMoc>
    <QtMoc Include="src\View\ReportDialog\ReportDialog.h">
      <Filter>Header Files</Filter>
    </QtMoc>
    <QtMoc Include="src\View\uiComponents\qt_derived\IconButton.h">
      <Filter>Header Files</Filter>
    </QtMoc>
    <QtMoc Include="src\View\DoctorSettingsDialog\DoctorSettingsDialog.h">
      <Filter>Header Files</Filter>
    </QtMoc>
    <QtMoc Include="src\View\Printer\ProcedurePrintSelectDialog.h">
      <Filter>Header Files</Filter>
    </QtMoc>
    <QtMoc Include="src\View\ProcedureDisplayModel\ProcedureSelectModel.h">
      <Filter>Header Files</Filter>
    </QtMoc>
    <QtMoc Include="src\View\ReportDialog\ReportErrorDialog\ReportErrorDialog.h">
      <Filter>Header Files</Filter>
    </QtMoc>
    <QtMoc Include="src\View\SettingsDialog\SettingsDialog.h">
      <Filter>Header Files</Filter>
    </QtMoc>
    <QtMoc Include="src\View\SettingsDialog\PracticeSettings\PracticeSettings.h">
      <Filter>Header Files</Filter>
    </QtMoc>
    <QtMoc Include="src\View\SettingsDialog\PriceListSettings\PriceListSettings.h">
      <Filter>Header Files</Filter>
    </QtMoc>
    <QtMoc Include="src\View\SettingsDialog\ProcedureTemplateDialog\ProcedureTemplateDialog.h">
      <Filter>Header Files</Filter>
    </QtMoc>
    <QtMoc Include="src\View\SettingsDialog\PracticeDoctorSettings\PracticeDoctorSettings.h">
      <Filter>Header Files</Filter>
    </QtMoc>
    <QtMoc Include="src\View\AddPracticeDialog\AddPracticeDialog.h">
      <Filter>Header Files</Filter>
    </QtMoc>
    <QtMoc Include="src\View\ListView\SurfacePanel\SurfacePanel.h">
      <Filter>Header Files</Filter>
    </QtMoc>
    <QtMoc Include="src\View\TabView\TabTitle.h">
      <Filter>Header Files</Filter>
    </QtMoc>
    <QtMoc Include="src\View\FinancialView\FinancialView.h">
      <Filter>Header Files</Filter>
    </QtMoc>
    <QtMoc Include="src\View\AmbListSelector\Models\FinancialTableModel.h">
      <Filter>Header Files</Filter>
    </QtMoc>
    <QtMoc Include="src\View\FinancialView\BusinessOpEditDialog\BusinessOpEditDialog.h">
      <Filter>Header Files</Filter>
    </QtMoc>
    <QtMoc Include="src\View\FinancialView\BusinessOpAddDialog\BusinessOpAddDialog.h">
      <Filter>Header Files</Filter>
    </QtMoc>
    <QtMoc Include="src\View\PatientSummaryView\TeethView\TeethBuccalScene.h">
      <Filter>Header Files</Filter>
    </QtMoc>
    <QtMoc Include="src\View\PatientSummaryView\TeethView\TeethLingualScene.h">
      <Filter>Header Files</Filter>
    </QtMoc>
    <QtMoc Include="src\View\PerioView\Widgets\ToothButton.h">
      <Filter>Header Files</Filter>
    </QtMoc>
    <QtMoc Include="src\View\uiComponents\qt_derived\HalfRoundedButton.h">
      <Filter>Header Files</Filter>
    </QtMoc>
    <QtMoc Include="src\View\SaveAsDateDialog\SaveAsDateDialog.h">
      <Filter>Header Files</Filter>
    </QtMoc>
    <QtMoc Include="src\View\uiComponents\qt_derived\LeadingZeroSpinBox.h">
      <Filter>Header Files</Filter>
    </QtMoc>
    <QtMoc Include="src\View\PISHistoryDialog\PISHistoryDialog.h">
      <Filter>Header Files</Filter>
    </QtMoc>
    <QtMoc Include="src\View\MonthNotifDialog\MonthNotifDialog.h">
      <Filter>Header Files</Filter>
    </QtMoc>
    <QtMoc Include="src\View\MonthNotifDialog\MonthNotifTableModel.h">
      <Filter>Header Files</Filter>
    </QtMoc>
    <QtMoc Include="src\View\PinPromptDialog\PinPromptDialog.h">
      <Filter>Header Files</Filter>
    </QtMoc>
    <QtMoc Include="src\View\SettingsDialog\GeneralSettings\GeneralSettings.h">
      <Filter>Header Files</Filter>
    </QtMoc>
    <QtMoc Include="src\View\uiComponents\qt_derived\UserButton.h">
      <Filter>Header Files</Filter>
    </QtMoc>
    <QtMoc Include="src\View\KSMPDialog\KSMPDialog.h">
      <Filter>Header Files</Filter>
    </QtMoc>
    <QtMoc Include="src\View\ProcedureDisplayModel\KSMPModel.h">
      <Filter>Header Files</Filter>
    </QtMoc>
    <QtMoc Include="src\View\PerioView\Widgets\PerioStatisticView.h">
      <Filter>Header Files</Filter>
    </QtMoc>
  </ItemGroup>
  <ItemGroup>
    <QtRcc Include="resources\Resource.qrc" />
  </ItemGroup>
  <ItemGroup>
    <QtUic Include="src\View\Torque.ui">
      <Filter>Resource Files</Filter>
    </QtUic>
    <QtUic Include="src\View\PatientDialog\PatientFormDialog.ui">
      <Filter>Form Files</Filter>
    </QtUic>
    <QtUic Include="src\View\ListView\ListView.ui">
      <Filter>Form Files</Filter>
    </QtUic>
    <QtUic Include="src\View\AllergiesDialog\AllergiesDialog.ui">
      <Filter>Form Files</Filter>
    </QtUic>
    <QtUic Include="src\View\saveAsDialog\SaveAsDialog.ui">
      <Filter>Form Files</Filter>
    </QtUic>
    <QtUic Include="src\View\ListView\ControlPanel\ControlPanel.ui">
      <Filter>Form Files</Filter>
    </QtUic>
    <QtUic Include="src\View\ProcedureDialog\ProcedureDialog.ui">
      <Filter>Form Files</Filter>
    </QtUic>
    <QtUic Include="src\View\uiComponents\qt_derived\Widgets\RangeWidget.ui">
      <Filter>Form Files</Filter>
    </QtUic>
    <QtUic Include="src\View\uiComponents\qt_derived\Widgets\SurfaceSelector.ui">
      <Filter>Form Files</Filter>
    </QtUic>
    <QtUic Include="src\View\uiComponents\qt_derived\Widgets\VitaWidget.ui">
      <Filter>Form Files</Filter>
    </QtUic>
    <QtUic Include="src\View\ProcedureDialog\CommonFields\CommonFields.ui">
      <Filter>Form Files</Filter>
    </QtUic>
    <QtUic Include="src\View\ProcedureDialog\ProcedureFields\ObturationView.ui">
      <Filter>Form Files</Filter>
    </QtUic>
    <QtUic Include="src\View\ProcedureDialog\ProcedureFields\CrownView.ui">
      <Filter>Form Files</Filter>
    </QtUic>
    <QtUic Include="src\View\uiComponents\qt_derived\Widgets\ImplantView.ui">
      <Filter>Form Files</Filter>
    </QtUic>
    <QtUic Include="src\View\ProcedureEditDialog\ProcedureEditDialog.ui">
      <Filter>Form Files</Filter>
    </QtUic>
    <QtUic Include="src\View\TabView\TabView.ui">
      <Filter>Form Files</Filter>
    </QtUic>
    <QtUic Include="src\View\AmbListSelector\AmbListSelector.ui">
      <Filter>Form Files</Filter>
    </QtUic>
    <QtUic Include="src\View\DetailsView\DetailedStatus.ui">
      <Filter>Form Files</Filter>
    </QtUic>
    <QtUic Include="src\View\uiComponents\qt_derived\Widgets\PathologyWidget.ui">
      <Filter>Form Files</Filter>
    </QtUic>
    <QtUic Include="src\View\uiComponents\qt_derived\Widgets\CrownWidget.ui">
      <Filter>Form Files</Filter>
    </QtUic>
    <QtUic Include="src\View\uiComponents\qt_derived\Widgets\ObturationWidget.ui">
      <Filter>Form Files</Filter>
    </QtUic>
    <QtUic Include="src\View\uiComponents\qt_derived\Widgets\DentistMadeWidget.ui">
      <Filter>Form Files</Filter>
    </QtUic>
    <QtUic Include="src\View\PerioView\PerioView.ui">
      <Filter>Form Files</Filter>
    </QtUic>
    <QtUic Include="src\View\PerioView\Widgets\PerioStatusView.ui">
      <Filter>Form Files</Filter>
    </QtUic>
    <QtUic Include="src\View\LoginView\LoginView.ui">
      <Filter>Form Files</Filter>
    </QtUic>
    <QtUic Include="src\View\ProcedureDialog\ProcedureFields\FiberSplintView.ui">
      <Filter>Form Files</Filter>
    </QtUic>
    <QtUic Include="src\View\PatientSummaryView\PatientSummary.ui">
      <Filter>Form Files</Filter>
    </QtUic>
    <QtUic Include="src\View\LoginView\PracticeListDialog.ui">
      <Filter>Form Files</Filter>
    </QtUic>
    <QtUic Include="src\View\ReportDialog\ReportDialog.ui">
      <Filter>Form Files</Filter>
    </QtUic>
    <QtUic Include="src\View\DoctorSettingsDialog\DoctorSettingsDialog.ui">
      <Filter>Form Files</Filter>
    </QtUic>
    <QtUic Include="src\View\Printer\ProcedurePrintSelectDialog.ui">
      <Filter>Form Files</Filter>
    </QtUic>
    <QtUic Include="src\View\ReportDialog\ReportErrorDialog\ReportErrorDialog.ui">
      <Filter>Form Files</Filter>
    </QtUic>
    <QtUic Include="src\View\SettingsDialog\SettingsDialog.ui">
      <Filter>Form Files</Filter>
    </QtUic>
    <QtUic Include="src\View\SettingsDialog\PracticeSettings\PracticeSettings.ui">
      <Filter>Form Files</Filter>
    </QtUic>
    <QtUic Include="src\View\SettingsDialog\PriceListSettings\PriceListSettings.ui">
      <Filter>Form Files</Filter>
    </QtUic>
    <QtUic Include="src\View\SettingsDialog\ProcedureTemplateDialog\ProcedureTemplateDialog.ui">
      <Filter>Form Files</Filter>
    </QtUic>
    <QtUic Include="src\View\SettingsDialog\PracticeDoctorSettings\PracticeDoctorSettings.ui">
      <Filter>Form Files</Filter>
    </QtUic>
    <QtUic Include="src\View\AddPracticeDialog\AddPracticeDialog.ui">
      <Filter>Form Files</Filter>
    </QtUic>
    <QtUic Include="src\View\ListView\SurfacePanel\SurfacePanel.ui">
      <Filter>Form Files</Filter>
    </QtUic>
    <QtUic Include="src\View\TabView\TabTitle.ui">
      <Filter>Form Files</Filter>
    </QtUic>
    <QtUic Include="src\View\FinancialView\FinancialView.ui">
      <Filter>Form Files</Filter>
    </QtUic>
    <QtUic Include="src\View\FinancialView\BusinessOpEditDialog\BusinessOpEditDialog.ui">
      <Filter>Form Files</Filter>
    </QtUic>
    <QtUic Include="src\View\FinancialView\BusinessOpAddDialog\BusinessOpAddDialog.ui">
      <Filter>Form Files</Filter>
    </QtUic>
    <QtUic Include="src\View\SaveAsDateDialog\SaveAsDateDialog.ui">
      <Filter>Form Files</Filter>
    </QtUic>
    <QtUic Include="src\View\PISHistoryDialog\PISHistoryDialog.ui">
      <Filter>Form Files</Filter>
    </QtUic>
    <QtUic Include="src\View\MonthNotifDialog\MonthNotifDialog.ui">
      <Filter>Form Files</Filter>
    </QtUic>
    <QtUic Include="src\View\PinPromptDialog\PinPromptDialog.ui">
      <Filter>Form Files</Filter>
    </QtUic>
    <QtUic Include="src\View\SettingsDialog\GeneralSettings\GeneralSettings.ui">
      <Filter>Form Files</Filter>
    </QtUic>
    <QtUic Include="src\View\KSMPDialog\KSMPDialog.ui">
      <Filter>Form Files</Filter>
    </QtUic>
    <QtUic Include="src\View\PerioView\Widgets\PerioStatisticView.ui">
      <Filter>Form Files</Filter>
    </QtUic>
  </ItemGroup>
  <ItemGroup>
    <ClInclude Include="src\Presenter\MainPresenter.h">
      <Filter>Header Files</Filter>
    </ClInclude>
    <ClInclude Include="src\Database\Database.h">
      <Filter>Header Files</Filter>
    </ClInclude>
    <ClInclude Include="src\Model\Patient.h">
      <Filter>Header Files</Filter>
    </ClInclude>
    <ClInclude Include="src\Model\AmbList.h">
      <Filter>Header Files</Filter>
    </ClInclude>
    <ClInclude Include="src\View\IMainView.h">
      <Filter>Header Files</Filter>
    </ClInclude>
    <ClInclude Include="src\Presenter\PatientDialog\PatientDialogPresenter.h">
      <Filter>Header Files</Filter>
    </ClInclude>
    <ClInclude Include="src\View\PatientDialog\IPatientDialog.h">
      <Filter>Header Files</Filter>
    </ClInclude>
    <ClInclude Include="src\Model\Date.h">
      <Filter>Header Files</Filter>
    </ClInclude>
    <ClInclude Include="src\Database\DbPatient.h">
      <Filter>Header Files</Filter>
    </ClInclude>
    <ClInclude Include="src\View\ListView\IListView.h">
      <Filter>Header Files</Filter>
    </ClInclude>
    <ClInclude Include="src\View\uiComponents\qt_derived\Widgets\TileButton.h">
      <Filter>Header Files</Filter>
    </ClInclude>
    <ClInclude Include="src\Presenter\AllergiesDialog\AllergiesDialogPresenter.h">
      <Filter>Header Files</Filter>
    </ClInclude>
    <ClInclude Include="src\View\AllergiesDialog\IAllergiesDialog.h">
      <Filter>Header Files</Filter>
    </ClInclude>
    <ClInclude Include="src\Database\DbAmbList.h">
      <Filter>Header Files</Filter>
    </ClInclude>
    <ClInclude Include="src\Model\CityCode.h">
      <Filter>Header Files</Filter>
    </ClInclude>
    <ClInclude Include="src\Model\Validator\AbstractValidator.h">
      <Filter>Header Files</Filter>
    </ClInclude>
    <ClInclude Include="src\Presenter\ListPresenter\CheckState.h">
      <Filter>Header Files</Filter>
    </ClInclude>
    <ClInclude Include="src\View\ToothPaintDevices\SpriteRect.h">
      <Filter>Header Files</Filter>
    </ClInclude>
    <ClInclude Include="src\View\ListView\TeethView\SelectionBox.h">
      <Filter>Header Files</Filter>
    </ClInclude>
    <ClInclude Include="src\View\ListView\TeethView\ToothGraphicsItem.h">
      <Filter>Header Files</Filter>
    </ClInclude>
    <ClInclude Include="src\Presenter\ListPresenter\SurfacePanel\SurfacePanelPresenter.h">
      <Filter>Header Files</Filter>
    </ClInclude>
    <ClInclude Include="src\Presenter\ListPresenter\SurfacePanel\ButtonSurfaceMatrix.h">
      <Filter>Header Files</Filter>
    </ClInclude>
    <ClInclude Include="src\Presenter\ListPresenter\ListPresenter.h">
      <Filter>Header Files</Filter>
    </ClInclude>
    <ClInclude Include="src\Presenter\ListPresenter\InputEnums.h">
      <Filter>Header Files</Filter>
    </ClInclude>
    <ClInclude Include="src\bridgeTest.h">
      <Filter>Header Files</Filter>
    </ClInclude>
    <ClInclude Include="src\View\ProcedureDialog\IProcedureDialog.h">
      <Filter>Header Files</Filter>
    </ClInclude>
    <ClInclude Include="src\Presenter\ProcedureDialog\ProcedureDialogPresenter.h">
      <Filter>Header Files</Filter>
    </ClInclude>
    <ClInclude Include="src\Model\Procedure\Procedure.h">
      <Filter>Header Files</Filter>
    </ClInclude>
    <ClInclude Include="src\Model\Tooth\Tooth.h">
      <Filter>Header Files</Filter>
    </ClInclude>
    <ClInclude Include="src\Model\Tooth\ToothUtils.h">
      <Filter>Header Files</Filter>
    </ClInclude>
    <ClInclude Include="src\Model\Tooth\Status.h">
      <Filter>Header Files</Filter>
    </ClInclude>
    <ClInclude Include="src\Model\Tooth\Enums.h">
      <Filter>Header Files</Filter>
    </ClInclude>
    <ClInclude Include="src\View\uiComponents\AbstractComboBox.h">
      <Filter>Header Files</Filter>
    </ClInclude>
    <ClInclude Include="src\View\uiComponents\AbstractLabel.h">
      <Filter>Header Files</Filter>
    </ClInclude>
    <ClInclude Include="src\View\uiComponents\AbstractLineEdit.h">
      <Filter>Header Files</Filter>
    </ClInclude>
    <ClInclude Include="src\View\uiComponents\qt_derived\CityLineEdit.h">
      <Filter>Header Files</Filter>
    </ClInclude>
    <ClInclude Include="src\Model\Validator\PatientValidators.h">
      <Filter>Header Files</Filter>
    </ClInclude>
    <ClInclude Include="src\Model\Validator\ProcedureValidators.h">
      <Filter>Header Files</Filter>
    </ClInclude>
    <ClInclude Include="src\View\uiComponents\AbstractUIElement.h">
      <Filter>Header Files</Filter>
    </ClInclude>
    <ClInclude Include="src\View\uiComponents\qt_derived\Widgets\AbstractRangeEdit.h">
      <Filter>Header Files</Filter>
    </ClInclude>
    <ClInclude Include="src\View\uiComponents\AbstractSurfaceSelector.h">
      <Filter>Header Files</Filter>
    </ClInclude>
    <ClInclude Include="src\Model\Procedure\ProcedureTemplate.h">
      <Filter>Header Files</Filter>
    </ClInclude>
    <ClInclude Include="src\View\uiComponents\AbstractSpinBox.h">
      <Filter>Header Files</Filter>
    </ClInclude>
    <ClInclude Include="src\Model\Tooth\SurfStatus.h">
      <Filter>Header Files</Filter>
    </ClInclude>
    <ClInclude Include="src\Database\DbProcedure.h">
      <Filter>Header Files</Filter>
    </ClInclude>
    <ClInclude Include="src\View\ToothPaintDevices\PaintHint.h">
      <Filter>Header Files</Filter>
    </ClInclude>
    <ClInclude Include="src\Presenter\ListPresenter\ToothHintCreator.h">
      <Filter>Header Files</Filter>
    </ClInclude>
    <ClInclude Include="src\View\ProcedureDialog\CommonFields\ICommonFields.h">
      <Filter>Header Files</Filter>
    </ClInclude>
    <ClInclude Include="src\Presenter\ProcedureDialog\SubPresenters\AbstractSubPresenter.h">
      <Filter>Header Files</Filter>
    </ClInclude>
    <ClInclude Include="src\View\ProcedureDialog\ProcedureFields\ICrownView.h">
      <Filter>Header Files</Filter>
    </ClInclude>
    <ClInclude Include="src\View\ProcedureDialog\ProcedureFields\IObturationView.h">
      <Filter>Header Files</Filter>
    </ClInclude>
    <ClInclude Include="src\Presenter\ProcedureDialog\SubPresenters\ObturationPresenter.h">
      <Filter>Header Files</Filter>
    </ClInclude>
    <ClInclude Include="src\Presenter\ProcedureDialog\SubPresenters\CrownPresenter.h">
      <Filter>Header Files</Filter>
    </ClInclude>
    <ClInclude Include="src\Presenter\ProcedureDialog\SubPresenters\ExtractionPresenter.h">
      <Filter>Header Files</Filter>
    </ClInclude>
    <ClInclude Include="src\Presenter\ProcedureDialog\SubPresenters\EndoPresenter.h">
      <Filter>Header Files</Filter>
    </ClInclude>
    <ClInclude Include="src\Presenter\ProcedureDialog\SubPresenters\ImplantPresenter.h">
      <Filter>Header Files</Filter>
    </ClInclude>
    <ClInclude Include="src\Model\Procedure\MasterNZOK.h">
      <Filter>Header Files</Filter>
    </ClInclude>
    <ClInclude Include="src\Model\Procedure\NZOKmaps.h">
      <Filter>Header Files</Filter>
    </ClInclude>
    <ClInclude Include="src\Model\User\UserStructs.h">
      <Filter>Header Files</Filter>
    </ClInclude>
    <ClInclude Include="src\View\ToothPaintDevices\ToothSprite.h">
      <Filter>Header Files</Filter>
    </ClInclude>
    <ClInclude Include="src\Presenter\TabPresenter\TabPresenter.h">
      <Filter>Header Files</Filter>
    </ClInclude>
    <ClInclude Include="src\View\TabView\ITabView.h">
      <Filter>Header Files</Filter>
    </ClInclude>
    <ClInclude Include="src\View\ModalDialogBuilder.h">
      <Filter>Header Files</Filter>
    </ClInclude>
    <ClInclude Include="src\View\uiComponents\qt_derived\Widgets\IImplantView.h">
      <Filter>Header Files</Filter>
    </ClInclude>
    <ClInclude Include="src\Presenter\ProcedureDialog\ProcedureEditorPresenter.h">
      <Filter>Header Files</Filter>
    </ClInclude>
    <ClInclude Include="src\View\ProcedureEditDialog\IProcedureEditDialog.h">
      <Filter>Header Files</Filter>
    </ClInclude>
    <ClInclude Include="src\View\uiComponents\AbstractDateEdit.h">
      <Filter>Header Files</Filter>
    </ClInclude>
    <ClInclude Include="src\Model\Validator\CommonValidators.h">
      <Filter>Header Files</Filter>
    </ClInclude>
    <ClInclude Include="src\Model\Validator\NameValidator.h">
      <Filter>Header Files</Filter>
    </ClInclude>
    <ClInclude Include="src\Model\Validator\DateValidator.h">
      <Filter>Header Files</Filter>
    </ClInclude>
    <ClInclude Include="src\Model\Validator\ProcedureDateValidator.h">
      <Filter>Header Files</Filter>
    </ClInclude>
    <ClInclude Include="src\View\GlobalFunctions.h">
      <Filter>Header Files</Filter>
    </ClInclude>
    <ClInclude Include="src\View\AmbListSelector\IListSelectorView.h">
      <Filter>Header Files</Filter>
    </ClInclude>
    <ClInclude Include="src\Presenter\ListSelector\ListSelectorPresenter.h">
      <Filter>Header Files</Filter>
    </ClInclude>
    <ClInclude Include="src\Model\TableRows.h">
      <Filter>Header Files</Filter>
    </ClInclude>
    <ClInclude Include="src\Model\AmbListValidator.h">
      <Filter>Header Files</Filter>
    </ClInclude>
    <ClInclude Include="src\Model\Procedure\PackageCounter.h">
      <Filter>Header Files</Filter>
    </ClInclude>
    <ClInclude Include="src\Model\Tooth\ToothContainer.h">
      <Filter>Header Files</Filter>
    </ClInclude>
    <ClInclude Include="src\View\DetailsView\IDetailedStatusView.h">
      <Filter>Header Files</Filter>
    </ClInclude>
    <ClInclude Include="src\Model\Tooth\StatusData.h">
      <Filter>Header Files</Filter>
    </ClInclude>
    <ClInclude Include="src\Model\Tooth\DiagnosisContainer.h">
      <Filter>Header Files</Filter>
    </ClInclude>
    <ClInclude Include="src\Presenter\DetailsPresenter\StatusController.h">
      <Filter>Header Files</Filter>
    </ClInclude>
    <ClInclude Include="src\Presenter\DetailsPresenter\DetailedStatusPresenter.h">
      <Filter>Header Files</Filter>
    </ClInclude>
    <ClInclude Include="src\Model\Procedure\TableStructs.h">
      <Filter>Header Files</Filter>
    </ClInclude>
    <ClInclude Include="src\View\ProcedureDisplayModel\QProcedure.h">
      <Filter>Header Files</Filter>
    </ClInclude>
    <ClInclude Include="src\Database\DbNotes.h">
      <Filter>Header Files</Filter>
    </ClInclude>
    <ClInclude Include="src\Model\User\User.h">
      <Filter>Header Files</Filter>
    </ClInclude>
    <ClInclude Include="src\Presenter\TabPresenter\TabInstance.h">
      <Filter>Header Files</Filter>
    </ClInclude>
    <ClInclude Include="src\View\PerioView\PerioGraphics\PerioChartItem.h">
      <Filter>Header Files</Filter>
    </ClInclude>
    <ClInclude Include="src\View\PerioView\PerioGraphics\PerioScene.h">
      <Filter>Header Files</Filter>
    </ClInclude>
    <ClInclude Include="src\Presenter\PerioPresenter\PerioPresenter.h">
      <Filter>Header Files</Filter>
    </ClInclude>
    <ClInclude Include="src\View\PerioView\IPerioView.h">
      <Filter>Header Files</Filter>
    </ClInclude>
    <ClInclude Include="src\Database\DbPerio.h">
      <Filter>Header Files</Filter>
    </ClInclude>
    <ClInclude Include="src\Model\PerioStatus.h">
      <Filter>Header Files</Filter>
    </ClInclude>
    <ClInclude Include="src\View\PerioView\PerioGraphics\PerioGraphicsButton.h">
      <Filter>Header Files</Filter>
    </ClInclude>
    <ClInclude Include="src\View\ToothPaintDevices\ToothPainter.h">
      <Filter>Header Files</Filter>
    </ClInclude>
    <ClInclude Include="src\View\ToothPaintDevices\SpriteSheets.h">
      <Filter>Header Files</Filter>
    </ClInclude>
    <ClInclude Include="src\Model\Tooth\BridgeAlgorithms.h">
      <Filter>Header Files</Filter>
    </ClInclude>
    <ClInclude Include="src\View\PerioView\ToothUi.h">
      <Filter>Header Files</Filter>
    </ClInclude>
    <ClInclude Include="src\Model\PerioToothData.h">
      <Filter>Header Files</Filter>
    </ClInclude>
    <ClInclude Include="src\Model\PerioStatistic.h">
      <Filter>Header Files</Filter>
    </ClInclude>
    <ClInclude Include="src\View\PerioView\PerioGraphics\HexagonGraphicsItem.h">
      <Filter>Header Files</Filter>
    </ClInclude>
    <ClInclude Include="src\Model\Parser\Parser.h">
      <Filter>Header Files</Filter>
    </ClInclude>
    <ClInclude Include="src\View\LoginView\ILoginView.h">
      <Filter>Header Files</Filter>
    </ClInclude>
    <ClInclude Include="src\Presenter\LoginPresenter\LoginPresenter.h">
      <Filter>Header Files</Filter>
    </ClInclude>
    <ClInclude Include="src\View\Printer\Printer.h">
      <Filter>Header Files</Filter>
    </ClInclude>
    <ClInclude Include="src\View\ProcedureDialog\ProcedureFields\IFiberSplintView.h">
      <Filter>Header Files</Filter>
    </ClInclude>
    <ClInclude Include="src\Presenter\ProcedureDialog\SubPresenters\FiberSplintPresenter.h">
      <Filter>Header Files</Filter>
    </ClInclude>
    <ClInclude Include="src\Presenter\ProcedureDialog\SubPresenters\GeneralProcedurePresenter.h">
      <Filter>Header Files</Filter>
    </ClInclude>
    <ClInclude Include="src\Presenter\ProcedureDialog\SubPresenters\ToothProcedurePresenter.h">
      <Filter>Header Files</Filter>
    </ClInclude>
    <ClInclude Include="src\Presenter\PatientSummaryPresenter\PatientSummaryPresenter.h">
      <Filter>Header Files</Filter>
    </ClInclude>
    <ClInclude Include="src\View\PatientSummaryView\IPatientSummaryView.h">
      <Filter>Header Files</Filter>
    </ClInclude>
    <ClInclude Include="src\Database\DbListOpener.h">
      <Filter>Header Files</Filter>
    </ClInclude>
    <ClInclude Include="src\Database\DbPatientSummary.h">
      <Filter>Header Files</Filter>
    </ClInclude>
    <ClInclude Include="src\Model\TimeFrame.h">
      <Filter>Header Files</Filter>
    </ClInclude>
    <ClInclude Include="src\Libraries\JsonCpp\json.h">
      <Filter>Header Files</Filter>
    </ClInclude>
    <ClInclude Include="src\Libraries\JsonCpp\json-forwards.h">
      <Filter>Header Files</Filter>
    </ClInclude>
    <ClInclude Include="src\Libraries\sqLite\sqlite3.h">
      <Filter>Header Files</Filter>
    </ClInclude>
    <ClInclude Include="src\Libraries\sqLite\sqlite3ext.h">
      <Filter>Header Files</Filter>
    </ClInclude>
    <ClInclude Include="src\Libraries\TinyXML\tinystr.h">
      <Filter>Header Files</Filter>
    </ClInclude>
    <ClInclude Include="src\Libraries\TinyXML\tinyxml.h">
      <Filter>Header Files</Filter>
    </ClInclude>
    <ClInclude Include="src\Model\XML\xml.h">
      <Filter>Header Files</Filter>
    </ClInclude>
    <ClInclude Include="src\View\ReportDialog\ReportDialogResult.h">
      <Filter>Header Files</Filter>
    </ClInclude>
    <ClInclude Include="src\Presenter\DoctorDialogPresenter\DoctorDialogPresenter.h">
      <Filter>Header Files</Filter>
    </ClInclude>
    <ClInclude Include="src\View\DoctorSettingsDialog\IDoctorSettingsDialog.h">
      <Filter>Header Files</Filter>
    </ClInclude>
    <ClInclude Include="src\Model\Validator\LpkValidator.h">
      <Filter>Header Files</Filter>
    </ClInclude>
    <ClInclude Include="src\Model\Financial\Invoice.h">
      <Filter>Header Files</Filter>
    </ClInclude>
    <ClInclude Include="src\View\FinancialView\BusinessOperationModel.h">
      <Filter>Header Files</Filter>
    </ClInclude>
    <ClInclude Include="src\Presenter\SettingsPresenter\PracticeSettingsPresenter.h">
      <Filter>Header Files</Filter>
    </ClInclude>
    <ClInclude Include="src\View\SettingsDialog\PracticeSettings\IPacticeSettings.h">
      <Filter>Header Files</Filter>
    </ClInclude>
    <ClInclude Include="src\Model\FreeFunctions.h">
      <Filter>Header Files</Filter>
    </ClInclude>
    <ClInclude Include="src\Presenter\SettingsPresenter\PriceListSettingsPresenter.h">
      <Filter>Header Files</Filter>
    </ClInclude>
    <ClInclude Include="src\View\SettingsDialog\PriceListSettings\IPriceListSettings.h">
      <Filter>Header Files</Filter>
    </ClInclude>
    <ClInclude Include="src\Model\Validator\RziValidaor.h">
      <Filter>Header Files</Filter>
    </ClInclude>
    <ClInclude Include="src\Model\Validator\NzokContractValidator.h">
      <Filter>Header Files</Filter>
    </ClInclude>
    <ClInclude Include="src\Presenter\SettingsPresenter\SettingsMainPresenter.h">
      <Filter>Header Files</Filter>
    </ClInclude>
    <ClInclude Include="src\View\SettingsDialog\ISettingsDialog.h">
      <Filter>Header Files</Filter>
    </ClInclude>
    <ClInclude Include="src\Model\Validator\BulstatValidator.h">
      <Filter>Header Files</Filter>
    </ClInclude>
    <ClInclude Include="src\Presenter\SettingsPresenter\PracticeDoctorSettingsPresenter.h">
      <Filter>Header Files</Filter>
    </ClInclude>
    <ClInclude Include="src\View\SettingsDialog\PracticeDoctorSettings\IPracticeDoctorSettings.h">
      <Filter>Header Files</Filter>
    </ClInclude>
    <ClInclude Include="src\View\AddPracticeDialog\IAddPracticeDialog.h">
      <Filter>Header Files</Filter>
    </ClInclude>
    <ClInclude Include="src\Presenter\AddPracticePresenter\AddPracticePresenter.h">
      <Filter>Header Files</Filter>
    </ClInclude>
    <ClInclude Include="src\View\Theme.h">
      <Filter>Header Files</Filter>
    </ClInclude>
    <ClInclude Include="src\View\ListView\SurfacePanel\ControlPanelPolygon.h">
      <Filter>Header Files</Filter>
    </ClInclude>
    <ClInclude Include="src\View\ListView\SurfacePanel\CPTooth.h">
      <Filter>Header Files</Filter>
    </ClInclude>
    <ClInclude Include="src\View\ListView\SurfacePanel\ISurfacePanel.h">
      <Filter>Header Files</Filter>
    </ClInclude>
    <ClInclude Include="src\Database\DbDoctor.h">
      <Filter>Header Files</Filter>
    </ClInclude>
    <ClInclude Include="src\Database\DbPractice.h">
      <Filter>Header Files</Filter>
    </ClInclude>
    <ClInclude Include="src\Model\Financial\NzokInvoiceData.h">
      <Filter>Header Files</Filter>
    </ClInclude>
    <ClInclude Include="src\Model\Financial\Recipient.h">
      <Filter>Header Files</Filter>
    </ClInclude>
    <ClInclude Include="src\Model\Financial\Issuer.h">
      <Filter>Header Files</Filter>
    </ClInclude>
    <ClInclude Include="src\Presenter\FinancialPresenter\FinancialPresenter.h">
      <Filter>Header Files</Filter>
    </ClInclude>
    <ClInclude Include="src\View\FinancialView\FinancialTileButton.h">
      <Filter>Header Files</Filter>
    </ClInclude>
    <ClInclude Include="src\View\FinancialView\IFinancialView.h">
      <Filter>Header Files</Filter>
    </ClInclude>
    <ClInclude Include="src\Database\DbInvoice.h">
      <Filter>Header Files</Filter>
    </ClInclude>
    <ClInclude Include="src\Model\Financial\BusinessOperation.h">
      <Filter>Header Files</Filter>
    </ClInclude>
    <ClInclude Include="src\Model\Crypto\CryptoEngine.h">
      <Filter>Header Files</Filter>
    </ClInclude>
    <ClInclude Include="src\Network\Base64Convert.h">
      <Filter>Header Files</Filter>
    </ClInclude>
    <ClInclude Include="src\Network\Network.h">
      <Filter>Header Files</Filter>
    </ClInclude>
    <ClInclude Include="src\Network\PKCS11.h">
      <Filter>Header Files</Filter>
    </ClInclude>
    <ClInclude Include="src\Network\PISServ.h">
      <Filter>Header Files</Filter>
    </ClInclude>
    <ClInclude Include="include\JsonCpp\json.h">
      <Filter>Header Files</Filter>
    </ClInclude>
    <ClInclude Include="include\JsonCpp\json-forwards.h">
      <Filter>Header Files</Filter>
    </ClInclude>
    <ClInclude Include="include\TinyXML\tinystr.h">
      <Filter>Header Files</Filter>
    </ClInclude>
    <ClInclude Include="include\TinyXML\tinyxml.h">
      <Filter>Header Files</Filter>
    </ClInclude>
    <ClInclude Include="include\sqLite\sqlite3.h">
      <Filter>Header Files</Filter>
    </ClInclude>
    <ClInclude Include="include\sqLite\sqlite3ext.h">
      <Filter>Header Files</Filter>
    </ClInclude>
    <ClInclude Include="src\Network\XmlSigner.h">
      <Filter>Header Files</Filter>
    </ClInclude>
    <ClInclude Include="src\Network\ReplyHandlers\AbstractReplyHandler.h">
      <Filter>Header Files</Filter>
    </ClInclude>
    <ClInclude Include="src\Network\ReplyHandlers\HirbnoReplyHandler.h">
      <Filter>Header Files</Filter>
    </ClInclude>
    <ClInclude Include="src\Network\ReplyHandlers\DentalActivitiesHandler.h">
      <Filter>Header Files</Filter>
    </ClInclude>
    <ClInclude Include="src\Network\ReplyHandlers\NotifListHandler.h">
      <Filter>Header Files</Filter>
    </ClInclude>
    <ClInclude Include="src\Model\Financial\MonthNotifRow.h">
      <Filter>Header Files</Filter>
    </ClInclude>
    <ClInclude Include="src\Model\Financial\FinancialEnums.h">
      <Filter>Header Files</Filter>
    </ClInclude>
    <ClInclude Include="src\Presenter\MonthNotifLoader.h">
      <Filter>Header Files</Filter>
    </ClInclude>
    <ClInclude Include="src\Network\ReplyHandlers\MonthNotifDataHandler.h">
      <Filter>Header Files</Filter>
    </ClInclude>
    <ClInclude Include="src\Presenter\ReportDialogPresenter\ReportDialogPresenter.h">
      <Filter>Header Files</Filter>
    </ClInclude>
    <ClInclude Include="src\View\ReportDialog\IReportDialog.h">
      <Filter>Header Files</Filter>
    </ClInclude>
    <ClInclude Include="src\Network\ReplyHandlers\NraReplyHandler.h">
      <Filter>Header Files</Filter>
    </ClInclude>
    <ClInclude Include="src\Model\InsuranceStatus.h">
      <Filter>Header Files</Filter>
    </ClInclude>
    <ClInclude Include="src\Network\ReplyHandlers\FileSentHandler.h">
      <Filter>Header Files</Filter>
    </ClInclude>
    <ClInclude Include="src\Model\Settings.h">
      <Filter>Header Files</Filter>
    </ClInclude>
    <ClInclude Include="src\View\ListView\TeethView\DsnToothGraphicsItem.h">
      <Filter>Header Files</Filter>
    </ClInclude>
    <ClInclude Include="src\Model\KSMP.h">
      <Filter>Header Files</Filter>
    </ClInclude>
    <ClInclude Include="src\Presenter\ProcedureDialog\SubPresenters\EditorPresenter.h">
      <Filter>Header Files</Filter>
    </ClInclude>
    <ClInclude Include="src\Presenter\ProcedureDialog\SubPresenters\BridgeHelper.h">
      <Filter>Header Files</Filter>
    </ClInclude>
  </ItemGroup>
</Project>