<?xml version="1.0" encoding="utf-8"?>
<Project ToolsVersion="4.0" xmlns="http://schemas.microsoft.com/developer/msbuild/2003">
  <ItemGroup>
    <Filter Include="Source Files">
      <UniqueIdentifier>{4FC737F1-C7A5-4376-A066-2A32D752A2FF}</UniqueIdentifier>
      <Extensions>cpp;c;cc;cxx;def;odl;idl;hpj;bat;asm;asmx</Extensions>
    </Filter>
    <Filter Include="Header Files">
      <UniqueIdentifier>{93995380-89BD-4b04-88EB-625FBE52EBFB}</UniqueIdentifier>
      <Extensions>h;hh;hpp;hxx;hm;inl;inc;xsd</Extensions>
    </Filter>
    <Filter Include="Resource Files">
      <UniqueIdentifier>{67DA6AB6-F800-4c08-8B7A-83BB121AAD01}</UniqueIdentifier>
      <Extensions>rc;ico;cur;bmp;dlg;rc2;rct;bin;rgs;gif;jpg;jpeg;jpe;resx;tiff;tif;png;wav;mfcribbon-ms</Extensions>
    </Filter>
    <Filter Include="Form Files">
      <UniqueIdentifier>{99349809-55BA-4b9d-BF79-8FDBB0286EB3}</UniqueIdentifier>
      <Extensions>ui</Extensions>
    </Filter>
    <Filter Include="Resource Files">
      <UniqueIdentifier>{D9D6E242-F8AF-46E4-B9FD-80ECBC20BA3E}</UniqueIdentifier>
      <Extensions>qrc;*</Extensions>
      <ParseFiles>false</ParseFiles>
    </Filter>
  </ItemGroup>
  <ItemGroup>
    <ClCompile Include="src\View\Torque.cpp">
      <Filter>Source Files</Filter>
    </ClCompile>
    <ClCompile Include="src\View\AmbListPage\AmbListPage.cpp">
      <Filter>Source Files</Filter>
    </ClCompile>
    <ClCompile Include="src\Presenter\AmbListPagePresenter.cpp">
      <Filter>Source Files</Filter>
    </ClCompile>
    <ClCompile Include="src\Database\Database.cpp">
      <Filter>Source Files</Filter>
    </ClCompile>
    <ClCompile Include="src\Presenter\PatientDialog\PatientDialogPresenter.cpp">
      <Filter>Source Files</Filter>
    </ClCompile>
    <ClCompile Include="src\View\PatientDialog\PatientFormDialog.cpp">
      <Filter>Source Files</Filter>
    </ClCompile>
    <ClCompile Include="src\Model\Date.cpp">
      <Filter>Source Files</Filter>
    </ClCompile>
    <ClCompile Include="src\Database\DbPatient.cpp">
      <Filter>Source Files</Filter>
    </ClCompile>
    <ClCompile Include="src\main.cpp">
      <Filter>Source Files</Filter>
    </ClCompile>
    <ClCompile Include="src\View\AmbListPage\TabView\TabBar.cpp">
      <Filter>Source Files</Filter>
    </ClCompile>
    <ClCompile Include="src\View\ListView\ListView.cpp">
      <Filter>Source Files</Filter>
    </ClCompile>
    <ClCompile Include="src\View\ListView\tilebutton.cpp">
      <Filter>Source Files</Filter>
    </ClCompile>
    <ClCompile Include="src\Presenter\AllergiesDialog\AllergiesDialogPresenter.cpp">
      <Filter>Source Files</Filter>
    </ClCompile>
    <ClCompile Include="src\View\AllergiesDialog\AllergiesDialog.cpp">
      <Filter>Source Files</Filter>
    </ClCompile>
    <ClCompile Include="src\View\saveAsDialog\SaveAsDialog.cpp">
      <Filter>Source Files</Filter>
    </ClCompile>
    <ClCompile Include="src\Database\DbAmbList.cpp">
      <Filter>Source Files</Filter>
    </ClCompile>
    <ClCompile Include="src\View\saveDialog\SaveDialog.cpp">
      <Filter>Source Files</Filter>
    </ClCompile>
    <ClCompile Include="src\View\saveAsDialog\MnogoTypSpinBox.cpp">
      <Filter>Source Files</Filter>
    </ClCompile>
    <ClCompile Include="src\Model\CityCode.cpp">
      <Filter>Source Files</Filter>
    </ClCompile>
    <ClCompile Include="src\View\ListView\ControlPanel\ControlPanel.cpp">
      <Filter>Source Files</Filter>
    </ClCompile>
    <ClCompile Include="src\View\ListView\ControlPanel\StatusButton.cpp">
      <Filter>Source Files</Filter>
    </ClCompile>
    <ClCompile Include="src\View\ToothPaintDevices\SpriteRect.cpp">
      <Filter>Source Files</Filter>
    </ClCompile>
    <ClCompile Include="src\View\ListView\TeethView\ContextMenu.cpp">
      <Filter>Source Files</Filter>
    </ClCompile>
    <ClCompile Include="src\View\ListView\TeethView\SelectionBox.cpp">
      <Filter>Source Files</Filter>
    </ClCompile>
    <ClCompile Include="src\View\ListView\TeethView\TeethViewScene.cpp">
      <Filter>Source Files</Filter>
    </ClCompile>
    <ClCompile Include="src\View\ListView\TeethView\ToothGraphicsItem.cpp">
      <Filter>Source Files</Filter>
    </ClCompile>
    <ClCompile Include="src\View\ListView\SurfacePanel\SurfacePanel.cpp">
      <Filter>Source Files</Filter>
    </ClCompile>
    <ClCompile Include="src\View\ListView\SurfacePanel\CPTooth.cpp">
      <Filter>Source Files</Filter>
    </ClCompile>
    <ClCompile Include="src\View\ListView\SurfacePanel\ControlPanelPolygon.cpp">
      <Filter>Source Files</Filter>
    </ClCompile>
    <ClCompile Include="src\Presenter\ListPresenter\SurfacePanel\SurfacePanelPresenter.cpp">
      <Filter>Source Files</Filter>
    </ClCompile>
    <ClCompile Include="src\Presenter\ListPresenter\SurfacePanel\ButtonSurfaceMatrix.cpp">
      <Filter>Source Files</Filter>
    </ClCompile>
    <ClCompile Include="src\Presenter\ListPresenter\ListPresenter.cpp">
      <Filter>Source Files</Filter>
    </ClCompile>
    <ClCompile Include="src\View\ProcedureDialog\ProcedureDialog.cpp">
      <Filter>Source Files</Filter>
    </ClCompile>
    <ClCompile Include="src\Presenter\ProcedureDialog\ProcedureDialogPresenter.cpp">
      <Filter>Source Files</Filter>
    </ClCompile>
    <ClCompile Include="src\View\ProcedureDialog\ProcedureModel.cpp">
      <Filter>Source Files</Filter>
    </ClCompile>
    <ClCompile Include="src\Model\Tooth\ToothUtils.cpp">
      <Filter>Source Files</Filter>
    </ClCompile>
    <ClCompile Include="src\Model\Tooth\Tooth.cpp">
      <Filter>Source Files</Filter>
    </ClCompile>
    <ClCompile Include="src\Model\Tooth\ToothParser.cpp">
      <Filter>Source Files</Filter>
    </ClCompile>
    <ClCompile Include="src\View\uiComponents\AbstractLineEdit.cpp">
      <Filter>Source Files</Filter>
    </ClCompile>
    <ClCompile Include="src\View\uiComponents\qt_derived\CityLineEdit.cpp">
      <Filter>Source Files</Filter>
    </ClCompile>
    <ClCompile Include="src\View\uiComponents\qt_derived\ComboBox.cpp">
      <Filter>Source Files</Filter>
    </ClCompile>
    <ClCompile Include="src\View\uiComponents\qt_derived\DateEdit.cpp">
      <Filter>Source Files</Filter>
    </ClCompile>
    <ClCompile Include="src\View\uiComponents\qt_derived\LineEdit.cpp">
      <Filter>Source Files</Filter>
    </ClCompile>
    <ClCompile Include="src\Model\Validator\PatientValidators.cpp">
      <Filter>Source Files</Filter>
    </ClCompile>
    <ClCompile Include="src\Model\Validator\ProcedureValidators.cpp">
      <Filter>Source Files</Filter>
    </ClCompile>
    <ClCompile Include="src\View\uiComponents\AbstractUIElement.cpp">
      <Filter>Source Files</Filter>
    </ClCompile>
    <ClCompile Include="src\View\uiComponents\qt_derived\Widgets\RangeWidget.cpp">
      <Filter>Source Files</Filter>
    </ClCompile>
    <ClCompile Include="src\View\uiComponents\qt_derived\TextEdit.cpp">
      <Filter>Source Files</Filter>
    </ClCompile>
    <ClCompile Include="src\View\uiComponents\qt_derived\Widgets\SurfaceSelector.cpp">
      <Filter>Source Files</Filter>
    </ClCompile>
    <ClCompile Include="src\View\ProcedureDisplayModel\ProcedureTable.cpp">
      <Filter>Source Files</Filter>
    </ClCompile>
    <ClCompile Include="src\View\ProcedureDisplayModel\ProcedureTableModel.cpp">
      <Filter>Source Files</Filter>
    </ClCompile>
    <ClCompile Include="src\View\uiComponents\qt_derived\SpinBox.cpp">
      <Filter>Source Files</Filter>
    </ClCompile>
    <ClCompile Include="src\View\ListView\TeethView\GraphicsView.cpp">
      <Filter>Source Files</Filter>
    </ClCompile>
    <ClCompile Include="src\Model\Procedure\ProcedureParser.cpp">
      <Filter>Source Files</Filter>
    </ClCompile>
    <ClCompile Include="src\Database\DbProcedure.cpp">
      <Filter>Source Files</Filter>
    </ClCompile>
    <ClCompile Include="src\Presenter\ListPresenter\ToothHintCreator.cpp">
      <Filter>Source Files</Filter>
    </ClCompile>
    <ClCompile Include="src\View\uiComponents\qt_derived\Widgets\VitaWidget.cpp">
      <Filter>Source Files</Filter>
    </ClCompile>
    <ClCompile Include="src\View\ProcedureDialog\CommonFields\CommonFields.cpp">
      <Filter>Source Files</Filter>
    </ClCompile>
    <ClCompile Include="src\View\uiComponents\qt_derived\Widgets\ObturationView.cpp">
      <Filter>Source Files</Filter>
    </ClCompile>
    <ClCompile Include="src\View\uiComponents\qt_derived\Widgets\CrownView.cpp">
      <Filter>Source Files</Filter>
    </ClCompile>
    <ClCompile Include="src\Presenter\ProcedureDialog\SubPresenters\ObturationPresenter.cpp">
      <Filter>Source Files</Filter>
    </ClCompile>
    <ClCompile Include="src\Presenter\ProcedureDialog\SubPresenters\CrownPresenter.cpp">
      <Filter>Source Files</Filter>
    </ClCompile>
    <ClCompile Include="src\Presenter\ProcedureDialog\SubPresenters\TeethMPresenter.cpp">
      <Filter>Source Files</Filter>
    </ClCompile>
    <ClCompile Include="src\Presenter\ProcedureDialog\SubPresenters\GeneralMPresenter.cpp">
      <Filter>Source Files</Filter>
    </ClCompile>
    <ClCompile Include="src\Presenter\ProcedureDialog\SubPresenters\ExtractionPresenter.cpp">
      <Filter>Source Files</Filter>
    </ClCompile>
    <ClCompile Include="src\Presenter\ProcedureDialog\SubPresenters\EndoPresenter.cpp">
      <Filter>Source Files</Filter>
    </ClCompile>
    <ClCompile Include="src\Presenter\ProcedureDialog\SubPresenters\ImplantPresenter.cpp">
      <Filter>Source Files</Filter>
    </ClCompile>
    <ClCompile Include="src\Model\Procedure\MasterNZOK.cpp">
      <Filter>Source Files</Filter>
    </ClCompile>
    <ClCompile Include="src\Model\Patient.cpp">
      <Filter>Source Files</Filter>
    </ClCompile>
    <ClCompile Include="src\Model\Procedure\CustomProcedures.cpp">
      <Filter>Source Files</Filter>
    </ClCompile>
    <ClCompile Include="src\Presenter\TabPresenter\TabPresenter.cpp">
      <Filter>Source Files</Filter>
    </ClCompile>
    <ClCompile Include="src\View\ModalDialogBuilder.cpp">
      <Filter>Source Files</Filter>
    </ClCompile>
    <ClCompile Include="src\View\uiComponents\qt_derived\Widgets\ImplantView.cpp">
      <Filter>Source Files</Filter>
    </ClCompile>
    <ClCompile Include="src\View\uiComponents\qt_derived\NameEdit.cpp">
      <Filter>Source Files</Filter>
    </ClCompile>
    <ClCompile Include="src\View\ProcedureEditDialog\ProcedureEditDialog.cpp">
      <Filter>Source Files</Filter>
    </ClCompile>
    <ClCompile Include="src\Presenter\ProcedureDialog\ProcedureEditorPresenter.cpp">
      <Filter>Source Files</Filter>
    </ClCompile>
    <ClCompile Include="src\Model\Validator\DateValidator.cpp">
      <Filter>Source Files</Filter>
    </ClCompile>
    <ClCompile Include="src\View\uiComponents\AbstractDateEdit.cpp">
      <Filter>Source Files</Filter>
    </ClCompile>
    <ClCompile Include="src\Model\Validator\CommonValidators.cpp">
      <Filter>Source Files</Filter>
    </ClCompile>
    <ClCompile Include="src\Model\Validator\NameValidator.cpp">
      <Filter>Source Files</Filter>
    </ClCompile>
    <ClCompile Include="src\View\AmbListPage\TabView\TabView.cpp">
      <Filter>Source Files</Filter>
    </ClCompile>
    <ClCompile Include="src\Model\Validator\ProcedureDateValidator.cpp">
      <Filter>Source Files</Filter>
    </ClCompile>
    <ClCompile Include="src\View\GlobalFunctions.cpp">
      <Filter>Source Files</Filter>
    </ClCompile>
    <ClCompile Include="src\View\AmbListSelector\AmbListSelector.cpp">
      <Filter>Source Files</Filter>
    </ClCompile>
    <ClCompile Include="src\Presenter\ListSelector\ListSelectorPresenter.cpp">
      <Filter>Source Files</Filter>
    </ClCompile>
    <ClCompile Include="src\View\AmbListSelector\ListsTableModel.cpp">
      <Filter>Source Files</Filter>
    </ClCompile>
    <ClCompile Include="src\View\AmbListSelector\ListTable.cpp">
      <Filter>Source Files</Filter>
    </ClCompile>
    <ClCompile Include="src\Model\AmbListValidator.cpp">
      <Filter>Source Files</Filter>
    </ClCompile>
    <ClCompile Include="src\View\ErrorMessage.cpp">
      <Filter>Source Files</Filter>
    </ClCompile>
    <ClCompile Include="src\Model\Procedure\PackageCounter.cpp">
      <Filter>Source Files</Filter>
    </ClCompile>
    <ClCompile Include="src\JsonCpp\jsoncpp.cpp">
      <Filter>Source Files</Filter>
    </ClCompile>
    <ClCompile Include="src\View\Printer\Printer.cpp">
      <Filter>Source Files</Filter>
    </ClCompile>
    <ClCompile Include="src\View\Printer\ProcedurePrintModel.cpp">
      <Filter>Source Files</Filter>
    </ClCompile>
    <ClCompile Include="src\Model\Tooth\ToothContainer.cpp">
      <Filter>Source Files</Filter>
    </ClCompile>
    <ClCompile Include="src\Presenter\ListPresenter\CheckState.cpp">
      <Filter>Source Files</Filter>
    </ClCompile>
    <ClCompile Include="src\Model\Procedure\Procedure.cpp">
      <Filter>Source Files</Filter>
    </ClCompile>
    <ClCompile Include="src\View\DetailsView\DetailedStatus.cpp">
      <Filter>Source Files</Filter>
    </ClCompile>
    <ClCompile Include="src\View\uiComponents\qt_derived\Widgets\PathologyWidget.cpp">
      <Filter>Source Files</Filter>
    </ClCompile>
    <ClCompile Include="src\View\uiComponents\qt_derived\Widgets\CrownWidget.cpp">
      <Filter>Source Files</Filter>
    </ClCompile>
    <ClCompile Include="src\View\uiComponents\qt_derived\Widgets\ObturationWidget.cpp">
      <Filter>Source Files</Filter>
    </ClCompile>
    <ClCompile Include="src\View\uiComponents\qt_derived\Widgets\DentistMadeWidget.cpp">
      <Filter>Source Files</Filter>
    </ClCompile>
    <ClCompile Include="src\Database\sqLite\shell.c">
      <Filter>Source Files</Filter>
    </ClCompile>
    <ClCompile Include="src\Database\sqLite\sqlite3.c">
      <Filter>Source Files</Filter>
    </ClCompile>
    <ClCompile Include="src\Model\Tooth\DiagnosisContainer.cpp">
      <Filter>Source Files</Filter>
    </ClCompile>
    <ClCompile Include="src\Presenter\DetailsPresenter\StatusController.cpp">
      <Filter>Source Files</Filter>
    </ClCompile>
    <ClCompile Include="src\Presenter\DetailsPresenter\DetailedStatusPresenter.cpp">
      <Filter>Source Files</Filter>
    </ClCompile>
    <ClCompile Include="src\Database\DbTooth.cpp">
      <Filter>Source Files</Filter>
    </ClCompile>
    <ClCompile Include="src\View\ProcedureDisplayModel\QProcedure.cpp">
      <Filter>Source Files</Filter>
    </ClCompile>
    <ClCompile Include="src\View\uiComponents\qt_derived\PixmapLabel.cpp">
      <Filter>Source Files</Filter>
    </ClCompile>
    <ClCompile Include="src\Database\DbNotes.cpp">
      <Filter>Source Files</Filter>
    </ClCompile>
    <ClCompile Include="src\Model\User\UserManager.cpp">
      <Filter>Source Files</Filter>
    </ClCompile>
    <ClCompile Include="src\View\PerioView\PerioView.cpp">
      <Filter>Source Files</Filter>
    </ClCompile>
    <ClCompile Include="src\View\PerioView\Widgets\PerioStateButton.cpp">
      <Filter>Source Files</Filter>
    </ClCompile>
    <ClCompile Include="src\View\PerioView\Widgets\PerioButton.cpp">
      <Filter>Source Files</Filter>
    </ClCompile>
    <ClCompile Include="src\View\PerioView\Widgets\PerioSpinBox.cpp">
      <Filter>Source Files</Filter>
    </ClCompile>
    <ClCompile Include="src\View\PerioView\PerioView\PerioChartItem.cpp">
      <Filter>Source Files</Filter>
    </ClCompile>
    <ClCompile Include="src\View\PerioView\PerioView\PerioScene.cpp">
      <Filter>Source Files</Filter>
    </ClCompile>
    <ClCompile Include="src\Presenter\PerioPresenter\PerioPresenter.cpp">
      <Filter>Source Files</Filter>
    </ClCompile>
    <ClCompile Include="src\Database\DbPerio.cpp">
      <Filter>Source Files</Filter>
    </ClCompile>
    <ClCompile Include="src\View\PerioView\Widgets\FurcationWidget.cpp">
      <Filter>Source Files</Filter>
    </ClCompile>
    <ClCompile Include="src\View\PerioView\Widgets\PerioStatusView.cpp">
      <Filter>Source Files</Filter>
    </ClCompile>
    <ClCompile Include="src\View\PerioView\PerioView\PerioGraphicsButton.cpp">
      <Filter>Source Files</Filter>
    </ClCompile>
    <ClCompile Include="src\View\ToothPaintDevices\ToothPainter.cpp">
      <Filter>Source Files</Filter>
    </ClCompile>
    <ClCompile Include="src\View\ToothPaintDevices\SpriteSheets.cpp">
      <Filter>Source Files</Filter>
    </ClCompile>
  </ItemGroup>
  <ItemGroup>
    <QtMoc Include="src\View\Torque.h">
      <Filter>Header Files</Filter>
    </QtMoc>
    <QtMoc Include="src\View\AmbListPage\AmbListPage.h">
      <Filter>Header Files</Filter>
    </QtMoc>
    <QtMoc Include="src\View\PatientDialog\PatientFormDialog.h">
      <Filter>Header Files</Filter>
    </QtMoc>
    <QtMoc Include="src\View\AmbListPage\TabView\TabBar.h">
      <Filter>Header Files</Filter>
    </QtMoc>
    <QtMoc Include="src\View\ListView\ListView.h">
      <Filter>Header Files</Filter>
    </QtMoc>
    <QtMoc Include="src\View\AllergiesDialog\AllergiesDialog.h">
      <Filter>Header Files</Filter>
    </QtMoc>
    <QtMoc Include="src\View\saveAsDialog\SaveAsDialog.h">
      <Filter>Header Files</Filter>
    </QtMoc>
    <QtMoc Include="src\View\saveDialog\SaveDialog.h">
      <Filter>Header Files</Filter>
    </QtMoc>
    <QtMoc Include="src\View\saveAsDialog\MnogoTypSpinBox.h">
      <Filter>Header Files</Filter>
    </QtMoc>
    <QtMoc Include="src\View\ListView\ControlPanel\ControlPanel.h">
      <Filter>Header Files</Filter>
    </QtMoc>
    <QtMoc Include="src\View\ListView\ControlPanel\StatusButton.h">
      <Filter>Header Files</Filter>
    </QtMoc>
    <QtMoc Include="src\View\ListView\TeethView\ContextMenu.h">
      <Filter>Header Files</Filter>
    </QtMoc>
    <QtMoc Include="src\View\ListView\TeethView\TeethViewScene.h">
      <Filter>Header Files</Filter>
    </QtMoc>
    <QtMoc Include="src\View\ListView\SurfacePanel\SurfacePanel.h">
      <Filter>Header Files</Filter>
    </QtMoc>
    <QtMoc Include="src\View\ProcedureDialog\ProcedureDialog.h">
      <Filter>Header Files</Filter>
    </QtMoc>
    <QtMoc Include="src\View\ProcedureDialog\ProcedureModel.h">
      <Filter>Header Files</Filter>
    </QtMoc>
    <QtMoc Include="src\View\uiComponents\qt_derived\ComboBox.h">
      <Filter>Header Files</Filter>
    </QtMoc>
    <QtMoc Include="src\View\uiComponents\qt_derived\DateEdit.h">
      <Filter>Header Files</Filter>
    </QtMoc>
    <QtMoc Include="src\View\uiComponents\qt_derived\LineEdit.h">
      <Filter>Header Files</Filter>
    </QtMoc>
    <QtMoc Include="src\View\uiComponents\qt_derived\Widgets\RangeWidget.h">
      <Filter>Header Files</Filter>
    </QtMoc>
    <QtMoc Include="src\View\uiComponents\qt_derived\TextEdit.h">
      <Filter>Header Files</Filter>
    </QtMoc>
    <QtMoc Include="src\View\uiComponents\qt_derived\Widgets\SurfaceSelector.h">
      <Filter>Header Files</Filter>
    </QtMoc>
    <QtMoc Include="src\View\ProcedureDisplayModel\ProcedureTable.h">
      <Filter>Header Files</Filter>
    </QtMoc>
    <QtMoc Include="src\View\ProcedureDisplayModel\ProcedureTableModel.h">
      <Filter>Header Files</Filter>
    </QtMoc>
    <QtMoc Include="src\View\uiComponents\qt_derived\SpinBox.h">
      <Filter>Header Files</Filter>
    </QtMoc>
    <QtMoc Include="src\View\ListView\TeethView\GraphicsView.h">
      <Filter>Header Files</Filter>
    </QtMoc>
    <QtMoc Include="src\View\uiComponents\qt_derived\Widgets\VitaWidget.h">
      <Filter>Header Files</Filter>
    </QtMoc>
    <QtMoc Include="src\View\ProcedureDialog\CommonFields\CommonFields.h">
      <Filter>Header Files</Filter>
    </QtMoc>
    <QtMoc Include="src\View\uiComponents\qt_derived\Widgets\ObturationView.h">
      <Filter>Header Files</Filter>
    </QtMoc>
    <QtMoc Include="src\View\uiComponents\qt_derived\Widgets\CrownView.h">
      <Filter>Header Files</Filter>
    </QtMoc>
    <QtMoc Include="src\View\uiComponents\qt_derived\Widgets\ImplantView.h">
      <Filter>Header Files</Filter>
    </QtMoc>
    <QtMoc Include="src\View\uiComponents\qt_derived\NameEdit.h">
      <Filter>Header Files</Filter>
    </QtMoc>
    <QtMoc Include="src\View\ProcedureEditDialog\ProcedureEditDialog.h">
      <Filter>Header Files</Filter>
    </QtMoc>
    <QtMoc Include="src\View\AmbListPage\TabView\TabView.h">
      <Filter>Header Files</Filter>
    </QtMoc>
    <QtMoc Include="src\View\AmbListSelector\AmbListSelector.h">
      <Filter>Header Files</Filter>
    </QtMoc>
    <QtMoc Include="src\View\AmbListSelector\ListsTableModel.h">
      <Filter>Header Files</Filter>
    </QtMoc>
    <QtMoc Include="src\View\AmbListSelector\ListTable.h">
      <Filter>Header Files</Filter>
    </QtMoc>
    <QtMoc Include="src\View\DetailsView\DetailedStatus.h">
      <Filter>Header Files</Filter>
    </QtMoc>
    <QtMoc Include="src\View\uiComponents\qt_derived\Widgets\PathologyWidget.h">
      <Filter>Header Files</Filter>
    </QtMoc>
    <QtMoc Include="src\View\uiComponents\qt_derived\Widgets\CrownWidget.h">
      <Filter>Header Files</Filter>
    </QtMoc>
    <QtMoc Include="src\View\uiComponents\qt_derived\Widgets\ObturationWidget.h">
      <Filter>Header Files</Filter>
    </QtMoc>
    <QtMoc Include="src\View\uiComponents\qt_derived\Widgets\DentistMadeWidget.h">
      <Filter>Header Files</Filter>
    </QtMoc>
    <QtMoc Include="src\View\uiComponents\qt_derived\PixmapLabel.h">
      <Filter>Header Files</Filter>
    </QtMoc>
    <QtMoc Include="src\View\PerioView\PerioView.h">
      <Filter>Header Files</Filter>
    </QtMoc>
    <QtMoc Include="src\View\PerioView\Widgets\PerioStateButton.h">
      <Filter>Header Files</Filter>
    </QtMoc>
    <QtMoc Include="src\View\PerioView\Widgets\PerioButton.h">
      <Filter>Header Files</Filter>
    </QtMoc>
    <QtMoc Include="src\View\PerioView\Widgets\PerioSpinBox.h">
      <Filter>Header Files</Filter>
    </QtMoc>
    <QtMoc Include="src\View\PerioView\Widgets\FurcationWidget.h">
      <Filter>Header Files</Filter>
    </QtMoc>
    <QtMoc Include="src\View\PerioView\Widgets\PerioStatusView.h">
      <Filter>Header Files</Filter>
    </QtMoc>
  </ItemGroup>
  <ItemGroup>
    <QtRcc Include="src\View\Torque.qrc">
      <Filter>Resource Files</Filter>
    </QtRcc>
  </ItemGroup>
  <ItemGroup>
    <QtUic Include="src\View\Torque.ui">
      <Filter>Resource Files</Filter>
    </QtUic>
    <QtUic Include="src\View\AmbListPage\AmbListPage.ui">
      <Filter>Form Files</Filter>
    </QtUic>
    <QtUic Include="src\View\PatientDialog\PatientFormDialog.ui">
      <Filter>Form Files</Filter>
    </QtUic>
    <QtUic Include="src\View\ListView\ListView.ui">
      <Filter>Form Files</Filter>
    </QtUic>
    <QtUic Include="src\View\AllergiesDialog\AllergiesDialog.ui">
      <Filter>Form Files</Filter>
    </QtUic>
    <QtUic Include="src\View\saveAsDialog\SaveAsDialog.ui">
      <Filter>Form Files</Filter>
    </QtUic>
    <QtUic Include="src\View\ListView\ControlPanel\ControlPanel.ui">
      <Filter>Form Files</Filter>
    </QtUic>
    <QtUic Include="src\View\ListView\SurfacePanel\SurfacePanel.ui">
      <Filter>Form Files</Filter>
    </QtUic>
    <QtUic Include="src\View\ProcedureDialog\ProcedureDialog.ui">
      <Filter>Form Files</Filter>
    </QtUic>
    <QtUic Include="src\View\uiComponents\qt_derived\Widgets\RangeWidget.ui">
      <Filter>Form Files</Filter>
    </QtUic>
    <QtUic Include="src\View\uiComponents\qt_derived\Widgets\SurfaceSelector.ui">
      <Filter>Form Files</Filter>
    </QtUic>
    <QtUic Include="src\View\uiComponents\qt_derived\Widgets\VitaWidget.ui">
      <Filter>Form Files</Filter>
    </QtUic>
    <QtUic Include="src\View\ProcedureDialog\CommonFields\CommonFields.ui">
      <Filter>Form Files</Filter>
    </QtUic>
    <QtUic Include="src\View\uiComponents\qt_derived\Widgets\ObturationView.ui">
      <Filter>Form Files</Filter>
    </QtUic>
    <QtUic Include="src\View\uiComponents\qt_derived\Widgets\CrownView.ui">
      <Filter>Form Files</Filter>
    </QtUic>
    <QtUic Include="src\View\uiComponents\qt_derived\Widgets\ImplantView.ui">
      <Filter>Form Files</Filter>
    </QtUic>
    <QtUic Include="src\View\ProcedureEditDialog\ProcedureEditDialog.ui">
      <Filter>Form Files</Filter>
    </QtUic>
    <QtUic Include="src\View\AmbListPage\TabView\TabView.ui">
      <Filter>Form Files</Filter>
    </QtUic>
    <QtUic Include="src\View\AmbListSelector\AmbListSelector.ui">
      <Filter>Form Files</Filter>
    </QtUic>
    <QtUic Include="src\View\DetailsView\DetailedStatus.ui">
      <Filter>Form Files</Filter>
    </QtUic>
    <QtUic Include="src\View\uiComponents\qt_derived\Widgets\PathologyWidget.ui">
      <Filter>Form Files</Filter>
    </QtUic>
    <QtUic Include="src\View\uiComponents\qt_derived\Widgets\CrownWidget.ui">
      <Filter>Form Files</Filter>
    </QtUic>
    <QtUic Include="src\View\uiComponents\qt_derived\Widgets\ObturationWidget.ui">
      <Filter>Form Files</Filter>
    </QtUic>
    <QtUic Include="src\View\uiComponents\qt_derived\Widgets\DentistMadeWidget.ui">
      <Filter>Form Files</Filter>
    </QtUic>
    <QtUic Include="src\View\PerioView\PerioView.ui">
      <Filter>Form Files</Filter>
    </QtUic>
    <QtUic Include="src\View\PerioView\Widgets\PerioStatusView.ui">
      <Filter>Form Files</Filter>
    </QtUic>
  </ItemGroup>
  <ItemGroup>
    <ClInclude Include="src\Presenter\AmbListPagePresenter.h">
      <Filter>Header Files</Filter>
    </ClInclude>
    <ClInclude Include="src\Database\Database.h">
      <Filter>Header Files</Filter>
    </ClInclude>
    <ClInclude Include="src\Model\Patient.h">
      <Filter>Header Files</Filter>
    </ClInclude>
    <ClInclude Include="src\Model\AmbList.h">
      <Filter>Header Files</Filter>
    </ClInclude>
    <ClInclude Include="src\View\AmbListPage\IAmbListPage.h">
      <Filter>Header Files</Filter>
    </ClInclude>
    <ClInclude Include="src\Presenter\PatientDialog\PatientDialogPresenter.h">
      <Filter>Header Files</Filter>
    </ClInclude>
    <ClInclude Include="src\View\PatientDialog\IPatientDialog.h">
      <Filter>Header Files</Filter>
    </ClInclude>
    <ClInclude Include="src\Model\Date.h">
      <Filter>Header Files</Filter>
    </ClInclude>
    <ClInclude Include="src\Database\DbPatient.h">
      <Filter>Header Files</Filter>
    </ClInclude>
    <ClInclude Include="src\View\ListView\IListView.h">
      <Filter>Header Files</Filter>
    </ClInclude>
    <ClInclude Include="src\View\ListView\tilebutton.h">
      <Filter>Header Files</Filter>
    </ClInclude>
    <ClInclude Include="src\Presenter\AllergiesDialog\AllergiesDialogPresenter.h">
      <Filter>Header Files</Filter>
    </ClInclude>
    <ClInclude Include="src\View\AllergiesDialog\IAllergiesDialog.h">
      <Filter>Header Files</Filter>
    </ClInclude>
    <ClInclude Include="src\Database\DbAmbList.h">
      <Filter>Header Files</Filter>
    </ClInclude>
    <ClInclude Include="src\Model\CityCode.h">
      <Filter>Header Files</Filter>
    </ClInclude>
    <ClInclude Include="src\Model\Validator\AbstractValidator.h">
      <Filter>Header Files</Filter>
    </ClInclude>
    <ClInclude Include="src\Presenter\ListPresenter\CheckState.h">
      <Filter>Header Files</Filter>
    </ClInclude>
    <ClInclude Include="src\View\ToothPaintDevices\SpriteRect.h">
      <Filter>Header Files</Filter>
    </ClInclude>
    <ClInclude Include="src\View\ListView\TeethView\SelectionBox.h">
      <Filter>Header Files</Filter>
    </ClInclude>
    <ClInclude Include="src\View\ListView\TeethView\ToothGraphicsItem.h">
      <Filter>Header Files</Filter>
    </ClInclude>
    <ClInclude Include="src\View\ListView\SurfacePanel\ControlPanelPolygon.h">
      <Filter>Header Files</Filter>
    </ClInclude>
    <ClInclude Include="src\View\ListView\SurfacePanel\CPTooth.h">
      <Filter>Header Files</Filter>
    </ClInclude>
    <ClInclude Include="src\Presenter\ListPresenter\SurfacePanel\SurfacePanelPresenter.h">
      <Filter>Header Files</Filter>
    </ClInclude>
    <ClInclude Include="src\View\ListView\SurfacePanel\ISurfacePanel.h">
      <Filter>Header Files</Filter>
    </ClInclude>
    <ClInclude Include="src\Presenter\ListPresenter\SurfacePanel\ButtonSurfaceMatrix.h">
      <Filter>Header Files</Filter>
    </ClInclude>
    <ClInclude Include="src\Presenter\ListPresenter\ListPresenter.h">
      <Filter>Header Files</Filter>
    </ClInclude>
    <ClInclude Include="src\Presenter\ListPresenter\InputEnums.h">
      <Filter>Header Files</Filter>
    </ClInclude>
    <ClInclude Include="src\bridgeTest.h">
      <Filter>Header Files</Filter>
    </ClInclude>
    <ClInclude Include="src\View\ProcedureDialog\IProcedureDialog.h">
      <Filter>Header Files</Filter>
    </ClInclude>
    <ClInclude Include="src\Presenter\ProcedureDialog\ProcedureDialogPresenter.h">
      <Filter>Header Files</Filter>
    </ClInclude>
    <ClInclude Include="src\Model\Procedure\Procedure.h">
      <Filter>Header Files</Filter>
    </ClInclude>
    <ClInclude Include="src\Model\Tooth\Tooth.h">
      <Filter>Header Files</Filter>
    </ClInclude>
    <ClInclude Include="src\Model\Tooth\ToothParser.h">
      <Filter>Header Files</Filter>
    </ClInclude>
    <ClInclude Include="src\Model\Tooth\ToothUtils.h">
      <Filter>Header Files</Filter>
    </ClInclude>
    <ClInclude Include="src\Model\Tooth\Status.h">
      <Filter>Header Files</Filter>
    </ClInclude>
    <ClInclude Include="src\Model\Tooth\Enums.h">
      <Filter>Header Files</Filter>
    </ClInclude>
    <ClInclude Include="src\View\uiComponents\AbstractComboBox.h">
      <Filter>Header Files</Filter>
    </ClInclude>
    <ClInclude Include="src\View\uiComponents\AbstractLabel.h">
      <Filter>Header Files</Filter>
    </ClInclude>
    <ClInclude Include="src\View\uiComponents\AbstractLineEdit.h">
      <Filter>Header Files</Filter>
    </ClInclude>
    <ClInclude Include="src\View\uiComponents\qt_derived\CityLineEdit.h">
      <Filter>Header Files</Filter>
    </ClInclude>
    <ClInclude Include="src\Model\Validator\PatientValidators.h">
      <Filter>Header Files</Filter>
    </ClInclude>
    <ClInclude Include="src\Model\Validator\ProcedureValidators.h">
      <Filter>Header Files</Filter>
    </ClInclude>
    <ClInclude Include="src\View\uiComponents\AbstractUIElement.h">
      <Filter>Header Files</Filter>
    </ClInclude>
    <ClInclude Include="src\View\uiComponents\qt_derived\Widgets\AbstractRangeEdit.h">
      <Filter>Header Files</Filter>
    </ClInclude>
    <ClInclude Include="src\View\uiComponents\AbstractSurfaceSelector.h">
      <Filter>Header Files</Filter>
    </ClInclude>
    <ClInclude Include="src\Model\Procedure\ProcedureTemplate.h">
      <Filter>Header Files</Filter>
    </ClInclude>
    <ClInclude Include="src\Database\AbstractORM.h">
      <Filter>Header Files</Filter>
    </ClInclude>
    <ClInclude Include="src\View\uiComponents\AbstractSpinBox.h">
      <Filter>Header Files</Filter>
    </ClInclude>
    <ClInclude Include="src\Model\Tooth\SurfStatus.h">
      <Filter>Header Files</Filter>
    </ClInclude>
    <ClInclude Include="src\Model\Procedure\ProcedureParser.h">
      <Filter>Header Files</Filter>
    </ClInclude>
    <ClInclude Include="src\Database\DbProcedure.h">
      <Filter>Header Files</Filter>
    </ClInclude>
    <ClInclude Include="src\View\ToothPaintDevices\PaintHint.h">
      <Filter>Header Files</Filter>
    </ClInclude>
    <ClInclude Include="src\Presenter\ListPresenter\ToothHintCreator.h">
      <Filter>Header Files</Filter>
    </ClInclude>
    <ClInclude Include="src\View\ProcedureDialog\CommonFields\ICommonFields.h">
      <Filter>Header Files</Filter>
    </ClInclude>
    <ClInclude Include="src\Presenter\ProcedureDialog\SubPresenters\GeneralMPresenter.h">
      <Filter>Header Files</Filter>
    </ClInclude>
    <ClInclude Include="src\View\uiComponents\qt_derived\Widgets\ICrownView.h">
      <Filter>Header Files</Filter>
    </ClInclude>
    <ClInclude Include="src\View\uiComponents\qt_derived\Widgets\IObturationView.h">
      <Filter>Header Files</Filter>
    </ClInclude>
    <ClInclude Include="src\Presenter\ProcedureDialog\SubPresenters\ObturationPresenter.h">
      <Filter>Header Files</Filter>
    </ClInclude>
    <ClInclude Include="src\Presenter\ProcedureDialog\SubPresenters\CrownPresenter.h">
      <Filter>Header Files</Filter>
    </ClInclude>
    <ClInclude Include="src\Presenter\ProcedureDialog\SubPresenters\TeethMPresenter.h">
      <Filter>Header Files</Filter>
    </ClInclude>
    <ClInclude Include="src\Presenter\ProcedureDialog\SubPresenters\ExtractionPresenter.h">
      <Filter>Header Files</Filter>
    </ClInclude>
    <ClInclude Include="src\Presenter\ProcedureDialog\SubPresenters\EndoPresenter.h">
      <Filter>Header Files</Filter>
    </ClInclude>
    <ClInclude Include="src\Presenter\ProcedureDialog\SubPresenters\ImplantPresenter.h">
      <Filter>Header Files</Filter>
    </ClInclude>
    <ClInclude Include="src\Model\Procedure\MasterNZOK.h">
      <Filter>Header Files</Filter>
    </ClInclude>
    <ClInclude Include="src\Model\Procedure\NZOKmaps.h">
      <Filter>Header Files</Filter>
    </ClInclude>
    <ClInclude Include="src\Model\User\User.h">
      <Filter>Header Files</Filter>
    </ClInclude>
    <ClInclude Include="src\View\ListView\IStatusView.h">
      <Filter>Header Files</Filter>
    </ClInclude>
    <ClInclude Include="src\Model\Procedure\CustomProcedures.h">
      <Filter>Header Files</Filter>
    </ClInclude>
    <ClInclude Include="src\View\ListView\IProcedureView.h">
      <Filter>Header Files</Filter>
    </ClInclude>
    <ClInclude Include="src\View\ToothPaintDevices\ToothSprite.h">
      <Filter>Header Files</Filter>
    </ClInclude>
    <ClInclude Include="src\Presenter\TabPresenter\TabPresenter.h">
      <Filter>Header Files</Filter>
    </ClInclude>
    <ClInclude Include="src\View\AmbListPage\TabView\ITabView.h">
      <Filter>Header Files</Filter>
    </ClInclude>
    <ClInclude Include="src\View\ModalDialogBuilder.h">
      <Filter>Header Files</Filter>
    </ClInclude>
    <ClInclude Include="src\View\uiComponents\qt_derived\Widgets\IImplantView.h">
      <Filter>Header Files</Filter>
    </ClInclude>
    <ClInclude Include="src\Presenter\ProcedureDialog\ProcedureEditorPresenter.h">
      <Filter>Header Files</Filter>
    </ClInclude>
    <ClInclude Include="src\View\ProcedureEditDialog\IProcedureEditDialog.h">
      <Filter>Header Files</Filter>
    </ClInclude>
    <ClInclude Include="src\View\uiComponents\AbstractDateEdit.h">
      <Filter>Header Files</Filter>
    </ClInclude>
    <ClInclude Include="src\Model\Validator\CommonValidators.h">
      <Filter>Header Files</Filter>
    </ClInclude>
    <ClInclude Include="src\Model\Validator\NameValidator.h">
      <Filter>Header Files</Filter>
    </ClInclude>
    <ClInclude Include="src\Model\Validator\DateValidator.h">
      <Filter>Header Files</Filter>
    </ClInclude>
    <ClInclude Include="src\Model\Validator\ProcedureDateValidator.h">
      <Filter>Header Files</Filter>
    </ClInclude>
    <ClInclude Include="src\View\GlobalFunctions.h">
      <Filter>Header Files</Filter>
    </ClInclude>
    <ClInclude Include="src\View\AmbListSelector\IListSelectorView.h">
      <Filter>Header Files</Filter>
    </ClInclude>
    <ClInclude Include="src\Presenter\ListSelector\ListSelectorPresenter.h">
      <Filter>Header Files</Filter>
    </ClInclude>
    <ClInclude Include="src\Model\AmbListRow.h">
      <Filter>Header Files</Filter>
    </ClInclude>
    <ClInclude Include="src\Model\AmbListValidator.h">
      <Filter>Header Files</Filter>
    </ClInclude>
    <ClInclude Include="src\View\ErrorMessage.h">
      <Filter>Header Files</Filter>
    </ClInclude>
    <ClInclude Include="src\Model\Procedure\PackageCounter.h">
      <Filter>Header Files</Filter>
    </ClInclude>
    <ClInclude Include="src\JsonCpp\json.h">
      <Filter>Header Files</Filter>
    </ClInclude>
    <ClInclude Include="src\JsonCpp\json-forwards.h">
      <Filter>Header Files</Filter>
    </ClInclude>
    <ClInclude Include="src\View\Printer\Printer.h">
      <Filter>Header Files</Filter>
    </ClInclude>
    <ClInclude Include="src\View\Printer\ProcedurePrintModel.h">
      <Filter>Header Files</Filter>
    </ClInclude>
    <ClInclude Include="src\Model\Tooth\ToothContainer.h">
      <Filter>Header Files</Filter>
    </ClInclude>
    <ClInclude Include="src\View\DetailsView\IDetailedStatusView.h">
      <Filter>Header Files</Filter>
    </ClInclude>
    <ClInclude Include="src\Model\Tooth\StatusData.h">
      <Filter>Header Files</Filter>
    </ClInclude>
    <ClInclude Include="src\Database\sqLite\sqlite3.h">
      <Filter>Header Files</Filter>
    </ClInclude>
    <ClInclude Include="src\Database\sqLite\sqlite3ext.h">
      <Filter>Header Files</Filter>
    </ClInclude>
    <ClInclude Include="src\Model\Tooth\DiagnosisContainer.h">
      <Filter>Header Files</Filter>
    </ClInclude>
    <ClInclude Include="src\Presenter\DetailsPresenter\StatusController.h">
      <Filter>Header Files</Filter>
    </ClInclude>
    <ClInclude Include="src\Presenter\DetailsPresenter\DetailedStatusPresenter.h">
      <Filter>Header Files</Filter>
    </ClInclude>
    <ClInclude Include="src\Database\DbTooth.h">
      <Filter>Header Files</Filter>
    </ClInclude>
    <ClInclude Include="src\Model\Procedure\TableStructs.h">
      <Filter>Header Files</Filter>
    </ClInclude>
    <ClInclude Include="src\View\ProcedureDisplayModel\QProcedure.h">
      <Filter>Header Files</Filter>
    </ClInclude>
    <ClInclude Include="src\Database\DbNotes.h">
      <Filter>Header Files</Filter>
    </ClInclude>
    <ClInclude Include="src\Model\User\UserManager.h">
      <Filter>Header Files</Filter>
    </ClInclude>
    <ClInclude Include="src\Presenter\TabPresenter\TabInstance.h">
      <Filter>Header Files</Filter>
    </ClInclude>
    <ClInclude Include="src\View\PerioView\Widgets\Measurment.h">
      <Filter>Header Files</Filter>
    </ClInclude>
    <ClInclude Include="src\View\PerioView\PerioView\PerioChartItem.h">
      <Filter>Header Files</Filter>
    </ClInclude>
    <ClInclude Include="src\View\PerioView\PerioView\PerioScene.h">
      <Filter>Header Files</Filter>
    </ClInclude>
    <ClInclude Include="src\Presenter\PerioPresenter\PerioPresenter.h">
      <Filter>Header Files</Filter>
    </ClInclude>
    <ClInclude Include="src\View\PerioView\IPerioView.h">
      <Filter>Header Files</Filter>
    </ClInclude>
    <ClInclude Include="src\Database\DbPerio.h">
      <Filter>Header Files</Filter>
    </ClInclude>
    <ClInclude Include="src\Model\PerioStatus.h">
      <Filter>Header Files</Filter>
    </ClInclude>
    <ClInclude Include="src\View\PerioView\PerioView\PerioGraphicsButton.h">
      <Filter>Header Files</Filter>
    </ClInclude>
    <ClInclude Include="src\View\ToothPaintDevices\ToothPainter.h">
      <Filter>Header Files</Filter>
    </ClInclude>
    <ClInclude Include="src\View\ToothPaintDevices\SpriteSheets.h">
      <Filter>Header Files</Filter>
    </ClInclude>
  </ItemGroup>
</Project>